{
  "version": 4,
  "terraform_version": "1.12.1",
  "serial": 857,
  "lineage": "5f699d38-52c5-9969-c0dc-06b05e1b93cd",
  "outputs": {},
  "resources": [
    {
      "mode": "data",
      "type": "aws_eks_cluster_auth",
      "name": "eks",
      "provider": "provider[\"registry.terraform.io/hashicorp/aws\"]",
      "instances": [
        {
          "schema_version": 0,
          "attributes": {
            "id": "msa-eks",
            "name": "msa-eks",
            "token": "k8s-aws-v1.aHR0cHM6Ly9zdHMuYXAtbm9ydGhlYXN0LTIuYW1hem9uYXdzLmNvbS8_QWN0aW9uPUdldENhbGxlcklkZW50aXR5JlZlcnNpb249MjAxMS0wNi0xNSZYLUFtei1BbGdvcml0aG09QVdTNC1ITUFDLVNIQTI1NiZYLUFtei1DcmVkZW50aWFsPUFLSUE0NDVHVFNVS1dNVFpYMk5TJTJGMjAyNTA1MjglMkZhcC1ub3J0aGVhc3QtMiUyRnN0cyUyRmF3czRfcmVxdWVzdCZYLUFtei1EYXRlPTIwMjUwNTI4VDEwMjU1MVomWC1BbXotRXhwaXJlcz0wJlgtQW16LVNpZ25lZEhlYWRlcnM9aG9zdCUzQngtazhzLWF3cy1pZCZYLUFtei1TaWduYXR1cmU9Yzg1MDJlN2Q3YmMxM2JmOTM1OTY1MTliMmE5OTI5YjM1ZTIwNDMzYmEzYmYwMjdlMGQ0NTM5MGVkOWYyYjk5ZA"
          },
          "sensitive_attributes": [
            [
              {
                "type": "get_attr",
                "value": "token"
              }
            ]
          ],
          "identity_schema_version": 0
        }
      ]
    },
    {
      "mode": "data",
      "type": "aws_subnets",
      "name": "private",
      "provider": "provider[\"registry.terraform.io/hashicorp/aws\"]",
      "instances": [
        {
          "schema_version": 0,
          "attributes": {
            "filter": [
              {
                "name": "vpc-id",
                "values": [
                  "vpc-0cd8b6ff7b3cf7986"
                ]
              }
            ],
            "id": "ap-northeast-2",
            "ids": [
              "subnet-0fabc7156b9d3f0d4",
              "subnet-08bd52249deec883f",
              "subnet-026c642c5226eaca7",
              "subnet-00732c9394578d24c",
              "subnet-034d4d1c932fbe08b",
              "subnet-021ca031cd9f38c3c"
            ],
            "tags": null,
            "timeouts": null
          },
          "sensitive_attributes": [],
          "identity_schema_version": 0
        }
      ]
    },
    {
      "mode": "data",
      "type": "aws_subnets",
      "name": "public",
      "provider": "provider[\"registry.terraform.io/hashicorp/aws\"]",
      "instances": [
        {
          "schema_version": 0,
          "attributes": {
            "filter": [
              {
                "name": "vpc-id",
                "values": [
                  "vpc-0cd8b6ff7b3cf7986"
                ]
              }
            ],
            "id": "ap-northeast-2",
            "ids": [
              "subnet-0fabc7156b9d3f0d4",
              "subnet-08bd52249deec883f",
              "subnet-026c642c5226eaca7",
              "subnet-00732c9394578d24c",
              "subnet-034d4d1c932fbe08b",
              "subnet-021ca031cd9f38c3c"
            ],
            "tags": null,
            "timeouts": null
          },
          "sensitive_attributes": [],
          "identity_schema_version": 0
        }
      ]
    },
    {
      "mode": "data",
      "type": "aws_vpc",
      "name": "existing",
      "provider": "provider[\"registry.terraform.io/hashicorp/aws\"]",
      "instances": [
        {
          "schema_version": 0,
          "attributes": {
            "arn": "arn:aws:ec2:ap-northeast-2:886723286293:vpc/vpc-0cd8b6ff7b3cf7986",
            "cidr_block": "10.10.10.0/24",
            "cidr_block_associations": [
              {
                "association_id": "vpc-cidr-assoc-0346237d6fc77a789",
                "cidr_block": "10.10.10.0/24",
                "state": "associated"
              }
            ],
            "default": false,
            "dhcp_options_id": "dopt-0936219da13c2bb22",
            "enable_dns_hostnames": true,
            "enable_dns_support": true,
            "enable_network_address_usage_metrics": false,
            "filter": [
              {
                "name": "tag:Name",
                "values": [
                  "msa-vpc"
                ]
              }
            ],
            "id": "vpc-0cd8b6ff7b3cf7986",
            "instance_tenancy": "default",
            "ipv6_association_id": "",
            "ipv6_cidr_block": "",
            "main_route_table_id": "rtb-03acb77e4c830253d",
            "owner_id": "886723286293",
            "state": null,
            "tags": {
              "Name": "msa-vpc"
            },
            "timeouts": null
          },
          "sensitive_attributes": [],
          "identity_schema_version": 0
        }
      ]
    },
    {
      "mode": "managed",
      "type": "null_resource",
      "name": "wait_for_cluster",
      "provider": "provider[\"registry.terraform.io/hashicorp/null\"]",
      "instances": [
        {
          "schema_version": 0,
          "attributes": {
            "id": "3515536020943977889",
            "triggers": null
          },
          "sensitive_attributes": [],
          "identity_schema_version": 0,
          "dependencies": [
            "data.aws_subnets.private",
            "data.aws_subnets.public",
            "data.aws_vpc.existing",
            "module.eks.aws_eks_access_entry.iam_user_admin",
            "module.eks.aws_eks_access_policy_association.iam_user_admin_policy",
            "module.eks.aws_eks_cluster.msa_eks",
            "module.eks.aws_eks_node_group.msa_ng",
            "module.eks.aws_iam_openid_connect_provider.oidc",
            "module.eks.aws_iam_role.msa_eks_role",
            "module.eks.aws_iam_role.msa_nodegroup_role",
            "module.eks.aws_iam_role_policy_attachment.ebs_csi_policy",
            "module.eks.aws_iam_role_policy_attachment.msa-ng-AmazonEC2ContainerRegistryReadOnly",
            "module.eks.aws_iam_role_policy_attachment.msa-ng-AmazonEKSWorkerNodePolicy",
            "module.eks.aws_iam_role_policy_attachment.msa-ng-AmazonEKS_CNI_Policy",
            "module.eks.aws_iam_role_policy_attachment.msa_eks_role_attachment",
            "module.eks.data.aws_caller_identity.current"
          ],
          "create_before_destroy": true
        }
      ]
    },
    {
      "module": "module.eks",
      "mode": "data",
      "type": "aws_caller_identity",
      "name": "current",
      "provider": "provider[\"registry.terraform.io/hashicorp/aws\"]",
      "instances": [
        {
          "schema_version": 0,
          "attributes": {
            "account_id": "886723286293",
            "arn": "arn:aws:iam::886723286293:user/user",
            "id": "886723286293",
            "user_id": "AIDA445GTSUKQENRAH2EI"
          },
          "sensitive_attributes": [],
          "identity_schema_version": 0
        }
      ]
    },
    {
      "module": "module.eks",
      "mode": "managed",
      "type": "aws_eks_access_entry",
      "name": "iam_user_admin",
      "provider": "provider[\"registry.terraform.io/hashicorp/aws\"]",
      "instances": [
        {
          "schema_version": 0,
          "attributes": {
            "access_entry_arn": "arn:aws:eks:ap-northeast-2:886723286293:access-entry/msa-eks/user/886723286293/user/78cb8b2d-876c-de03-1bc6-9662417622c7",
            "cluster_name": "msa-eks",
            "created_at": "2025-05-28T10:05:55Z",
            "id": "msa-eks:arn:aws:iam::886723286293:user/user",
            "kubernetes_groups": [],
            "modified_at": "2025-05-28T10:05:55Z",
            "principal_arn": "arn:aws:iam::886723286293:user/user",
            "tags": {},
            "tags_all": {},
            "timeouts": null,
            "type": "STANDARD",
            "user_name": "arn:aws:iam::886723286293:user/user"
          },
          "sensitive_attributes": [],
          "identity_schema_version": 0,
          "private": "eyJlMmJmYjczMC1lY2FhLTExZTYtOGY4OC0zNDM2M2JjN2M0YzAiOnsiY3JlYXRlIjo2MDAwMDAwMDAwMDAsImRlbGV0ZSI6NjAwMDAwMDAwMDAwfX0=",
          "dependencies": [
            "data.aws_subnets.private",
            "data.aws_vpc.existing",
            "module.eks.aws_eks_cluster.msa_eks",
            "module.eks.aws_iam_role.msa_eks_role",
            "module.eks.aws_iam_role_policy_attachment.msa_eks_role_attachment",
            "module.eks.data.aws_caller_identity.current"
          ],
          "create_before_destroy": true
        }
      ]
    },
    {
      "module": "module.eks",
      "mode": "managed",
      "type": "aws_eks_access_policy_association",
      "name": "iam_user_admin_policy",
      "provider": "provider[\"registry.terraform.io/hashicorp/aws\"]",
      "instances": [
        {
          "schema_version": 0,
          "attributes": {
            "access_scope": [
              {
                "namespaces": [],
                "type": "cluster"
              }
            ],
            "associated_at": "2025-05-28 10:05:56.482 +0000 UTC",
            "cluster_name": "msa-eks",
            "id": "msa-eks#arn:aws:iam::886723286293:user/user#arn:aws:eks::aws:cluster-access-policy/AmazonEKSClusterAdminPolicy",
            "modified_at": "2025-05-28 10:05:56.482 +0000 UTC",
            "policy_arn": "arn:aws:eks::aws:cluster-access-policy/AmazonEKSClusterAdminPolicy",
            "principal_arn": "arn:aws:iam::886723286293:user/user",
            "timeouts": null
          },
          "sensitive_attributes": [],
          "identity_schema_version": 0,
          "private": "eyJlMmJmYjczMC1lY2FhLTExZTYtOGY4OC0zNDM2M2JjN2M0YzAiOnsiY3JlYXRlIjo2MDAwMDAwMDAwMDAsImRlbGV0ZSI6NjAwMDAwMDAwMDAwfX0=",
          "dependencies": [
            "data.aws_subnets.private",
            "data.aws_vpc.existing",
            "module.eks.aws_eks_access_entry.iam_user_admin",
            "module.eks.aws_eks_cluster.msa_eks",
            "module.eks.aws_iam_role.msa_eks_role",
            "module.eks.aws_iam_role_policy_attachment.msa_eks_role_attachment",
            "module.eks.data.aws_caller_identity.current"
          ],
          "create_before_destroy": true
        }
      ]
    },
    {
      "module": "module.eks",
      "mode": "managed",
      "type": "aws_eks_cluster",
      "name": "msa_eks",
      "provider": "provider[\"registry.terraform.io/hashicorp/aws\"]",
      "instances": [
        {
          "schema_version": 1,
          "attributes": {
            "access_config": [
              {
                "authentication_mode": "API",
                "bootstrap_cluster_creator_admin_permissions": false
              }
            ],
            "arn": "arn:aws:eks:ap-northeast-2:886723286293:cluster/msa-eks",
            "bootstrap_self_managed_addons": true,
            "certificate_authority": [
              {
                "data": "LS0tLS1CRUdJTiBDRVJUSUZJQ0FURS0tLS0tCk1JSURCVENDQWUyZ0F3SUJBZ0lJQkZLWkgyZ1BJZFF3RFFZSktvWklodmNOQVFFTEJRQXdGVEVUTUJFR0ExVUUKQXhNS2EzVmlaWEp1WlhSbGN6QWVGdzB5TlRBMU1qZ3dNekV4TVRGYUZ3MHpOVEExTWpZd016RTJNVEZhTUJVeApFekFSQmdOVkJBTVRDbXQxWW1WeWJtVjBaWE13Z2dFaU1BMEdDU3FHU0liM0RRRUJBUVVBQTRJQkR3QXdnZ0VLCkFvSUJBUURNcWZKYkRBbmN6cEt2R2M0QnBFaDA3UFg2clVYWmpHVzdwdHRSTUxlV1ZsTGZoZkR2WHVZNEtzVFcKUURQdUVUVU55Q280MHc4ZHpPTXNZb0d1d1hzUnpsclRLZ3NpbHIvRC9IL3BvUjFWV0tBWVlWNloxbGcvQ1h3dgpSbDNIM0MxQWlnMytXS1RDWXdsMnhweU4vSUZsd3NkSXNWa2lHS3lPUS8xVGZZZkUvbTNCcVNTRE5sQVN5UWh1ClRPS01PckFKY01Rakh3bkx6ZlROOThRTGRqZWJhbkV6eWFoSmZYTFBRTFE0R1RiK3liQTFoSlVMM2cwbGJyOGoKR2pzdnhDRHpyWnFyT3VTZzdpdUFRbVE4WDcxSkhKcjRVUytsS3EzT3VtRDluckJIRlEwRStsS0Y4a0xOSFpHdwo0N2pCQkZFbkM1elBCWGZ2MXJMTFZEcWJoNlp4QWdNQkFBR2pXVEJYTUE0R0ExVWREd0VCL3dRRUF3SUNwREFQCkJnTlZIUk1CQWY4RUJUQURBUUgvTUIwR0ExVWREZ1FXQkJTM2xVcUVyRXRYNC81L0hiNTVvRk14a2pHR3FUQVYKQmdOVkhSRUVEakFNZ2dwcmRXSmxjbTVsZEdWek1BMEdDU3FHU0liM0RRRUJDd1VBQTRJQkFRQm40N2JDZXdyNQpaYWFza3BIbE1JQjBqa3piYU4xdHNnOHJmdSs1c1J2V2ZmTmRwVWNaUUVNN2FiNS9GSHZIZkx5WkNtWnd5b2Y4CkJQa3FidmY2WjBPUDNSTndwQXBZWUZiRkNZREVrVVUzNWY1VHRBWG5yNjFPRkU5V0pTZGlMSEUrZGZLQkhjelYKaThvQUlJSDQwTzk5SWQ0emlIQmlIRDZYUXpQSnI1KzE3Qm1MN0tCTFc5UHg5b0hpeGRhd1FSQThqcHR6WlE5bQpiNzhCalFtaWl2TS9kcmF0Q1VpejZkUlRlWCs0WDZrVjV6YjcyREw2SUVFMzlDMTZZMk1sNGRHZ1dUWXhKQjBRClN1aHl6NllTZHdBNjQ4KzE5VlB4R0FwcEZmOHFZOFc4aVVrTHhodDg5M1VFWHhtcEdIT1Z6M1FWYnNVNjk3WTEKQXc4Z3Fzd0FDTG9qCi0tLS0tRU5EIENFUlRJRklDQVRFLS0tLS0K"
              }
            ],
            "cluster_id": null,
            "compute_config": [],
            "created_at": "2025-05-28T03:11:59Z",
            "enabled_cluster_log_types": [],
            "encryption_config": [],
            "endpoint": "https://B98A09DD1D678B0EF88A50755D2F468C.gr7.ap-northeast-2.eks.amazonaws.com",
            "id": "msa-eks",
            "identity": [
              {
                "oidc": [
                  {
                    "issuer": "https://oidc.eks.ap-northeast-2.amazonaws.com/id/B98A09DD1D678B0EF88A50755D2F468C"
                  }
                ]
              }
            ],
            "kubernetes_network_config": [
              {
                "elastic_load_balancing": [
                  {
                    "enabled": false
                  }
                ],
                "ip_family": "ipv4",
                "service_ipv4_cidr": "172.20.0.0/16",
                "service_ipv6_cidr": ""
              }
            ],
            "name": "msa-eks",
            "outpost_config": [],
            "platform_version": "eks.38",
            "remote_network_config": [],
            "role_arn": "arn:aws:iam::886723286293:role/msa_eks_role",
            "status": "ACTIVE",
            "storage_config": [],
            "tags": {},
            "tags_all": {},
            "timeouts": null,
            "upgrade_policy": [
              {
                "support_type": "EXTENDED"
              }
            ],
            "version": "1.29",
            "vpc_config": [
              {
                "cluster_security_group_id": "sg-03eaa1b73d28cc104",
                "endpoint_private_access": false,
                "endpoint_public_access": true,
                "public_access_cidrs": [
                  "0.0.0.0/0"
                ],
                "security_group_ids": [],
                "subnet_ids": [
                  "subnet-00732c9394578d24c",
                  "subnet-021ca031cd9f38c3c",
                  "subnet-026c642c5226eaca7",
                  "subnet-034d4d1c932fbe08b",
                  "subnet-08bd52249deec883f",
                  "subnet-0fabc7156b9d3f0d4"
                ],
                "vpc_id": "vpc-0cd8b6ff7b3cf7986"
              }
            ],
            "zonal_shift_config": []
          },
          "sensitive_attributes": [],
          "identity_schema_version": 0,
          "private": "eyJlMmJmYjczMC1lY2FhLTExZTYtOGY4OC0zNDM2M2JjN2M0YzAiOnsiY3JlYXRlIjoxODAwMDAwMDAwMDAwLCJkZWxldGUiOjkwMDAwMDAwMDAwMCwidXBkYXRlIjozNjAwMDAwMDAwMDAwfSwic2NoZW1hX3ZlcnNpb24iOiIxIn0=",
          "dependencies": [
            "data.aws_subnets.private",
            "data.aws_vpc.existing",
            "module.eks.aws_iam_role.msa_eks_role",
            "module.eks.aws_iam_role_policy_attachment.msa_eks_role_attachment"
          ],
          "create_before_destroy": true
        }
      ]
    },
    {
      "module": "module.eks",
      "mode": "managed",
      "type": "aws_eks_node_group",
      "name": "msa_ng",
      "provider": "provider[\"registry.terraform.io/hashicorp/aws\"]",
      "instances": [
        {
          "schema_version": 0,
          "attributes": {
            "ami_type": "AL2_x86_64",
            "arn": "arn:aws:eks:ap-northeast-2:886723286293:nodegroup/msa-eks/msa-ng/82cb8a72-c844-0c34-78a7-f36e1d77bd2b",
            "capacity_type": "ON_DEMAND",
            "cluster_name": "msa-eks",
            "disk_size": 20,
            "force_update_version": null,
            "id": "msa-eks:msa-ng",
            "instance_types": [
              "t3.small"
            ],
            "labels": {},
            "launch_template": [],
            "node_group_name": "msa-ng",
            "node_group_name_prefix": "",
            "node_repair_config": [],
            "node_role_arn": "arn:aws:iam::886723286293:role/msa_nodegroup_role",
            "release_version": "1.29.15-20250519",
            "remote_access": [],
            "resources": [
              {
                "autoscaling_groups": [
                  {
                    "name": "eks-msa-ng-82cb8a72-c844-0c34-78a7-f36e1d77bd2b"
                  }
                ],
                "remote_access_security_group_id": ""
              }
            ],
            "scaling_config": [
              {
                "desired_size": 3,
                "max_size": 6,
                "min_size": 3
              }
            ],
            "status": "ACTIVE",
            "subnet_ids": [
              "subnet-00732c9394578d24c",
              "subnet-021ca031cd9f38c3c",
              "subnet-026c642c5226eaca7",
              "subnet-034d4d1c932fbe08b",
              "subnet-08bd52249deec883f",
              "subnet-0fabc7156b9d3f0d4"
            ],
            "tags": {},
            "tags_all": {},
            "taint": [],
            "timeouts": null,
            "update_config": [
              {
                "max_unavailable": 1,
                "max_unavailable_percentage": 0
              }
            ],
            "version": "1.29"
          },
          "sensitive_attributes": [],
          "identity_schema_version": 0,
          "private": "eyJlMmJmYjczMC1lY2FhLTExZTYtOGY4OC0zNDM2M2JjN2M0YzAiOnsiY3JlYXRlIjozNjAwMDAwMDAwMDAwLCJkZWxldGUiOjM2MDAwMDAwMDAwMDAsInVwZGF0ZSI6MzYwMDAwMDAwMDAwMH19",
          "dependencies": [
            "data.aws_subnets.private",
            "data.aws_vpc.existing",
            "module.eks.aws_eks_cluster.msa_eks",
            "module.eks.aws_iam_role.msa_eks_role",
            "module.eks.aws_iam_role.msa_nodegroup_role",
            "module.eks.aws_iam_role_policy_attachment.msa-ng-AmazonEC2ContainerRegistryReadOnly",
            "module.eks.aws_iam_role_policy_attachment.msa-ng-AmazonEKSWorkerNodePolicy",
            "module.eks.aws_iam_role_policy_attachment.msa-ng-AmazonEKS_CNI_Policy",
            "module.eks.aws_iam_role_policy_attachment.msa_eks_role_attachment"
          ],
          "create_before_destroy": true
        }
      ]
    },
    {
      "module": "module.eks",
      "mode": "managed",
      "type": "aws_iam_openid_connect_provider",
      "name": "oidc",
      "provider": "provider[\"registry.terraform.io/hashicorp/aws\"]",
      "instances": [
        {
          "schema_version": 0,
          "attributes": {
            "arn": "arn:aws:iam::886723286293:oidc-provider/oidc.eks.ap-northeast-2.amazonaws.com/id/B98A09DD1D678B0EF88A50755D2F468C",
            "client_id_list": [
              "sts.amazonaws.com"
            ],
            "id": "arn:aws:iam::886723286293:oidc-provider/oidc.eks.ap-northeast-2.amazonaws.com/id/B98A09DD1D678B0EF88A50755D2F468C",
            "tags": {},
            "tags_all": {},
            "thumbprint_list": [
              "9e99a48a9960b14926bb7f3b02e22da0ecd2e0f4"
            ],
            "url": "oidc.eks.ap-northeast-2.amazonaws.com/id/B98A09DD1D678B0EF88A50755D2F468C"
          },
          "sensitive_attributes": [],
          "identity_schema_version": 0,
          "private": "bnVsbA==",
          "dependencies": [
            "data.aws_subnets.private",
            "data.aws_vpc.existing",
            "module.eks.aws_eks_cluster.msa_eks",
            "module.eks.aws_iam_role.msa_eks_role",
            "module.eks.aws_iam_role_policy_attachment.msa_eks_role_attachment"
          ],
          "create_before_destroy": true
        }
      ]
    },
    {
      "module": "module.eks",
      "mode": "managed",
      "type": "aws_iam_role",
      "name": "msa_eks_role",
      "provider": "provider[\"registry.terraform.io/hashicorp/aws\"]",
      "instances": [
        {
          "schema_version": 0,
          "attributes": {
            "arn": "arn:aws:iam::886723286293:role/msa_eks_role",
            "assume_role_policy": "{\"Statement\":[{\"Action\":[\"sts:AssumeRole\",\"sts:TagSession\"],\"Effect\":\"Allow\",\"Principal\":{\"Service\":\"eks.amazonaws.com\"}}],\"Version\":\"2012-10-17\"}",
            "create_date": "2025-05-28T03:11:54Z",
            "description": "",
            "force_detach_policies": false,
            "id": "msa_eks_role",
            "inline_policy": [],
            "managed_policy_arns": [
              "arn:aws:iam::aws:policy/AmazonEKSClusterPolicy"
            ],
            "max_session_duration": 3600,
            "name": "msa_eks_role",
            "name_prefix": "",
            "path": "/",
            "permissions_boundary": "",
            "tags": {},
            "tags_all": {},
            "unique_id": "AROA445GTSUK6WAT2DU5U"
          },
          "sensitive_attributes": [],
          "identity_schema_version": 0,
          "private": "bnVsbA==",
          "create_before_destroy": true
        }
      ]
    },
    {
      "module": "module.eks",
      "mode": "managed",
      "type": "aws_iam_role",
      "name": "msa_nodegroup_role",
      "provider": "provider[\"registry.terraform.io/hashicorp/aws\"]",
      "instances": [
        {
          "schema_version": 0,
          "attributes": {
            "arn": "arn:aws:iam::886723286293:role/msa_nodegroup_role",
            "assume_role_policy": "{\"Statement\":[{\"Action\":\"sts:AssumeRole\",\"Effect\":\"Allow\",\"Principal\":{\"Service\":\"ec2.amazonaws.com\"}}],\"Version\":\"2012-10-17\"}",
            "create_date": "2025-05-28T03:11:54Z",
            "description": "",
            "force_detach_policies": false,
            "id": "msa_nodegroup_role",
            "inline_policy": [],
            "managed_policy_arns": [
              "arn:aws:iam::aws:policy/AmazonEC2ContainerRegistryReadOnly",
              "arn:aws:iam::aws:policy/AmazonEKSWorkerNodePolicy",
              "arn:aws:iam::aws:policy/AmazonEKS_CNI_Policy",
              "arn:aws:iam::aws:policy/service-role/AmazonEBSCSIDriverPolicy"
            ],
            "max_session_duration": 3600,
            "name": "msa_nodegroup_role",
            "name_prefix": "",
            "path": "/",
            "permissions_boundary": "",
            "tags": {},
            "tags_all": {},
            "unique_id": "AROA445GTSUKUYVELBJHB"
          },
          "sensitive_attributes": [],
          "identity_schema_version": 0,
          "private": "bnVsbA==",
          "create_before_destroy": true
        }
      ]
    },
    {
      "module": "module.eks",
      "mode": "managed",
      "type": "aws_iam_role_policy_attachment",
      "name": "ebs_csi_policy",
      "provider": "provider[\"registry.terraform.io/hashicorp/aws\"]",
      "instances": [
        {
          "schema_version": 0,
          "attributes": {
            "id": "msa_nodegroup_role-20250528031156229000000001",
            "policy_arn": "arn:aws:iam::aws:policy/service-role/AmazonEBSCSIDriverPolicy",
            "role": "msa_nodegroup_role"
          },
          "sensitive_attributes": [],
          "identity_schema_version": 0,
          "private": "bnVsbA==",
          "dependencies": [
            "module.eks.aws_iam_role.msa_nodegroup_role"
          ],
          "create_before_destroy": true
        }
      ]
    },
    {
      "module": "module.eks",
      "mode": "managed",
      "type": "aws_iam_role_policy_attachment",
      "name": "msa-ng-AmazonEC2ContainerRegistryReadOnly",
      "provider": "provider[\"registry.terraform.io/hashicorp/aws\"]",
      "instances": [
        {
          "schema_version": 0,
          "attributes": {
            "id": "msa_nodegroup_role-20250528031156661700000003",
            "policy_arn": "arn:aws:iam::aws:policy/AmazonEC2ContainerRegistryReadOnly",
            "role": "msa_nodegroup_role"
          },
          "sensitive_attributes": [],
          "identity_schema_version": 0,
          "private": "bnVsbA==",
          "dependencies": [
            "module.eks.aws_iam_role.msa_nodegroup_role"
          ],
          "create_before_destroy": true
        }
      ]
    },
    {
      "module": "module.eks",
      "mode": "managed",
      "type": "aws_iam_role_policy_attachment",
      "name": "msa-ng-AmazonEKSWorkerNodePolicy",
      "provider": "provider[\"registry.terraform.io/hashicorp/aws\"]",
      "instances": [
        {
          "schema_version": 0,
          "attributes": {
            "id": "msa_nodegroup_role-20250528031156239800000002",
            "policy_arn": "arn:aws:iam::aws:policy/AmazonEKSWorkerNodePolicy",
            "role": "msa_nodegroup_role"
          },
          "sensitive_attributes": [],
          "identity_schema_version": 0,
          "private": "bnVsbA==",
          "dependencies": [
            "module.eks.aws_iam_role.msa_nodegroup_role"
          ],
          "create_before_destroy": true
        }
      ]
    },
    {
      "module": "module.eks",
      "mode": "managed",
      "type": "aws_iam_role_policy_attachment",
      "name": "msa-ng-AmazonEKS_CNI_Policy",
      "provider": "provider[\"registry.terraform.io/hashicorp/aws\"]",
      "instances": [
        {
          "schema_version": 0,
          "attributes": {
            "id": "msa_nodegroup_role-20250528031156680400000004",
            "policy_arn": "arn:aws:iam::aws:policy/AmazonEKS_CNI_Policy",
            "role": "msa_nodegroup_role"
          },
          "sensitive_attributes": [],
          "identity_schema_version": 0,
          "private": "bnVsbA==",
          "dependencies": [
            "module.eks.aws_iam_role.msa_nodegroup_role"
          ],
          "create_before_destroy": true
        }
      ]
    },
    {
      "module": "module.eks",
      "mode": "managed",
      "type": "aws_iam_role_policy_attachment",
      "name": "msa_eks_role_attachment",
      "provider": "provider[\"registry.terraform.io/hashicorp/aws\"]",
      "instances": [
        {
          "schema_version": 0,
          "attributes": {
            "id": "msa_eks_role-20250528031157101900000005",
            "policy_arn": "arn:aws:iam::aws:policy/AmazonEKSClusterPolicy",
            "role": "msa_eks_role"
          },
          "sensitive_attributes": [],
          "identity_schema_version": 0,
          "private": "bnVsbA==",
          "dependencies": [
            "module.eks.aws_iam_role.msa_eks_role"
          ],
          "create_before_destroy": true
        }
      ]
    },
    {
      "module": "module.k8s",
      "mode": "managed",
      "type": "kubernetes_ingress_v1",
      "name": "univ_ingress_new",
      "provider": "provider[\"registry.terraform.io/hashicorp/kubernetes\"].eks",
      "instances": [
        {
          "schema_version": 0,
          "attributes": {
            "id": "default/univ-ingress",
            "metadata": [
              {
                "annotations": {
                  "alb.ingress.kubernetes.io/listen-ports": "[{\"HTTP\":80}]",
                  "alb.ingress.kubernetes.io/scheme": "internet-facing",
                  "alb.ingress.kubernetes.io/target-type": "ip"
                },
                "generate_name": "",
                "generation": 1,
                "labels": {},
                "name": "univ-ingress",
                "namespace": "default",
                "resource_version": "65967",
                "uid": "ea5bd7d3-3de0-48ae-a36f-2dc9b20e16a7"
              }
            ],
            "spec": [
              {
                "default_backend": [],
                "ingress_class_name": "alb",
                "rule": [
                  {
                    "host": "",
                    "http": [
                      {
                        "path": [
                          {
                            "backend": [
                              {
                                "resource": [],
                                "service": [
                                  {
                                    "name": "cert-service",
                                    "port": [
                                      {
                                        "name": "",
                                        "number": 80
                                      }
                                    ]
                                  }
                                ]
                              }
                            ],
                            "path": "/cert",
                            "path_type": "Prefix"
                          },
                          {
                            "backend": [
                              {
                                "resource": [],
                                "service": [
                                  {
                                    "name": "class-service",
                                    "port": [
                                      {
                                        "name": "",
                                        "number": 80
                                      }
                                    ]
                                  }
                                ]
                              }
                            ],
                            "path": "/class",
                            "path_type": "Prefix"
                          },
                          {
                            "backend": [
                              {
                                "resource": [],
                                "service": [
                                  {
                                    "name": "home-service",
                                    "port": [
                                      {
                                        "name": "",
                                        "number": 80
                                      }
                                    ]
                                  }
                                ]
                              }
                            ],
                            "path": "/home",
                            "path_type": "Prefix"
                          }
                        ]
                      }
                    ]
                  }
                ],
                "tls": []
              }
            ],
            "status": [
              {
                "load_balancer": [
                  {
                    "ingress": [
                      {
                        "hostname": "k8s-default-univingr-f31266f93d-196367165.ap-northeast-2.elb.amazonaws.com",
                        "ip": ""
                      }
                    ]
                  }
                ]
              }
            ],
            "timeouts": null,
            "wait_for_load_balancer": null
          },
          "sensitive_attributes": [],
          "identity_schema_version": 0,
          "private": "eyJlMmJmYjczMC1lY2FhLTExZTYtOGY4OC0zNDM2M2JjN2M0YzAiOnsiY3JlYXRlIjoxMjAwMDAwMDAwMDAwLCJkZWxldGUiOjEyMDAwMDAwMDAwMDB9fQ==",
          "dependencies": [
            "data.aws_eks_cluster_auth.eks",
            "data.aws_subnets.private",
            "data.aws_vpc.existing",
            "module.eks.aws_eks_cluster.msa_eks",
            "module.eks.aws_iam_role.msa_eks_role",
            "module.eks.aws_iam_role_policy_attachment.msa_eks_role_attachment"
          ]
        }
      ]
    },
    {
      "module": "module.karpenter",
      "mode": "data",
      "type": "aws_iam_policy_document",
      "name": "kapen-msa-controller-policy",
      "provider": "provider[\"registry.terraform.io/hashicorp/aws\"]",
      "instances": [
        {
          "schema_version": 0,
          "attributes": {
            "id": "1371029932",
            "json": "{\n  \"Version\": \"2012-10-17\",\n  \"Statement\": [\n    {\n      \"Effect\": \"Allow\",\n      \"Action\": [\n        \"ssm:GetParameter\",\n        \"pricing:GetProducts\",\n        \"iam:PassRole\",\n        \"elasticloadbalancing:*\",\n        \"eks:DescribeCluster\",\n        \"ec2:TerminateInstances\",\n        \"ec2:RunInstances\",\n        \"ec2:ModifyInstanceAttribute\",\n        \"ec2:GetLaunchTemplateData\",\n        \"ec2:DescribeVolumes\",\n        \"ec2:DescribeSubnets\",\n        \"ec2:DescribeSpotPriceHistory\",\n        \"ec2:DescribeSecurityGroups\",\n        \"ec2:DescribePlacementGroups\",\n        \"ec2:DescribeLaunchTemplates\",\n        \"ec2:DescribeInstances\",\n        \"ec2:DescribeInstanceTypes\",\n        \"ec2:DescribeInstanceTypeOfferings\",\n        \"ec2:DescribeImages\",\n        \"ec2:DescribeAvailabilityZones\",\n        \"ec2:Describe*\",\n        \"ec2:DeleteLaunchTemplate\",\n        \"ec2:CreateTags\",\n        \"ec2:CreateLaunchTemplateVersion\",\n        \"ec2:CreateLaunchTemplate\",\n        \"ec2:CreateFleet\",\n        \"ec2:AttachVolume\"\n      ],\n      \"Resource\": \"*\"\n    }\n  ]\n}",
            "minified_json": "{\"Version\":\"2012-10-17\",\"Statement\":[{\"Effect\":\"Allow\",\"Action\":[\"ssm:GetParameter\",\"pricing:GetProducts\",\"iam:PassRole\",\"elasticloadbalancing:*\",\"eks:DescribeCluster\",\"ec2:TerminateInstances\",\"ec2:RunInstances\",\"ec2:ModifyInstanceAttribute\",\"ec2:GetLaunchTemplateData\",\"ec2:DescribeVolumes\",\"ec2:DescribeSubnets\",\"ec2:DescribeSpotPriceHistory\",\"ec2:DescribeSecurityGroups\",\"ec2:DescribePlacementGroups\",\"ec2:DescribeLaunchTemplates\",\"ec2:DescribeInstances\",\"ec2:DescribeInstanceTypes\",\"ec2:DescribeInstanceTypeOfferings\",\"ec2:DescribeImages\",\"ec2:DescribeAvailabilityZones\",\"ec2:Describe*\",\"ec2:DeleteLaunchTemplate\",\"ec2:CreateTags\",\"ec2:CreateLaunchTemplateVersion\",\"ec2:CreateLaunchTemplate\",\"ec2:CreateFleet\",\"ec2:AttachVolume\"],\"Resource\":\"*\"}]}",
            "override_json": null,
            "override_policy_documents": null,
            "policy_id": null,
            "source_json": null,
            "source_policy_documents": null,
            "statement": [
              {
                "actions": [
                  "ec2:AttachVolume",
                  "ec2:CreateFleet",
                  "ec2:CreateLaunchTemplate",
                  "ec2:CreateLaunchTemplateVersion",
                  "ec2:CreateTags",
                  "ec2:DeleteLaunchTemplate",
                  "ec2:Describe*",
                  "ec2:DescribeAvailabilityZones",
                  "ec2:DescribeImages",
                  "ec2:DescribeInstanceTypeOfferings",
                  "ec2:DescribeInstanceTypes",
                  "ec2:DescribeInstances",
                  "ec2:DescribeLaunchTemplates",
                  "ec2:DescribePlacementGroups",
                  "ec2:DescribeSecurityGroups",
                  "ec2:DescribeSpotPriceHistory",
                  "ec2:DescribeSubnets",
                  "ec2:DescribeVolumes",
                  "ec2:GetLaunchTemplateData",
                  "ec2:ModifyInstanceAttribute",
                  "ec2:RunInstances",
                  "ec2:TerminateInstances",
                  "eks:DescribeCluster",
                  "elasticloadbalancing:*",
                  "iam:PassRole",
                  "pricing:GetProducts",
                  "ssm:GetParameter"
                ],
                "condition": [],
                "effect": "Allow",
                "not_actions": [],
                "not_principals": [],
                "not_resources": [],
                "principals": [],
                "resources": [
                  "*"
                ],
                "sid": ""
              }
            ],
            "version": "2012-10-17"
          },
          "sensitive_attributes": [],
          "identity_schema_version": 0
        }
      ]
    },
    {
      "module": "module.karpenter",
      "mode": "managed",
      "type": "aws_iam_policy",
      "name": "kapen-msa-controller",
      "provider": "provider[\"registry.terraform.io/hashicorp/aws\"]",
      "instances": [
        {
          "schema_version": 0,
          "attributes": {
            "arn": "arn:aws:iam::886723286293:policy/KarpenterControllerPolicy",
            "attachment_count": 2,
            "description": "",
            "id": "arn:aws:iam::886723286293:policy/KarpenterControllerPolicy",
            "name": "KarpenterControllerPolicy",
            "name_prefix": "",
            "path": "/",
            "policy": "{\"Statement\":[{\"Action\":[\"ssm:GetParameter\",\"pricing:GetProducts\",\"iam:PassRole\",\"elasticloadbalancing:*\",\"eks:DescribeCluster\",\"ec2:TerminateInstances\",\"ec2:RunInstances\",\"ec2:ModifyInstanceAttribute\",\"ec2:GetLaunchTemplateData\",\"ec2:DescribeVolumes\",\"ec2:DescribeSubnets\",\"ec2:DescribeSpotPriceHistory\",\"ec2:DescribeSecurityGroups\",\"ec2:DescribePlacementGroups\",\"ec2:DescribeLaunchTemplates\",\"ec2:DescribeInstances\",\"ec2:DescribeInstanceTypes\",\"ec2:DescribeInstanceTypeOfferings\",\"ec2:DescribeImages\",\"ec2:DescribeAvailabilityZones\",\"ec2:Describe*\",\"ec2:DeleteLaunchTemplate\",\"ec2:CreateTags\",\"ec2:CreateLaunchTemplateVersion\",\"ec2:CreateLaunchTemplate\",\"ec2:CreateFleet\",\"ec2:AttachVolume\"],\"Effect\":\"Allow\",\"Resource\":\"*\"}],\"Version\":\"2012-10-17\"}",
            "policy_id": "ANPA445GTSUKTA64PNJLX",
            "tags": {},
            "tags_all": {}
          },
          "sensitive_attributes": [],
          "identity_schema_version": 0,
          "private": "bnVsbA==",
          "dependencies": [
            "data.aws_subnets.private",
            "data.aws_subnets.public",
            "data.aws_vpc.existing",
            "module.eks.aws_eks_access_entry.iam_user_admin",
            "module.eks.aws_eks_access_policy_association.iam_user_admin_policy",
            "module.eks.aws_eks_cluster.msa_eks",
            "module.eks.aws_eks_node_group.msa_ng",
            "module.eks.aws_iam_openid_connect_provider.oidc",
            "module.eks.aws_iam_role.msa_eks_role",
            "module.eks.aws_iam_role.msa_nodegroup_role",
            "module.eks.aws_iam_role_policy_attachment.ebs_csi_policy",
            "module.eks.aws_iam_role_policy_attachment.msa-ng-AmazonEC2ContainerRegistryReadOnly",
            "module.eks.aws_iam_role_policy_attachment.msa-ng-AmazonEKSWorkerNodePolicy",
            "module.eks.aws_iam_role_policy_attachment.msa-ng-AmazonEKS_CNI_Policy",
            "module.eks.aws_iam_role_policy_attachment.msa_eks_role_attachment",
            "module.eks.data.aws_caller_identity.current",
            "module.karpenter.data.aws_iam_policy_document.kapen-msa-controller-policy",
            "null_resource.wait_for_cluster"
          ],
          "create_before_destroy": true
        }
      ]
    }
  ],
  "check_results": null
}
