{
  "version": 4,
  "terraform_version": "1.12.1",
  "serial": 817,
  "lineage": "5f699d38-52c5-9969-c0dc-06b05e1b93cd",
  "outputs": {
    "cluster_ca": {
      "value": "LS0tLS1CRUdJTiBDRVJUSUZJQ0FURS0tLS0tCk1JSURCVENDQWUyZ0F3SUJBZ0lJQkZLWkgyZ1BJZFF3RFFZSktvWklodmNOQVFFTEJRQXdGVEVUTUJFR0ExVUUKQXhNS2EzVmlaWEp1WlhSbGN6QWVGdzB5TlRBMU1qZ3dNekV4TVRGYUZ3MHpOVEExTWpZd016RTJNVEZhTUJVeApFekFSQmdOVkJBTVRDbXQxWW1WeWJtVjBaWE13Z2dFaU1BMEdDU3FHU0liM0RRRUJBUVVBQTRJQkR3QXdnZ0VLCkFvSUJBUURNcWZKYkRBbmN6cEt2R2M0QnBFaDA3UFg2clVYWmpHVzdwdHRSTUxlV1ZsTGZoZkR2WHVZNEtzVFcKUURQdUVUVU55Q280MHc4ZHpPTXNZb0d1d1hzUnpsclRLZ3NpbHIvRC9IL3BvUjFWV0tBWVlWNloxbGcvQ1h3dgpSbDNIM0MxQWlnMytXS1RDWXdsMnhweU4vSUZsd3NkSXNWa2lHS3lPUS8xVGZZZkUvbTNCcVNTRE5sQVN5UWh1ClRPS01PckFKY01Rakh3bkx6ZlROOThRTGRqZWJhbkV6eWFoSmZYTFBRTFE0R1RiK3liQTFoSlVMM2cwbGJyOGoKR2pzdnhDRHpyWnFyT3VTZzdpdUFRbVE4WDcxSkhKcjRVUytsS3EzT3VtRDluckJIRlEwRStsS0Y4a0xOSFpHdwo0N2pCQkZFbkM1elBCWGZ2MXJMTFZEcWJoNlp4QWdNQkFBR2pXVEJYTUE0R0ExVWREd0VCL3dRRUF3SUNwREFQCkJnTlZIUk1CQWY4RUJUQURBUUgvTUIwR0ExVWREZ1FXQkJTM2xVcUVyRXRYNC81L0hiNTVvRk14a2pHR3FUQVYKQmdOVkhSRUVEakFNZ2dwcmRXSmxjbTVsZEdWek1BMEdDU3FHU0liM0RRRUJDd1VBQTRJQkFRQm40N2JDZXdyNQpaYWFza3BIbE1JQjBqa3piYU4xdHNnOHJmdSs1c1J2V2ZmTmRwVWNaUUVNN2FiNS9GSHZIZkx5WkNtWnd5b2Y4CkJQa3FidmY2WjBPUDNSTndwQXBZWUZiRkNZREVrVVUzNWY1VHRBWG5yNjFPRkU5V0pTZGlMSEUrZGZLQkhjelYKaThvQUlJSDQwTzk5SWQ0emlIQmlIRDZYUXpQSnI1KzE3Qm1MN0tCTFc5UHg5b0hpeGRhd1FSQThqcHR6WlE5bQpiNzhCalFtaWl2TS9kcmF0Q1VpejZkUlRlWCs0WDZrVjV6YjcyREw2SUVFMzlDMTZZMk1sNGRHZ1dUWXhKQjBRClN1aHl6NllTZHdBNjQ4KzE5VlB4R0FwcEZmOHFZOFc4aVVrTHhodDg5M1VFWHhtcEdIT1Z6M1FWYnNVNjk3WTEKQXc4Z3Fzd0FDTG9qCi0tLS0tRU5EIENFUlRJRklDQVRFLS0tLS0K",
      "type": "string"
    },
    "cluster_endpoint": {
      "value": "https://B98A09DD1D678B0EF88A50755D2F468C.gr7.ap-northeast-2.eks.amazonaws.com",
      "type": "string"
    },
    "cluster_name": {
      "value": "msa-eks",
      "type": "string"
    },
    "kapen-msa-node_instance_profile": {
      "value": "kapen-msa-node",
      "type": "string"
    },
    "private_subnet_ids": {
      "value": [
        "subnet-0fabc7156b9d3f0d4",
        "subnet-08bd52249deec883f",
        "subnet-026c642c5226eaca7",
        "subnet-00732c9394578d24c",
        "subnet-034d4d1c932fbe08b",
        "subnet-021ca031cd9f38c3c"
      ],
      "type": [
        "list",
        "string"
      ]
    },
    "public_subnet_ids": {
      "value": [
        "subnet-0fabc7156b9d3f0d4",
        "subnet-08bd52249deec883f",
        "subnet-026c642c5226eaca7",
        "subnet-00732c9394578d24c",
        "subnet-034d4d1c932fbe08b",
        "subnet-021ca031cd9f38c3c"
      ],
      "type": [
        "list",
        "string"
      ]
    },
    "vpc_id": {
      "value": "vpc-0cd8b6ff7b3cf7986",
      "type": "string"
    }
  },
  "resources": [
    {
      "mode": "data",
      "type": "aws_eip",
      "name": "nat_eip",
      "provider": "provider[\"registry.terraform.io/hashicorp/aws\"]",
      "instances": [
        {
          "schema_version": 0,
          "attributes": {
            "arn": "arn:aws:ec2:ap-northeast-2:886723286293:elastic-ip/eipalloc-0254be053a794954d",
            "association_id": "eipassoc-06f40940ba5ab1d5f",
            "carrier_ip": "",
            "customer_owned_ip": "",
            "customer_owned_ipv4_pool": "",
            "domain": "vpc",
            "filter": null,
            "id": "eipalloc-0254be053a794954d",
            "instance_id": "",
            "ipam_pool_id": null,
            "network_interface_id": "eni-0deee3db52dbfa26c",
            "network_interface_owner_id": "886723286293",
            "private_dns": "ip-10-10-10-15.ap-northeast-2.compute.internal",
            "private_ip": "10.10.10.15",
            "ptr_record": "",
            "public_dns": "ec2-3-37-223-112.ap-northeast-2.compute.amazonaws.com",
            "public_ip": "3.37.223.112",
            "public_ipv4_pool": "amazon",
            "tags": {},
            "timeouts": null
          },
          "sensitive_attributes": [],
          "identity_schema_version": 0
        }
      ]
    },
    {
      "mode": "data",
      "type": "aws_eks_cluster_auth",
      "name": "eks",
      "provider": "provider[\"registry.terraform.io/hashicorp/aws\"]",
      "instances": [
        {
          "schema_version": 0,
          "attributes": {
            "id": "msa-eks",
            "name": "msa-eks",
            "token": "k8s-aws-v1.aHR0cHM6Ly9zdHMuYXAtbm9ydGhlYXN0LTIuYW1hem9uYXdzLmNvbS8_QWN0aW9uPUdldENhbGxlcklkZW50aXR5JlZlcnNpb249MjAxMS0wNi0xNSZYLUFtei1BbGdvcml0aG09QVdTNC1ITUFDLVNIQTI1NiZYLUFtei1DcmVkZW50aWFsPUFLSUE0NDVHVFNVS1dNVFpYMk5TJTJGMjAyNTA1MjglMkZhcC1ub3J0aGVhc3QtMiUyRnN0cyUyRmF3czRfcmVxdWVzdCZYLUFtei1EYXRlPTIwMjUwNTI4VDEwMTQ1OFomWC1BbXotRXhwaXJlcz0wJlgtQW16LVNpZ25lZEhlYWRlcnM9aG9zdCUzQngtazhzLWF3cy1pZCZYLUFtei1TaWduYXR1cmU9MWU0NzUwMDg4ZGY0MzYwNGEwMDI1Y2U2ZGYxM2I2YjAxY2IwYzJiODNhZjZlYzU1NDcwYThlNTNkY2Y0NDY3Mw"
          },
          "sensitive_attributes": [
            [
              {
                "type": "get_attr",
                "value": "token"
              }
            ]
          ],
          "identity_schema_version": 0
        }
      ]
    },
    {
      "mode": "data",
      "type": "aws_security_group",
      "name": "public_lb_sg",
      "provider": "provider[\"registry.terraform.io/hashicorp/aws\"]",
      "instances": [
        {
          "schema_version": 0,
          "attributes": {
            "arn": "arn:aws:ec2:ap-northeast-2:886723286293:security-group/sg-0ca24edcf1d5c7190",
            "description": "Allow HTTP/HTTPS from anywhere to ALB",
            "filter": [
              {
                "name": "group-name",
                "values": [
                  "public-alb-sg"
                ]
              }
            ],
            "id": "sg-0ca24edcf1d5c7190",
            "name": "public-alb-sg",
            "tags": {
              "Name": "public-lb-sg"
            },
            "timeouts": null,
            "vpc_id": "vpc-0cd8b6ff7b3cf7986"
          },
          "sensitive_attributes": [],
          "identity_schema_version": 0
        }
      ]
    },
    {
      "mode": "data",
      "type": "aws_security_group",
      "name": "web_sg",
      "provider": "provider[\"registry.terraform.io/hashicorp/aws\"]",
      "instances": [
        {
          "schema_version": 0,
          "attributes": {
            "arn": "arn:aws:ec2:ap-northeast-2:886723286293:security-group/sg-05bb734b3ecda9616",
            "description": "web-sg",
            "filter": [
              {
                "name": "group-name",
                "values": [
                  "web-sg"
                ]
              }
            ],
            "id": "sg-05bb734b3ecda9616",
            "name": "web-sg",
            "tags": {
              "Name": "web-sg"
            },
            "timeouts": null,
            "vpc_id": "vpc-0cd8b6ff7b3cf7986"
          },
          "sensitive_attributes": [],
          "identity_schema_version": 0
        }
      ]
    },
    {
      "mode": "data",
      "type": "aws_subnets",
      "name": "private",
      "provider": "provider[\"registry.terraform.io/hashicorp/aws\"]",
      "instances": [
        {
          "schema_version": 0,
          "attributes": {
            "filter": [
              {
                "name": "vpc-id",
                "values": [
                  "vpc-0cd8b6ff7b3cf7986"
                ]
              }
            ],
            "id": "ap-northeast-2",
            "ids": [
              "subnet-0fabc7156b9d3f0d4",
              "subnet-08bd52249deec883f",
              "subnet-026c642c5226eaca7",
              "subnet-00732c9394578d24c",
              "subnet-034d4d1c932fbe08b",
              "subnet-021ca031cd9f38c3c"
            ],
            "tags": null,
            "timeouts": null
          },
          "sensitive_attributes": [],
          "identity_schema_version": 0
        }
      ]
    },
    {
      "mode": "data",
      "type": "aws_subnets",
      "name": "public",
      "provider": "provider[\"registry.terraform.io/hashicorp/aws\"]",
      "instances": [
        {
          "schema_version": 0,
          "attributes": {
            "filter": [
              {
                "name": "vpc-id",
                "values": [
                  "vpc-0cd8b6ff7b3cf7986"
                ]
              }
            ],
            "id": "ap-northeast-2",
            "ids": [
              "subnet-0fabc7156b9d3f0d4",
              "subnet-08bd52249deec883f",
              "subnet-026c642c5226eaca7",
              "subnet-00732c9394578d24c",
              "subnet-034d4d1c932fbe08b",
              "subnet-021ca031cd9f38c3c"
            ],
            "tags": null,
            "timeouts": null
          },
          "sensitive_attributes": [],
          "identity_schema_version": 0
        }
      ]
    },
    {
      "mode": "data",
      "type": "aws_vpc",
      "name": "existing",
      "provider": "provider[\"registry.terraform.io/hashicorp/aws\"]",
      "instances": [
        {
          "schema_version": 0,
          "attributes": {
            "arn": "arn:aws:ec2:ap-northeast-2:886723286293:vpc/vpc-0cd8b6ff7b3cf7986",
            "cidr_block": "10.10.10.0/24",
            "cidr_block_associations": [
              {
                "association_id": "vpc-cidr-assoc-0346237d6fc77a789",
                "cidr_block": "10.10.10.0/24",
                "state": "associated"
              }
            ],
            "default": false,
            "dhcp_options_id": "dopt-0936219da13c2bb22",
            "enable_dns_hostnames": true,
            "enable_dns_support": true,
            "enable_network_address_usage_metrics": false,
            "filter": [
              {
                "name": "tag:Name",
                "values": [
                  "msa-vpc"
                ]
              }
            ],
            "id": "vpc-0cd8b6ff7b3cf7986",
            "instance_tenancy": "default",
            "ipv6_association_id": "",
            "ipv6_cidr_block": "",
            "main_route_table_id": "rtb-03acb77e4c830253d",
            "owner_id": "886723286293",
            "state": null,
            "tags": {
              "Name": "msa-vpc"
            },
            "timeouts": null
          },
          "sensitive_attributes": [],
          "identity_schema_version": 0
        }
      ]
    },
    {
      "mode": "managed",
      "type": "null_resource",
      "name": "wait_for_cluster",
      "provider": "provider[\"registry.terraform.io/hashicorp/null\"]",
      "instances": [
        {
          "schema_version": 0,
          "attributes": {
            "id": "3515536020943977889",
            "triggers": null
          },
          "sensitive_attributes": [],
          "identity_schema_version": 0,
          "dependencies": [
            "data.aws_subnets.private",
            "data.aws_subnets.public",
            "data.aws_vpc.existing",
            "module.eks.aws_eks_access_entry.iam_user_admin",
            "module.eks.aws_eks_access_policy_association.iam_user_admin_policy",
            "module.eks.aws_eks_cluster.msa_eks",
            "module.eks.aws_eks_node_group.msa_ng",
            "module.eks.aws_iam_openid_connect_provider.oidc",
            "module.eks.aws_iam_role.msa_eks_role",
            "module.eks.aws_iam_role.msa_nodegroup_role",
            "module.eks.aws_iam_role_policy_attachment.ebs_csi_policy",
            "module.eks.aws_iam_role_policy_attachment.msa-ng-AmazonEC2ContainerRegistryReadOnly",
            "module.eks.aws_iam_role_policy_attachment.msa-ng-AmazonEKSWorkerNodePolicy",
            "module.eks.aws_iam_role_policy_attachment.msa-ng-AmazonEKS_CNI_Policy",
            "module.eks.aws_iam_role_policy_attachment.msa_eks_role_attachment",
            "module.eks.data.aws_caller_identity.current"
          ],
          "create_before_destroy": true
        }
      ]
    },
    {
      "module": "module.alb",
      "mode": "data",
      "type": "aws_eks_cluster",
      "name": "eks",
      "provider": "provider[\"registry.terraform.io/hashicorp/aws\"]",
      "instances": [
        {
          "schema_version": 0,
          "attributes": {
            "access_config": [
              {
                "authentication_mode": "API",
                "bootstrap_cluster_creator_admin_permissions": true
              }
            ],
            "arn": "arn:aws:eks:ap-northeast-2:886723286293:cluster/msa-eks",
            "certificate_authority": [
              {
                "data": "LS0tLS1CRUdJTiBDRVJUSUZJQ0FURS0tLS0tCk1JSURCVENDQWUyZ0F3SUJBZ0lJQkZLWkgyZ1BJZFF3RFFZSktvWklodmNOQVFFTEJRQXdGVEVUTUJFR0ExVUUKQXhNS2EzVmlaWEp1WlhSbGN6QWVGdzB5TlRBMU1qZ3dNekV4TVRGYUZ3MHpOVEExTWpZd016RTJNVEZhTUJVeApFekFSQmdOVkJBTVRDbXQxWW1WeWJtVjBaWE13Z2dFaU1BMEdDU3FHU0liM0RRRUJBUVVBQTRJQkR3QXdnZ0VLCkFvSUJBUURNcWZKYkRBbmN6cEt2R2M0QnBFaDA3UFg2clVYWmpHVzdwdHRSTUxlV1ZsTGZoZkR2WHVZNEtzVFcKUURQdUVUVU55Q280MHc4ZHpPTXNZb0d1d1hzUnpsclRLZ3NpbHIvRC9IL3BvUjFWV0tBWVlWNloxbGcvQ1h3dgpSbDNIM0MxQWlnMytXS1RDWXdsMnhweU4vSUZsd3NkSXNWa2lHS3lPUS8xVGZZZkUvbTNCcVNTRE5sQVN5UWh1ClRPS01PckFKY01Rakh3bkx6ZlROOThRTGRqZWJhbkV6eWFoSmZYTFBRTFE0R1RiK3liQTFoSlVMM2cwbGJyOGoKR2pzdnhDRHpyWnFyT3VTZzdpdUFRbVE4WDcxSkhKcjRVUytsS3EzT3VtRDluckJIRlEwRStsS0Y4a0xOSFpHdwo0N2pCQkZFbkM1elBCWGZ2MXJMTFZEcWJoNlp4QWdNQkFBR2pXVEJYTUE0R0ExVWREd0VCL3dRRUF3SUNwREFQCkJnTlZIUk1CQWY4RUJUQURBUUgvTUIwR0ExVWREZ1FXQkJTM2xVcUVyRXRYNC81L0hiNTVvRk14a2pHR3FUQVYKQmdOVkhSRUVEakFNZ2dwcmRXSmxjbTVsZEdWek1BMEdDU3FHU0liM0RRRUJDd1VBQTRJQkFRQm40N2JDZXdyNQpaYWFza3BIbE1JQjBqa3piYU4xdHNnOHJmdSs1c1J2V2ZmTmRwVWNaUUVNN2FiNS9GSHZIZkx5WkNtWnd5b2Y4CkJQa3FidmY2WjBPUDNSTndwQXBZWUZiRkNZREVrVVUzNWY1VHRBWG5yNjFPRkU5V0pTZGlMSEUrZGZLQkhjelYKaThvQUlJSDQwTzk5SWQ0emlIQmlIRDZYUXpQSnI1KzE3Qm1MN0tCTFc5UHg5b0hpeGRhd1FSQThqcHR6WlE5bQpiNzhCalFtaWl2TS9kcmF0Q1VpejZkUlRlWCs0WDZrVjV6YjcyREw2SUVFMzlDMTZZMk1sNGRHZ1dUWXhKQjBRClN1aHl6NllTZHdBNjQ4KzE5VlB4R0FwcEZmOHFZOFc4aVVrTHhodDg5M1VFWHhtcEdIT1Z6M1FWYnNVNjk3WTEKQXc4Z3Fzd0FDTG9qCi0tLS0tRU5EIENFUlRJRklDQVRFLS0tLS0K"
              }
            ],
            "cluster_id": null,
            "compute_config": [],
            "created_at": "2025-05-28T03:11:59Z",
            "enabled_cluster_log_types": [],
            "endpoint": "https://B98A09DD1D678B0EF88A50755D2F468C.gr7.ap-northeast-2.eks.amazonaws.com",
            "id": "msa-eks",
            "identity": [
              {
                "oidc": [
                  {
                    "issuer": "https://oidc.eks.ap-northeast-2.amazonaws.com/id/B98A09DD1D678B0EF88A50755D2F468C"
                  }
                ]
              }
            ],
            "kubernetes_network_config": [
              {
                "elastic_load_balancing": [
                  {
                    "enabled": false
                  }
                ],
                "ip_family": "ipv4",
                "service_ipv4_cidr": "172.20.0.0/16",
                "service_ipv6_cidr": ""
              }
            ],
            "name": "msa-eks",
            "outpost_config": [],
            "platform_version": "eks.38",
            "remote_network_config": [],
            "role_arn": "arn:aws:iam::886723286293:role/msa_eks_role",
            "status": "ACTIVE",
            "storage_config": [],
            "tags": {},
            "upgrade_policy": [
              {
                "support_type": "EXTENDED"
              }
            ],
            "version": "1.29",
            "vpc_config": [
              {
                "cluster_security_group_id": "sg-03eaa1b73d28cc104",
                "endpoint_private_access": false,
                "endpoint_public_access": true,
                "public_access_cidrs": [
                  "0.0.0.0/0"
                ],
                "security_group_ids": [],
                "subnet_ids": [
                  "subnet-00732c9394578d24c",
                  "subnet-021ca031cd9f38c3c",
                  "subnet-026c642c5226eaca7",
                  "subnet-034d4d1c932fbe08b",
                  "subnet-08bd52249deec883f",
                  "subnet-0fabc7156b9d3f0d4"
                ],
                "vpc_id": "vpc-0cd8b6ff7b3cf7986"
              }
            ],
            "zonal_shift_config": []
          },
          "sensitive_attributes": [],
          "identity_schema_version": 0
        }
      ]
    },
    {
      "module": "module.alb",
      "mode": "data",
      "type": "aws_eks_cluster_auth",
      "name": "eks",
      "provider": "provider[\"registry.terraform.io/hashicorp/aws\"]",
      "instances": [
        {
          "schema_version": 0,
          "attributes": {
            "id": "msa-eks",
            "name": "msa-eks",
            "token": "k8s-aws-v1.aHR0cHM6Ly9zdHMuYXAtbm9ydGhlYXN0LTIuYW1hem9uYXdzLmNvbS8_QWN0aW9uPUdldENhbGxlcklkZW50aXR5JlZlcnNpb249MjAxMS0wNi0xNSZYLUFtei1BbGdvcml0aG09QVdTNC1ITUFDLVNIQTI1NiZYLUFtei1DcmVkZW50aWFsPUFLSUE0NDVHVFNVS1dNVFpYMk5TJTJGMjAyNTA1MjglMkZhcC1ub3J0aGVhc3QtMiUyRnN0cyUyRmF3czRfcmVxdWVzdCZYLUFtei1EYXRlPTIwMjUwNTI4VDEwMTQ1OVomWC1BbXotRXhwaXJlcz0wJlgtQW16LVNpZ25lZEhlYWRlcnM9aG9zdCUzQngtazhzLWF3cy1pZCZYLUFtei1TaWduYXR1cmU9NGFhMjZjNzcyMmMzZTk1OWQ1ZGEwOGM0MWY0NDc2OTAyMzIyZmQ1NzJmNDViN2U5N2QzNTBmYWU2NDM2ZThjNg"
          },
          "sensitive_attributes": [
            [
              {
                "type": "get_attr",
                "value": "token"
              }
            ]
          ],
          "identity_schema_version": 0
        }
      ]
    },
    {
      "module": "module.alb",
      "mode": "data",
      "type": "aws_iam_openid_connect_provider",
      "name": "eks",
      "provider": "provider[\"registry.terraform.io/hashicorp/aws\"]",
      "instances": [
        {
          "schema_version": 0,
          "attributes": {
            "arn": "arn:aws:iam::886723286293:oidc-provider/oidc.eks.ap-northeast-2.amazonaws.com/id/B98A09DD1D678B0EF88A50755D2F468C",
            "client_id_list": [
              "sts.amazonaws.com"
            ],
            "id": "arn:aws:iam::886723286293:oidc-provider/oidc.eks.ap-northeast-2.amazonaws.com/id/B98A09DD1D678B0EF88A50755D2F468C",
            "tags": {},
            "thumbprint_list": [
              "9e99a48a9960b14926bb7f3b02e22da0ecd2e0f4"
            ],
            "url": "oidc.eks.ap-northeast-2.amazonaws.com/id/B98A09DD1D678B0EF88A50755D2F468C"
          },
          "sensitive_attributes": [],
          "identity_schema_version": 0
        }
      ]
    },
    {
      "module": "module.alb",
      "mode": "data",
      "type": "http",
      "name": "alb_policy",
      "provider": "provider[\"registry.terraform.io/hashicorp/http\"]",
      "instances": [
        {
          "schema_version": 0,
          "attributes": {
            "body": "{\n    \"Version\": \"2012-10-17\",\n    \"Statement\": [\n        {\n            \"Effect\": \"Allow\",\n            \"Action\": [\n                \"iam:CreateServiceLinkedRole\"\n            ],\n            \"Resource\": \"*\",\n            \"Condition\": {\n                \"StringEquals\": {\n                    \"iam:AWSServiceName\": \"elasticloadbalancing.amazonaws.com\"\n                }\n            }\n        },\n        {\n            \"Effect\": \"Allow\",\n            \"Action\": [\n                \"ec2:DescribeAccountAttributes\",\n                \"ec2:DescribeAddresses\",\n                \"ec2:DescribeAvailabilityZones\",\n                \"ec2:DescribeInternetGateways\",\n                \"ec2:DescribeVpcs\",\n                \"ec2:DescribeVpcPeeringConnections\",\n                \"ec2:DescribeSubnets\",\n                \"ec2:DescribeSecurityGroups\",\n                \"ec2:DescribeInstances\",\n                \"ec2:DescribeNetworkInterfaces\",\n                \"ec2:DescribeTags\",\n                \"ec2:GetCoipPoolUsage\",\n                \"ec2:DescribeCoipPools\",\n                \"elasticloadbalancing:DescribeLoadBalancers\",\n                \"elasticloadbalancing:DescribeLoadBalancerAttributes\",\n                \"elasticloadbalancing:DescribeListeners\",\n                \"elasticloadbalancing:DescribeListenerCertificates\",\n                \"elasticloadbalancing:DescribeSSLPolicies\",\n                \"elasticloadbalancing:DescribeRules\",\n                \"elasticloadbalancing:DescribeTargetGroups\",\n                \"elasticloadbalancing:DescribeTargetGroupAttributes\",\n                \"elasticloadbalancing:DescribeTargetHealth\",\n                \"elasticloadbalancing:DescribeTags\",\n                \"elasticloadbalancing:DescribeTrustStores\"\n            ],\n            \"Resource\": \"*\"\n        },\n        {\n            \"Effect\": \"Allow\",\n            \"Action\": [\n                \"cognito-idp:DescribeUserPoolClient\",\n                \"acm:ListCertificates\",\n                \"acm:DescribeCertificate\",\n                \"iam:ListServerCertificates\",\n                \"iam:GetServerCertificate\",\n                \"waf-regional:GetWebACL\",\n                \"waf-regional:GetWebACLForResource\",\n                \"waf-regional:AssociateWebACL\",\n                \"waf-regional:DisassociateWebACL\",\n                \"wafv2:GetWebACL\",\n                \"wafv2:GetWebACLForResource\",\n                \"wafv2:AssociateWebACL\",\n                \"wafv2:DisassociateWebACL\",\n                \"shield:GetSubscriptionState\",\n                \"shield:DescribeProtection\",\n                \"shield:CreateProtection\",\n                \"shield:DeleteProtection\"\n            ],\n            \"Resource\": \"*\"\n        },\n        {\n            \"Effect\": \"Allow\",\n            \"Action\": [\n                \"ec2:AuthorizeSecurityGroupIngress\",\n                \"ec2:RevokeSecurityGroupIngress\"\n            ],\n            \"Resource\": \"*\"\n        },\n        {\n            \"Effect\": \"Allow\",\n            \"Action\": [\n                \"ec2:CreateSecurityGroup\"\n            ],\n            \"Resource\": \"*\"\n        },\n        {\n            \"Effect\": \"Allow\",\n            \"Action\": [\n                \"ec2:CreateTags\"\n            ],\n            \"Resource\": \"arn:aws:ec2:*:*:security-group/*\",\n            \"Condition\": {\n                \"StringEquals\": {\n                    \"ec2:CreateAction\": \"CreateSecurityGroup\"\n                },\n                \"Null\": {\n                    \"aws:RequestTag/elbv2.k8s.aws/cluster\": \"false\"\n                }\n            }\n        },\n        {\n            \"Effect\": \"Allow\",\n            \"Action\": [\n                \"ec2:CreateTags\",\n                \"ec2:DeleteTags\"\n            ],\n            \"Resource\": \"arn:aws:ec2:*:*:security-group/*\",\n            \"Condition\": {\n                \"Null\": {\n                    \"aws:RequestTag/elbv2.k8s.aws/cluster\": \"true\",\n                    \"aws:ResourceTag/elbv2.k8s.aws/cluster\": \"false\"\n                }\n            }\n        },\n        {\n            \"Effect\": \"Allow\",\n            \"Action\": [\n                \"ec2:AuthorizeSecurityGroupIngress\",\n                \"ec2:RevokeSecurityGroupIngress\",\n                \"ec2:DeleteSecurityGroup\"\n            ],\n            \"Resource\": \"*\",\n            \"Condition\": {\n                \"Null\": {\n                    \"aws:ResourceTag/elbv2.k8s.aws/cluster\": \"false\"\n                }\n            }\n        },\n        {\n            \"Effect\": \"Allow\",\n            \"Action\": [\n                \"elasticloadbalancing:CreateLoadBalancer\",\n                \"elasticloadbalancing:CreateTargetGroup\"\n            ],\n            \"Resource\": \"*\",\n            \"Condition\": {\n                \"Null\": {\n                    \"aws:RequestTag/elbv2.k8s.aws/cluster\": \"false\"\n                }\n            }\n        },\n        {\n            \"Effect\": \"Allow\",\n            \"Action\": [\n                \"elasticloadbalancing:CreateListener\",\n                \"elasticloadbalancing:DeleteListener\",\n                \"elasticloadbalancing:CreateRule\",\n                \"elasticloadbalancing:DeleteRule\"\n            ],\n            \"Resource\": \"*\"\n        },\n        {\n            \"Effect\": \"Allow\",\n            \"Action\": [\n                \"elasticloadbalancing:AddTags\",\n                \"elasticloadbalancing:RemoveTags\"\n            ],\n            \"Resource\": [\n                \"arn:aws:elasticloadbalancing:*:*:targetgroup/*/*\",\n                \"arn:aws:elasticloadbalancing:*:*:loadbalancer/net/*/*\",\n                \"arn:aws:elasticloadbalancing:*:*:loadbalancer/app/*/*\"\n            ],\n            \"Condition\": {\n                \"Null\": {\n                    \"aws:RequestTag/elbv2.k8s.aws/cluster\": \"true\",\n                    \"aws:ResourceTag/elbv2.k8s.aws/cluster\": \"false\"\n                }\n            }\n        },\n        {\n            \"Effect\": \"Allow\",\n            \"Action\": [\n                \"elasticloadbalancing:AddTags\",\n                \"elasticloadbalancing:RemoveTags\"\n            ],\n            \"Resource\": [\n                \"arn:aws:elasticloadbalancing:*:*:listener/net/*/*/*\",\n                \"arn:aws:elasticloadbalancing:*:*:listener/app/*/*/*\",\n                \"arn:aws:elasticloadbalancing:*:*:listener-rule/net/*/*/*\",\n                \"arn:aws:elasticloadbalancing:*:*:listener-rule/app/*/*/*\"\n            ]\n        },\n        {\n            \"Effect\": \"Allow\",\n            \"Action\": [\n                \"elasticloadbalancing:ModifyLoadBalancerAttributes\",\n                \"elasticloadbalancing:SetIpAddressType\",\n                \"elasticloadbalancing:SetSecurityGroups\",\n                \"elasticloadbalancing:SetSubnets\",\n                \"elasticloadbalancing:DeleteLoadBalancer\",\n                \"elasticloadbalancing:ModifyTargetGroup\",\n                \"elasticloadbalancing:ModifyTargetGroupAttributes\",\n                \"elasticloadbalancing:DeleteTargetGroup\"\n            ],\n            \"Resource\": \"*\",\n            \"Condition\": {\n                \"Null\": {\n                    \"aws:ResourceTag/elbv2.k8s.aws/cluster\": \"false\"\n                }\n            }\n        },\n        {\n            \"Effect\": \"Allow\",\n            \"Action\": [\n                \"elasticloadbalancing:AddTags\"\n            ],\n            \"Resource\": [\n                \"arn:aws:elasticloadbalancing:*:*:targetgroup/*/*\",\n                \"arn:aws:elasticloadbalancing:*:*:loadbalancer/net/*/*\",\n                \"arn:aws:elasticloadbalancing:*:*:loadbalancer/app/*/*\"\n            ],\n            \"Condition\": {\n                \"StringEquals\": {\n                    \"elasticloadbalancing:CreateAction\": [\n                        \"CreateTargetGroup\",\n                        \"CreateLoadBalancer\"\n                    ]\n                },\n                \"Null\": {\n                    \"aws:RequestTag/elbv2.k8s.aws/cluster\": \"false\"\n                }\n            }\n        },\n        {\n            \"Effect\": \"Allow\",\n            \"Action\": [\n                \"elasticloadbalancing:RegisterTargets\",\n                \"elasticloadbalancing:DeregisterTargets\"\n            ],\n            \"Resource\": \"arn:aws:elasticloadbalancing:*:*:targetgroup/*/*\"\n        },\n        {\n            \"Effect\": \"Allow\",\n            \"Action\": [\n                \"elasticloadbalancing:SetWebAcl\",\n                \"elasticloadbalancing:ModifyListener\",\n                \"elasticloadbalancing:AddListenerCertificates\",\n                \"elasticloadbalancing:RemoveListenerCertificates\",\n                \"elasticloadbalancing:ModifyRule\"\n            ],\n            \"Resource\": \"*\"\n        }\n    ]\n}\n",
            "ca_cert_pem": null,
            "client_cert_pem": null,
            "client_key_pem": null,
            "id": "https://raw.githubusercontent.com/kubernetes-sigs/aws-load-balancer-controller/v2.7.1/docs/install/iam_policy.json",
            "insecure": null,
            "method": null,
            "request_body": null,
            "request_headers": null,
            "request_timeout_ms": null,
            "response_body": "{\n    \"Version\": \"2012-10-17\",\n    \"Statement\": [\n        {\n            \"Effect\": \"Allow\",\n            \"Action\": [\n                \"iam:CreateServiceLinkedRole\"\n            ],\n            \"Resource\": \"*\",\n            \"Condition\": {\n                \"StringEquals\": {\n                    \"iam:AWSServiceName\": \"elasticloadbalancing.amazonaws.com\"\n                }\n            }\n        },\n        {\n            \"Effect\": \"Allow\",\n            \"Action\": [\n                \"ec2:DescribeAccountAttributes\",\n                \"ec2:DescribeAddresses\",\n                \"ec2:DescribeAvailabilityZones\",\n                \"ec2:DescribeInternetGateways\",\n                \"ec2:DescribeVpcs\",\n                \"ec2:DescribeVpcPeeringConnections\",\n                \"ec2:DescribeSubnets\",\n                \"ec2:DescribeSecurityGroups\",\n                \"ec2:DescribeInstances\",\n                \"ec2:DescribeNetworkInterfaces\",\n                \"ec2:DescribeTags\",\n                \"ec2:GetCoipPoolUsage\",\n                \"ec2:DescribeCoipPools\",\n                \"elasticloadbalancing:DescribeLoadBalancers\",\n                \"elasticloadbalancing:DescribeLoadBalancerAttributes\",\n                \"elasticloadbalancing:DescribeListeners\",\n                \"elasticloadbalancing:DescribeListenerCertificates\",\n                \"elasticloadbalancing:DescribeSSLPolicies\",\n                \"elasticloadbalancing:DescribeRules\",\n                \"elasticloadbalancing:DescribeTargetGroups\",\n                \"elasticloadbalancing:DescribeTargetGroupAttributes\",\n                \"elasticloadbalancing:DescribeTargetHealth\",\n                \"elasticloadbalancing:DescribeTags\",\n                \"elasticloadbalancing:DescribeTrustStores\"\n            ],\n            \"Resource\": \"*\"\n        },\n        {\n            \"Effect\": \"Allow\",\n            \"Action\": [\n                \"cognito-idp:DescribeUserPoolClient\",\n                \"acm:ListCertificates\",\n                \"acm:DescribeCertificate\",\n                \"iam:ListServerCertificates\",\n                \"iam:GetServerCertificate\",\n                \"waf-regional:GetWebACL\",\n                \"waf-regional:GetWebACLForResource\",\n                \"waf-regional:AssociateWebACL\",\n                \"waf-regional:DisassociateWebACL\",\n                \"wafv2:GetWebACL\",\n                \"wafv2:GetWebACLForResource\",\n                \"wafv2:AssociateWebACL\",\n                \"wafv2:DisassociateWebACL\",\n                \"shield:GetSubscriptionState\",\n                \"shield:DescribeProtection\",\n                \"shield:CreateProtection\",\n                \"shield:DeleteProtection\"\n            ],\n            \"Resource\": \"*\"\n        },\n        {\n            \"Effect\": \"Allow\",\n            \"Action\": [\n                \"ec2:AuthorizeSecurityGroupIngress\",\n                \"ec2:RevokeSecurityGroupIngress\"\n            ],\n            \"Resource\": \"*\"\n        },\n        {\n            \"Effect\": \"Allow\",\n            \"Action\": [\n                \"ec2:CreateSecurityGroup\"\n            ],\n            \"Resource\": \"*\"\n        },\n        {\n            \"Effect\": \"Allow\",\n            \"Action\": [\n                \"ec2:CreateTags\"\n            ],\n            \"Resource\": \"arn:aws:ec2:*:*:security-group/*\",\n            \"Condition\": {\n                \"StringEquals\": {\n                    \"ec2:CreateAction\": \"CreateSecurityGroup\"\n                },\n                \"Null\": {\n                    \"aws:RequestTag/elbv2.k8s.aws/cluster\": \"false\"\n                }\n            }\n        },\n        {\n            \"Effect\": \"Allow\",\n            \"Action\": [\n                \"ec2:CreateTags\",\n                \"ec2:DeleteTags\"\n            ],\n            \"Resource\": \"arn:aws:ec2:*:*:security-group/*\",\n            \"Condition\": {\n                \"Null\": {\n                    \"aws:RequestTag/elbv2.k8s.aws/cluster\": \"true\",\n                    \"aws:ResourceTag/elbv2.k8s.aws/cluster\": \"false\"\n                }\n            }\n        },\n        {\n            \"Effect\": \"Allow\",\n            \"Action\": [\n                \"ec2:AuthorizeSecurityGroupIngress\",\n                \"ec2:RevokeSecurityGroupIngress\",\n                \"ec2:DeleteSecurityGroup\"\n            ],\n            \"Resource\": \"*\",\n            \"Condition\": {\n                \"Null\": {\n                    \"aws:ResourceTag/elbv2.k8s.aws/cluster\": \"false\"\n                }\n            }\n        },\n        {\n            \"Effect\": \"Allow\",\n            \"Action\": [\n                \"elasticloadbalancing:CreateLoadBalancer\",\n                \"elasticloadbalancing:CreateTargetGroup\"\n            ],\n            \"Resource\": \"*\",\n            \"Condition\": {\n                \"Null\": {\n                    \"aws:RequestTag/elbv2.k8s.aws/cluster\": \"false\"\n                }\n            }\n        },\n        {\n            \"Effect\": \"Allow\",\n            \"Action\": [\n                \"elasticloadbalancing:CreateListener\",\n                \"elasticloadbalancing:DeleteListener\",\n                \"elasticloadbalancing:CreateRule\",\n                \"elasticloadbalancing:DeleteRule\"\n            ],\n            \"Resource\": \"*\"\n        },\n        {\n            \"Effect\": \"Allow\",\n            \"Action\": [\n                \"elasticloadbalancing:AddTags\",\n                \"elasticloadbalancing:RemoveTags\"\n            ],\n            \"Resource\": [\n                \"arn:aws:elasticloadbalancing:*:*:targetgroup/*/*\",\n                \"arn:aws:elasticloadbalancing:*:*:loadbalancer/net/*/*\",\n                \"arn:aws:elasticloadbalancing:*:*:loadbalancer/app/*/*\"\n            ],\n            \"Condition\": {\n                \"Null\": {\n                    \"aws:RequestTag/elbv2.k8s.aws/cluster\": \"true\",\n                    \"aws:ResourceTag/elbv2.k8s.aws/cluster\": \"false\"\n                }\n            }\n        },\n        {\n            \"Effect\": \"Allow\",\n            \"Action\": [\n                \"elasticloadbalancing:AddTags\",\n                \"elasticloadbalancing:RemoveTags\"\n            ],\n            \"Resource\": [\n                \"arn:aws:elasticloadbalancing:*:*:listener/net/*/*/*\",\n                \"arn:aws:elasticloadbalancing:*:*:listener/app/*/*/*\",\n                \"arn:aws:elasticloadbalancing:*:*:listener-rule/net/*/*/*\",\n                \"arn:aws:elasticloadbalancing:*:*:listener-rule/app/*/*/*\"\n            ]\n        },\n        {\n            \"Effect\": \"Allow\",\n            \"Action\": [\n                \"elasticloadbalancing:ModifyLoadBalancerAttributes\",\n                \"elasticloadbalancing:SetIpAddressType\",\n                \"elasticloadbalancing:SetSecurityGroups\",\n                \"elasticloadbalancing:SetSubnets\",\n                \"elasticloadbalancing:DeleteLoadBalancer\",\n                \"elasticloadbalancing:ModifyTargetGroup\",\n                \"elasticloadbalancing:ModifyTargetGroupAttributes\",\n                \"elasticloadbalancing:DeleteTargetGroup\"\n            ],\n            \"Resource\": \"*\",\n            \"Condition\": {\n                \"Null\": {\n                    \"aws:ResourceTag/elbv2.k8s.aws/cluster\": \"false\"\n                }\n            }\n        },\n        {\n            \"Effect\": \"Allow\",\n            \"Action\": [\n                \"elasticloadbalancing:AddTags\"\n            ],\n            \"Resource\": [\n                \"arn:aws:elasticloadbalancing:*:*:targetgroup/*/*\",\n                \"arn:aws:elasticloadbalancing:*:*:loadbalancer/net/*/*\",\n                \"arn:aws:elasticloadbalancing:*:*:loadbalancer/app/*/*\"\n            ],\n            \"Condition\": {\n                \"StringEquals\": {\n                    \"elasticloadbalancing:CreateAction\": [\n                        \"CreateTargetGroup\",\n                        \"CreateLoadBalancer\"\n                    ]\n                },\n                \"Null\": {\n                    \"aws:RequestTag/elbv2.k8s.aws/cluster\": \"false\"\n                }\n            }\n        },\n        {\n            \"Effect\": \"Allow\",\n            \"Action\": [\n                \"elasticloadbalancing:RegisterTargets\",\n                \"elasticloadbalancing:DeregisterTargets\"\n            ],\n            \"Resource\": \"arn:aws:elasticloadbalancing:*:*:targetgroup/*/*\"\n        },\n        {\n            \"Effect\": \"Allow\",\n            \"Action\": [\n                \"elasticloadbalancing:SetWebAcl\",\n                \"elasticloadbalancing:ModifyListener\",\n                \"elasticloadbalancing:AddListenerCertificates\",\n                \"elasticloadbalancing:RemoveListenerCertificates\",\n                \"elasticloadbalancing:ModifyRule\"\n            ],\n            \"Resource\": \"*\"\n        }\n    ]\n}\n",
            "response_body_base64": "ewogICAgIlZlcnNpb24iOiAiMjAxMi0xMC0xNyIsCiAgICAiU3RhdGVtZW50IjogWwogICAgICAgIHsKICAgICAgICAgICAgIkVmZmVjdCI6ICJBbGxvdyIsCiAgICAgICAgICAgICJBY3Rpb24iOiBbCiAgICAgICAgICAgICAgICAiaWFtOkNyZWF0ZVNlcnZpY2VMaW5rZWRSb2xlIgogICAgICAgICAgICBdLAogICAgICAgICAgICAiUmVzb3VyY2UiOiAiKiIsCiAgICAgICAgICAgICJDb25kaXRpb24iOiB7CiAgICAgICAgICAgICAgICAiU3RyaW5nRXF1YWxzIjogewogICAgICAgICAgICAgICAgICAgICJpYW06QVdTU2VydmljZU5hbWUiOiAiZWxhc3RpY2xvYWRiYWxhbmNpbmcuYW1hem9uYXdzLmNvbSIKICAgICAgICAgICAgICAgIH0KICAgICAgICAgICAgfQogICAgICAgIH0sCiAgICAgICAgewogICAgICAgICAgICAiRWZmZWN0IjogIkFsbG93IiwKICAgICAgICAgICAgIkFjdGlvbiI6IFsKICAgICAgICAgICAgICAgICJlYzI6RGVzY3JpYmVBY2NvdW50QXR0cmlidXRlcyIsCiAgICAgICAgICAgICAgICAiZWMyOkRlc2NyaWJlQWRkcmVzc2VzIiwKICAgICAgICAgICAgICAgICJlYzI6RGVzY3JpYmVBdmFpbGFiaWxpdHlab25lcyIsCiAgICAgICAgICAgICAgICAiZWMyOkRlc2NyaWJlSW50ZXJuZXRHYXRld2F5cyIsCiAgICAgICAgICAgICAgICAiZWMyOkRlc2NyaWJlVnBjcyIsCiAgICAgICAgICAgICAgICAiZWMyOkRlc2NyaWJlVnBjUGVlcmluZ0Nvbm5lY3Rpb25zIiwKICAgICAgICAgICAgICAgICJlYzI6RGVzY3JpYmVTdWJuZXRzIiwKICAgICAgICAgICAgICAgICJlYzI6RGVzY3JpYmVTZWN1cml0eUdyb3VwcyIsCiAgICAgICAgICAgICAgICAiZWMyOkRlc2NyaWJlSW5zdGFuY2VzIiwKICAgICAgICAgICAgICAgICJlYzI6RGVzY3JpYmVOZXR3b3JrSW50ZXJmYWNlcyIsCiAgICAgICAgICAgICAgICAiZWMyOkRlc2NyaWJlVGFncyIsCiAgICAgICAgICAgICAgICAiZWMyOkdldENvaXBQb29sVXNhZ2UiLAogICAgICAgICAgICAgICAgImVjMjpEZXNjcmliZUNvaXBQb29scyIsCiAgICAgICAgICAgICAgICAiZWxhc3RpY2xvYWRiYWxhbmNpbmc6RGVzY3JpYmVMb2FkQmFsYW5jZXJzIiwKICAgICAgICAgICAgICAgICJlbGFzdGljbG9hZGJhbGFuY2luZzpEZXNjcmliZUxvYWRCYWxhbmNlckF0dHJpYnV0ZXMiLAogICAgICAgICAgICAgICAgImVsYXN0aWNsb2FkYmFsYW5jaW5nOkRlc2NyaWJlTGlzdGVuZXJzIiwKICAgICAgICAgICAgICAgICJlbGFzdGljbG9hZGJhbGFuY2luZzpEZXNjcmliZUxpc3RlbmVyQ2VydGlmaWNhdGVzIiwKICAgICAgICAgICAgICAgICJlbGFzdGljbG9hZGJhbGFuY2luZzpEZXNjcmliZVNTTFBvbGljaWVzIiwKICAgICAgICAgICAgICAgICJlbGFzdGljbG9hZGJhbGFuY2luZzpEZXNjcmliZVJ1bGVzIiwKICAgICAgICAgICAgICAgICJlbGFzdGljbG9hZGJhbGFuY2luZzpEZXNjcmliZVRhcmdldEdyb3VwcyIsCiAgICAgICAgICAgICAgICAiZWxhc3RpY2xvYWRiYWxhbmNpbmc6RGVzY3JpYmVUYXJnZXRHcm91cEF0dHJpYnV0ZXMiLAogICAgICAgICAgICAgICAgImVsYXN0aWNsb2FkYmFsYW5jaW5nOkRlc2NyaWJlVGFyZ2V0SGVhbHRoIiwKICAgICAgICAgICAgICAgICJlbGFzdGljbG9hZGJhbGFuY2luZzpEZXNjcmliZVRhZ3MiLAogICAgICAgICAgICAgICAgImVsYXN0aWNsb2FkYmFsYW5jaW5nOkRlc2NyaWJlVHJ1c3RTdG9yZXMiCiAgICAgICAgICAgIF0sCiAgICAgICAgICAgICJSZXNvdXJjZSI6ICIqIgogICAgICAgIH0sCiAgICAgICAgewogICAgICAgICAgICAiRWZmZWN0IjogIkFsbG93IiwKICAgICAgICAgICAgIkFjdGlvbiI6IFsKICAgICAgICAgICAgICAgICJjb2duaXRvLWlkcDpEZXNjcmliZVVzZXJQb29sQ2xpZW50IiwKICAgICAgICAgICAgICAgICJhY206TGlzdENlcnRpZmljYXRlcyIsCiAgICAgICAgICAgICAgICAiYWNtOkRlc2NyaWJlQ2VydGlmaWNhdGUiLAogICAgICAgICAgICAgICAgImlhbTpMaXN0U2VydmVyQ2VydGlmaWNhdGVzIiwKICAgICAgICAgICAgICAgICJpYW06R2V0U2VydmVyQ2VydGlmaWNhdGUiLAogICAgICAgICAgICAgICAgIndhZi1yZWdpb25hbDpHZXRXZWJBQ0wiLAogICAgICAgICAgICAgICAgIndhZi1yZWdpb25hbDpHZXRXZWJBQ0xGb3JSZXNvdXJjZSIsCiAgICAgICAgICAgICAgICAid2FmLXJlZ2lvbmFsOkFzc29jaWF0ZVdlYkFDTCIsCiAgICAgICAgICAgICAgICAid2FmLXJlZ2lvbmFsOkRpc2Fzc29jaWF0ZVdlYkFDTCIsCiAgICAgICAgICAgICAgICAid2FmdjI6R2V0V2ViQUNMIiwKICAgICAgICAgICAgICAgICJ3YWZ2MjpHZXRXZWJBQ0xGb3JSZXNvdXJjZSIsCiAgICAgICAgICAgICAgICAid2FmdjI6QXNzb2NpYXRlV2ViQUNMIiwKICAgICAgICAgICAgICAgICJ3YWZ2MjpEaXNhc3NvY2lhdGVXZWJBQ0wiLAogICAgICAgICAgICAgICAgInNoaWVsZDpHZXRTdWJzY3JpcHRpb25TdGF0ZSIsCiAgICAgICAgICAgICAgICAic2hpZWxkOkRlc2NyaWJlUHJvdGVjdGlvbiIsCiAgICAgICAgICAgICAgICAic2hpZWxkOkNyZWF0ZVByb3RlY3Rpb24iLAogICAgICAgICAgICAgICAgInNoaWVsZDpEZWxldGVQcm90ZWN0aW9uIgogICAgICAgICAgICBdLAogICAgICAgICAgICAiUmVzb3VyY2UiOiAiKiIKICAgICAgICB9LAogICAgICAgIHsKICAgICAgICAgICAgIkVmZmVjdCI6ICJBbGxvdyIsCiAgICAgICAgICAgICJBY3Rpb24iOiBbCiAgICAgICAgICAgICAgICAiZWMyOkF1dGhvcml6ZVNlY3VyaXR5R3JvdXBJbmdyZXNzIiwKICAgICAgICAgICAgICAgICJlYzI6UmV2b2tlU2VjdXJpdHlHcm91cEluZ3Jlc3MiCiAgICAgICAgICAgIF0sCiAgICAgICAgICAgICJSZXNvdXJjZSI6ICIqIgogICAgICAgIH0sCiAgICAgICAgewogICAgICAgICAgICAiRWZmZWN0IjogIkFsbG93IiwKICAgICAgICAgICAgIkFjdGlvbiI6IFsKICAgICAgICAgICAgICAgICJlYzI6Q3JlYXRlU2VjdXJpdHlHcm91cCIKICAgICAgICAgICAgXSwKICAgICAgICAgICAgIlJlc291cmNlIjogIioiCiAgICAgICAgfSwKICAgICAgICB7CiAgICAgICAgICAgICJFZmZlY3QiOiAiQWxsb3ciLAogICAgICAgICAgICAiQWN0aW9uIjogWwogICAgICAgICAgICAgICAgImVjMjpDcmVhdGVUYWdzIgogICAgICAgICAgICBdLAogICAgICAgICAgICAiUmVzb3VyY2UiOiAiYXJuOmF3czplYzI6KjoqOnNlY3VyaXR5LWdyb3VwLyoiLAogICAgICAgICAgICAiQ29uZGl0aW9uIjogewogICAgICAgICAgICAgICAgIlN0cmluZ0VxdWFscyI6IHsKICAgICAgICAgICAgICAgICAgICAiZWMyOkNyZWF0ZUFjdGlvbiI6ICJDcmVhdGVTZWN1cml0eUdyb3VwIgogICAgICAgICAgICAgICAgfSwKICAgICAgICAgICAgICAgICJOdWxsIjogewogICAgICAgICAgICAgICAgICAgICJhd3M6UmVxdWVzdFRhZy9lbGJ2Mi5rOHMuYXdzL2NsdXN0ZXIiOiAiZmFsc2UiCiAgICAgICAgICAgICAgICB9CiAgICAgICAgICAgIH0KICAgICAgICB9LAogICAgICAgIHsKICAgICAgICAgICAgIkVmZmVjdCI6ICJBbGxvdyIsCiAgICAgICAgICAgICJBY3Rpb24iOiBbCiAgICAgICAgICAgICAgICAiZWMyOkNyZWF0ZVRhZ3MiLAogICAgICAgICAgICAgICAgImVjMjpEZWxldGVUYWdzIgogICAgICAgICAgICBdLAogICAgICAgICAgICAiUmVzb3VyY2UiOiAiYXJuOmF3czplYzI6KjoqOnNlY3VyaXR5LWdyb3VwLyoiLAogICAgICAgICAgICAiQ29uZGl0aW9uIjogewogICAgICAgICAgICAgICAgIk51bGwiOiB7CiAgICAgICAgICAgICAgICAgICAgImF3czpSZXF1ZXN0VGFnL2VsYnYyLms4cy5hd3MvY2x1c3RlciI6ICJ0cnVlIiwKICAgICAgICAgICAgICAgICAgICAiYXdzOlJlc291cmNlVGFnL2VsYnYyLms4cy5hd3MvY2x1c3RlciI6ICJmYWxzZSIKICAgICAgICAgICAgICAgIH0KICAgICAgICAgICAgfQogICAgICAgIH0sCiAgICAgICAgewogICAgICAgICAgICAiRWZmZWN0IjogIkFsbG93IiwKICAgICAgICAgICAgIkFjdGlvbiI6IFsKICAgICAgICAgICAgICAgICJlYzI6QXV0aG9yaXplU2VjdXJpdHlHcm91cEluZ3Jlc3MiLAogICAgICAgICAgICAgICAgImVjMjpSZXZva2VTZWN1cml0eUdyb3VwSW5ncmVzcyIsCiAgICAgICAgICAgICAgICAiZWMyOkRlbGV0ZVNlY3VyaXR5R3JvdXAiCiAgICAgICAgICAgIF0sCiAgICAgICAgICAgICJSZXNvdXJjZSI6ICIqIiwKICAgICAgICAgICAgIkNvbmRpdGlvbiI6IHsKICAgICAgICAgICAgICAgICJOdWxsIjogewogICAgICAgICAgICAgICAgICAgICJhd3M6UmVzb3VyY2VUYWcvZWxidjIuazhzLmF3cy9jbHVzdGVyIjogImZhbHNlIgogICAgICAgICAgICAgICAgfQogICAgICAgICAgICB9CiAgICAgICAgfSwKICAgICAgICB7CiAgICAgICAgICAgICJFZmZlY3QiOiAiQWxsb3ciLAogICAgICAgICAgICAiQWN0aW9uIjogWwogICAgICAgICAgICAgICAgImVsYXN0aWNsb2FkYmFsYW5jaW5nOkNyZWF0ZUxvYWRCYWxhbmNlciIsCiAgICAgICAgICAgICAgICAiZWxhc3RpY2xvYWRiYWxhbmNpbmc6Q3JlYXRlVGFyZ2V0R3JvdXAiCiAgICAgICAgICAgIF0sCiAgICAgICAgICAgICJSZXNvdXJjZSI6ICIqIiwKICAgICAgICAgICAgIkNvbmRpdGlvbiI6IHsKICAgICAgICAgICAgICAgICJOdWxsIjogewogICAgICAgICAgICAgICAgICAgICJhd3M6UmVxdWVzdFRhZy9lbGJ2Mi5rOHMuYXdzL2NsdXN0ZXIiOiAiZmFsc2UiCiAgICAgICAgICAgICAgICB9CiAgICAgICAgICAgIH0KICAgICAgICB9LAogICAgICAgIHsKICAgICAgICAgICAgIkVmZmVjdCI6ICJBbGxvdyIsCiAgICAgICAgICAgICJBY3Rpb24iOiBbCiAgICAgICAgICAgICAgICAiZWxhc3RpY2xvYWRiYWxhbmNpbmc6Q3JlYXRlTGlzdGVuZXIiLAogICAgICAgICAgICAgICAgImVsYXN0aWNsb2FkYmFsYW5jaW5nOkRlbGV0ZUxpc3RlbmVyIiwKICAgICAgICAgICAgICAgICJlbGFzdGljbG9hZGJhbGFuY2luZzpDcmVhdGVSdWxlIiwKICAgICAgICAgICAgICAgICJlbGFzdGljbG9hZGJhbGFuY2luZzpEZWxldGVSdWxlIgogICAgICAgICAgICBdLAogICAgICAgICAgICAiUmVzb3VyY2UiOiAiKiIKICAgICAgICB9LAogICAgICAgIHsKICAgICAgICAgICAgIkVmZmVjdCI6ICJBbGxvdyIsCiAgICAgICAgICAgICJBY3Rpb24iOiBbCiAgICAgICAgICAgICAgICAiZWxhc3RpY2xvYWRiYWxhbmNpbmc6QWRkVGFncyIsCiAgICAgICAgICAgICAgICAiZWxhc3RpY2xvYWRiYWxhbmNpbmc6UmVtb3ZlVGFncyIKICAgICAgICAgICAgXSwKICAgICAgICAgICAgIlJlc291cmNlIjogWwogICAgICAgICAgICAgICAgImFybjphd3M6ZWxhc3RpY2xvYWRiYWxhbmNpbmc6KjoqOnRhcmdldGdyb3VwLyovKiIsCiAgICAgICAgICAgICAgICAiYXJuOmF3czplbGFzdGljbG9hZGJhbGFuY2luZzoqOio6bG9hZGJhbGFuY2VyL25ldC8qLyoiLAogICAgICAgICAgICAgICAgImFybjphd3M6ZWxhc3RpY2xvYWRiYWxhbmNpbmc6KjoqOmxvYWRiYWxhbmNlci9hcHAvKi8qIgogICAgICAgICAgICBdLAogICAgICAgICAgICAiQ29uZGl0aW9uIjogewogICAgICAgICAgICAgICAgIk51bGwiOiB7CiAgICAgICAgICAgICAgICAgICAgImF3czpSZXF1ZXN0VGFnL2VsYnYyLms4cy5hd3MvY2x1c3RlciI6ICJ0cnVlIiwKICAgICAgICAgICAgICAgICAgICAiYXdzOlJlc291cmNlVGFnL2VsYnYyLms4cy5hd3MvY2x1c3RlciI6ICJmYWxzZSIKICAgICAgICAgICAgICAgIH0KICAgICAgICAgICAgfQogICAgICAgIH0sCiAgICAgICAgewogICAgICAgICAgICAiRWZmZWN0IjogIkFsbG93IiwKICAgICAgICAgICAgIkFjdGlvbiI6IFsKICAgICAgICAgICAgICAgICJlbGFzdGljbG9hZGJhbGFuY2luZzpBZGRUYWdzIiwKICAgICAgICAgICAgICAgICJlbGFzdGljbG9hZGJhbGFuY2luZzpSZW1vdmVUYWdzIgogICAgICAgICAgICBdLAogICAgICAgICAgICAiUmVzb3VyY2UiOiBbCiAgICAgICAgICAgICAgICAiYXJuOmF3czplbGFzdGljbG9hZGJhbGFuY2luZzoqOio6bGlzdGVuZXIvbmV0LyovKi8qIiwKICAgICAgICAgICAgICAgICJhcm46YXdzOmVsYXN0aWNsb2FkYmFsYW5jaW5nOio6KjpsaXN0ZW5lci9hcHAvKi8qLyoiLAogICAgICAgICAgICAgICAgImFybjphd3M6ZWxhc3RpY2xvYWRiYWxhbmNpbmc6KjoqOmxpc3RlbmVyLXJ1bGUvbmV0LyovKi8qIiwKICAgICAgICAgICAgICAgICJhcm46YXdzOmVsYXN0aWNsb2FkYmFsYW5jaW5nOio6KjpsaXN0ZW5lci1ydWxlL2FwcC8qLyovKiIKICAgICAgICAgICAgXQogICAgICAgIH0sCiAgICAgICAgewogICAgICAgICAgICAiRWZmZWN0IjogIkFsbG93IiwKICAgICAgICAgICAgIkFjdGlvbiI6IFsKICAgICAgICAgICAgICAgICJlbGFzdGljbG9hZGJhbGFuY2luZzpNb2RpZnlMb2FkQmFsYW5jZXJBdHRyaWJ1dGVzIiwKICAgICAgICAgICAgICAgICJlbGFzdGljbG9hZGJhbGFuY2luZzpTZXRJcEFkZHJlc3NUeXBlIiwKICAgICAgICAgICAgICAgICJlbGFzdGljbG9hZGJhbGFuY2luZzpTZXRTZWN1cml0eUdyb3VwcyIsCiAgICAgICAgICAgICAgICAiZWxhc3RpY2xvYWRiYWxhbmNpbmc6U2V0U3VibmV0cyIsCiAgICAgICAgICAgICAgICAiZWxhc3RpY2xvYWRiYWxhbmNpbmc6RGVsZXRlTG9hZEJhbGFuY2VyIiwKICAgICAgICAgICAgICAgICJlbGFzdGljbG9hZGJhbGFuY2luZzpNb2RpZnlUYXJnZXRHcm91cCIsCiAgICAgICAgICAgICAgICAiZWxhc3RpY2xvYWRiYWxhbmNpbmc6TW9kaWZ5VGFyZ2V0R3JvdXBBdHRyaWJ1dGVzIiwKICAgICAgICAgICAgICAgICJlbGFzdGljbG9hZGJhbGFuY2luZzpEZWxldGVUYXJnZXRHcm91cCIKICAgICAgICAgICAgXSwKICAgICAgICAgICAgIlJlc291cmNlIjogIioiLAogICAgICAgICAgICAiQ29uZGl0aW9uIjogewogICAgICAgICAgICAgICAgIk51bGwiOiB7CiAgICAgICAgICAgICAgICAgICAgImF3czpSZXNvdXJjZVRhZy9lbGJ2Mi5rOHMuYXdzL2NsdXN0ZXIiOiAiZmFsc2UiCiAgICAgICAgICAgICAgICB9CiAgICAgICAgICAgIH0KICAgICAgICB9LAogICAgICAgIHsKICAgICAgICAgICAgIkVmZmVjdCI6ICJBbGxvdyIsCiAgICAgICAgICAgICJBY3Rpb24iOiBbCiAgICAgICAgICAgICAgICAiZWxhc3RpY2xvYWRiYWxhbmNpbmc6QWRkVGFncyIKICAgICAgICAgICAgXSwKICAgICAgICAgICAgIlJlc291cmNlIjogWwogICAgICAgICAgICAgICAgImFybjphd3M6ZWxhc3RpY2xvYWRiYWxhbmNpbmc6KjoqOnRhcmdldGdyb3VwLyovKiIsCiAgICAgICAgICAgICAgICAiYXJuOmF3czplbGFzdGljbG9hZGJhbGFuY2luZzoqOio6bG9hZGJhbGFuY2VyL25ldC8qLyoiLAogICAgICAgICAgICAgICAgImFybjphd3M6ZWxhc3RpY2xvYWRiYWxhbmNpbmc6KjoqOmxvYWRiYWxhbmNlci9hcHAvKi8qIgogICAgICAgICAgICBdLAogICAgICAgICAgICAiQ29uZGl0aW9uIjogewogICAgICAgICAgICAgICAgIlN0cmluZ0VxdWFscyI6IHsKICAgICAgICAgICAgICAgICAgICAiZWxhc3RpY2xvYWRiYWxhbmNpbmc6Q3JlYXRlQWN0aW9uIjogWwogICAgICAgICAgICAgICAgICAgICAgICAiQ3JlYXRlVGFyZ2V0R3JvdXAiLAogICAgICAgICAgICAgICAgICAgICAgICAiQ3JlYXRlTG9hZEJhbGFuY2VyIgogICAgICAgICAgICAgICAgICAgIF0KICAgICAgICAgICAgICAgIH0sCiAgICAgICAgICAgICAgICAiTnVsbCI6IHsKICAgICAgICAgICAgICAgICAgICAiYXdzOlJlcXVlc3RUYWcvZWxidjIuazhzLmF3cy9jbHVzdGVyIjogImZhbHNlIgogICAgICAgICAgICAgICAgfQogICAgICAgICAgICB9CiAgICAgICAgfSwKICAgICAgICB7CiAgICAgICAgICAgICJFZmZlY3QiOiAiQWxsb3ciLAogICAgICAgICAgICAiQWN0aW9uIjogWwogICAgICAgICAgICAgICAgImVsYXN0aWNsb2FkYmFsYW5jaW5nOlJlZ2lzdGVyVGFyZ2V0cyIsCiAgICAgICAgICAgICAgICAiZWxhc3RpY2xvYWRiYWxhbmNpbmc6RGVyZWdpc3RlclRhcmdldHMiCiAgICAgICAgICAgIF0sCiAgICAgICAgICAgICJSZXNvdXJjZSI6ICJhcm46YXdzOmVsYXN0aWNsb2FkYmFsYW5jaW5nOio6Kjp0YXJnZXRncm91cC8qLyoiCiAgICAgICAgfSwKICAgICAgICB7CiAgICAgICAgICAgICJFZmZlY3QiOiAiQWxsb3ciLAogICAgICAgICAgICAiQWN0aW9uIjogWwogICAgICAgICAgICAgICAgImVsYXN0aWNsb2FkYmFsYW5jaW5nOlNldFdlYkFjbCIsCiAgICAgICAgICAgICAgICAiZWxhc3RpY2xvYWRiYWxhbmNpbmc6TW9kaWZ5TGlzdGVuZXIiLAogICAgICAgICAgICAgICAgImVsYXN0aWNsb2FkYmFsYW5jaW5nOkFkZExpc3RlbmVyQ2VydGlmaWNhdGVzIiwKICAgICAgICAgICAgICAgICJlbGFzdGljbG9hZGJhbGFuY2luZzpSZW1vdmVMaXN0ZW5lckNlcnRpZmljYXRlcyIsCiAgICAgICAgICAgICAgICAiZWxhc3RpY2xvYWRiYWxhbmNpbmc6TW9kaWZ5UnVsZSIKICAgICAgICAgICAgXSwKICAgICAgICAgICAgIlJlc291cmNlIjogIioiCiAgICAgICAgfQogICAgXQp9Cg==",
            "response_headers": {
              "Accept-Ranges": "bytes",
              "Access-Control-Allow-Origin": "*",
              "Cache-Control": "max-age=300",
              "Content-Security-Policy": "default-src 'none'; style-src 'unsafe-inline'; sandbox",
              "Content-Type": "text/plain; charset=utf-8",
              "Cross-Origin-Resource-Policy": "cross-origin",
              "Date": "Wed, 28 May 2025 10:15:00 GMT",
              "Etag": "W/\"3053c27c41ac3b2bcd4a276ecb701bf4c44537fac048d0141785a9e680f91d3b\"",
              "Expires": "Wed, 28 May 2025 10:20:00 GMT",
              "Source-Age": "0",
              "Strict-Transport-Security": "max-age=31536000",
              "Vary": "Authorization,Accept-Encoding",
              "Via": "1.1 varnish",
              "X-Cache": "HIT",
              "X-Cache-Hits": "0",
              "X-Content-Type-Options": "nosniff",
              "X-Fastly-Request-Id": "0e239f0899853babce91c5dbcbb6079b19d10353",
              "X-Frame-Options": "deny",
              "X-Github-Request-Id": "139D:3F94DC:6EFDE:16886B:6836A35B",
              "X-Served-By": "cache-icn1450041-ICN",
              "X-Timer": "S1748427300.775095,VS0,VE255",
              "X-Xss-Protection": "1; mode=block"
            },
            "retry": null,
            "status_code": 200,
            "url": "https://raw.githubusercontent.com/kubernetes-sigs/aws-load-balancer-controller/v2.7.1/docs/install/iam_policy.json"
          },
          "sensitive_attributes": [],
          "identity_schema_version": 0
        }
      ]
    },
    {
      "module": "module.alb",
      "mode": "managed",
      "type": "aws_iam_policy",
      "name": "alb_controller",
      "provider": "provider[\"registry.terraform.io/hashicorp/aws\"]",
      "instances": [
        {
          "schema_version": 0,
          "attributes": {
            "arn": "arn:aws:iam::886723286293:policy/AWSLoadBalancerControllerIAMPolicy-v3",
            "attachment_count": 1,
            "description": "",
            "id": "arn:aws:iam::886723286293:policy/AWSLoadBalancerControllerIAMPolicy-v3",
            "name": "AWSLoadBalancerControllerIAMPolicy-v3",
            "name_prefix": "",
            "path": "/",
            "policy": "{\"Statement\":[{\"Action\":[\"iam:CreateServiceLinkedRole\"],\"Condition\":{\"StringEquals\":{\"iam:AWSServiceName\":\"elasticloadbalancing.amazonaws.com\"}},\"Effect\":\"Allow\",\"Resource\":\"*\"},{\"Action\":[\"ec2:DescribeAccountAttributes\",\"ec2:DescribeAddresses\",\"ec2:DescribeAvailabilityZones\",\"ec2:DescribeInternetGateways\",\"ec2:DescribeVpcs\",\"ec2:DescribeVpcPeeringConnections\",\"ec2:DescribeSubnets\",\"ec2:DescribeSecurityGroups\",\"ec2:DescribeInstances\",\"ec2:DescribeNetworkInterfaces\",\"ec2:DescribeTags\",\"ec2:GetCoipPoolUsage\",\"ec2:DescribeCoipPools\",\"elasticloadbalancing:DescribeLoadBalancers\",\"elasticloadbalancing:DescribeLoadBalancerAttributes\",\"elasticloadbalancing:DescribeListeners\",\"elasticloadbalancing:DescribeListenerCertificates\",\"elasticloadbalancing:DescribeSSLPolicies\",\"elasticloadbalancing:DescribeRules\",\"elasticloadbalancing:DescribeTargetGroups\",\"elasticloadbalancing:DescribeTargetGroupAttributes\",\"elasticloadbalancing:DescribeTargetHealth\",\"elasticloadbalancing:DescribeTags\",\"elasticloadbalancing:DescribeTrustStores\"],\"Effect\":\"Allow\",\"Resource\":\"*\"},{\"Action\":[\"cognito-idp:DescribeUserPoolClient\",\"acm:ListCertificates\",\"acm:DescribeCertificate\",\"iam:ListServerCertificates\",\"iam:GetServerCertificate\",\"waf-regional:GetWebACL\",\"waf-regional:GetWebACLForResource\",\"waf-regional:AssociateWebACL\",\"waf-regional:DisassociateWebACL\",\"wafv2:GetWebACL\",\"wafv2:GetWebACLForResource\",\"wafv2:AssociateWebACL\",\"wafv2:DisassociateWebACL\",\"shield:GetSubscriptionState\",\"shield:DescribeProtection\",\"shield:CreateProtection\",\"shield:DeleteProtection\"],\"Effect\":\"Allow\",\"Resource\":\"*\"},{\"Action\":[\"ec2:AuthorizeSecurityGroupIngress\",\"ec2:RevokeSecurityGroupIngress\"],\"Effect\":\"Allow\",\"Resource\":\"*\"},{\"Action\":[\"ec2:CreateSecurityGroup\"],\"Effect\":\"Allow\",\"Resource\":\"*\"},{\"Action\":[\"ec2:CreateTags\"],\"Condition\":{\"Null\":{\"aws:RequestTag/elbv2.k8s.aws/cluster\":\"false\"},\"StringEquals\":{\"ec2:CreateAction\":\"CreateSecurityGroup\"}},\"Effect\":\"Allow\",\"Resource\":\"arn:aws:ec2:*:*:security-group/*\"},{\"Action\":[\"ec2:CreateTags\",\"ec2:DeleteTags\"],\"Condition\":{\"Null\":{\"aws:RequestTag/elbv2.k8s.aws/cluster\":\"true\",\"aws:ResourceTag/elbv2.k8s.aws/cluster\":\"false\"}},\"Effect\":\"Allow\",\"Resource\":\"arn:aws:ec2:*:*:security-group/*\"},{\"Action\":[\"ec2:AuthorizeSecurityGroupIngress\",\"ec2:RevokeSecurityGroupIngress\",\"ec2:DeleteSecurityGroup\"],\"Condition\":{\"Null\":{\"aws:ResourceTag/elbv2.k8s.aws/cluster\":\"false\"}},\"Effect\":\"Allow\",\"Resource\":\"*\"},{\"Action\":[\"elasticloadbalancing:CreateLoadBalancer\",\"elasticloadbalancing:CreateTargetGroup\"],\"Condition\":{\"Null\":{\"aws:RequestTag/elbv2.k8s.aws/cluster\":\"false\"}},\"Effect\":\"Allow\",\"Resource\":\"*\"},{\"Action\":[\"elasticloadbalancing:CreateListener\",\"elasticloadbalancing:DeleteListener\",\"elasticloadbalancing:CreateRule\",\"elasticloadbalancing:DeleteRule\"],\"Effect\":\"Allow\",\"Resource\":\"*\"},{\"Action\":[\"elasticloadbalancing:AddTags\",\"elasticloadbalancing:RemoveTags\"],\"Condition\":{\"Null\":{\"aws:RequestTag/elbv2.k8s.aws/cluster\":\"true\",\"aws:ResourceTag/elbv2.k8s.aws/cluster\":\"false\"}},\"Effect\":\"Allow\",\"Resource\":[\"arn:aws:elasticloadbalancing:*:*:targetgroup/*/*\",\"arn:aws:elasticloadbalancing:*:*:loadbalancer/net/*/*\",\"arn:aws:elasticloadbalancing:*:*:loadbalancer/app/*/*\"]},{\"Action\":[\"elasticloadbalancing:AddTags\",\"elasticloadbalancing:RemoveTags\"],\"Effect\":\"Allow\",\"Resource\":[\"arn:aws:elasticloadbalancing:*:*:listener/net/*/*/*\",\"arn:aws:elasticloadbalancing:*:*:listener/app/*/*/*\",\"arn:aws:elasticloadbalancing:*:*:listener-rule/net/*/*/*\",\"arn:aws:elasticloadbalancing:*:*:listener-rule/app/*/*/*\"]},{\"Action\":[\"elasticloadbalancing:ModifyLoadBalancerAttributes\",\"elasticloadbalancing:SetIpAddressType\",\"elasticloadbalancing:SetSecurityGroups\",\"elasticloadbalancing:SetSubnets\",\"elasticloadbalancing:DeleteLoadBalancer\",\"elasticloadbalancing:ModifyTargetGroup\",\"elasticloadbalancing:ModifyTargetGroupAttributes\",\"elasticloadbalancing:DeleteTargetGroup\"],\"Condition\":{\"Null\":{\"aws:ResourceTag/elbv2.k8s.aws/cluster\":\"false\"}},\"Effect\":\"Allow\",\"Resource\":\"*\"},{\"Action\":[\"elasticloadbalancing:AddTags\"],\"Condition\":{\"Null\":{\"aws:RequestTag/elbv2.k8s.aws/cluster\":\"false\"},\"StringEquals\":{\"elasticloadbalancing:CreateAction\":[\"CreateTargetGroup\",\"CreateLoadBalancer\"]}},\"Effect\":\"Allow\",\"Resource\":[\"arn:aws:elasticloadbalancing:*:*:targetgroup/*/*\",\"arn:aws:elasticloadbalancing:*:*:loadbalancer/net/*/*\",\"arn:aws:elasticloadbalancing:*:*:loadbalancer/app/*/*\"]},{\"Action\":[\"elasticloadbalancing:RegisterTargets\",\"elasticloadbalancing:DeregisterTargets\"],\"Effect\":\"Allow\",\"Resource\":\"arn:aws:elasticloadbalancing:*:*:targetgroup/*/*\"},{\"Action\":[\"elasticloadbalancing:SetWebAcl\",\"elasticloadbalancing:ModifyListener\",\"elasticloadbalancing:AddListenerCertificates\",\"elasticloadbalancing:RemoveListenerCertificates\",\"elasticloadbalancing:ModifyRule\"],\"Effect\":\"Allow\",\"Resource\":\"*\"}],\"Version\":\"2012-10-17\"}",
            "policy_id": "ANPA445GTSUKTW7XXTSDP",
            "tags": {},
            "tags_all": {}
          },
          "sensitive_attributes": [],
          "identity_schema_version": 0,
          "private": "bnVsbA==",
          "dependencies": [
            "data.aws_subnets.private",
            "data.aws_subnets.public",
            "data.aws_vpc.existing",
            "module.alb.data.http.alb_policy",
            "module.eks.aws_eks_access_entry.iam_user_admin",
            "module.eks.aws_eks_access_policy_association.iam_user_admin_policy",
            "module.eks.aws_eks_cluster.msa_eks",
            "module.eks.aws_eks_node_group.msa_ng",
            "module.eks.aws_iam_openid_connect_provider.oidc",
            "module.eks.aws_iam_role.msa_eks_role",
            "module.eks.aws_iam_role.msa_nodegroup_role",
            "module.eks.aws_iam_role_policy_attachment.ebs_csi_policy",
            "module.eks.aws_iam_role_policy_attachment.msa-ng-AmazonEC2ContainerRegistryReadOnly",
            "module.eks.aws_iam_role_policy_attachment.msa-ng-AmazonEKSWorkerNodePolicy",
            "module.eks.aws_iam_role_policy_attachment.msa-ng-AmazonEKS_CNI_Policy",
            "module.eks.aws_iam_role_policy_attachment.msa_eks_role_attachment",
            "module.eks.data.aws_caller_identity.current",
            "null_resource.wait_for_cluster"
          ]
        }
      ]
    },
    {
      "module": "module.alb",
      "mode": "managed",
      "type": "aws_iam_policy",
      "name": "alb_controller_ec2_describe",
      "provider": "provider[\"registry.terraform.io/hashicorp/aws\"]",
      "instances": [
        {
          "schema_version": 0,
          "attributes": {
            "arn": "arn:aws:iam::886723286293:policy/ALBControllerEC2DescribePolicy-v3",
            "attachment_count": 1,
            "description": "",
            "id": "arn:aws:iam::886723286293:policy/ALBControllerEC2DescribePolicy-v3",
            "name": "ALBControllerEC2DescribePolicy-v3",
            "name_prefix": "",
            "path": "/",
            "policy": "{\"Statement\":[{\"Action\":[\"ec2:Describe*\",\"ec2:CreateSecurityGroup\",\"ec2:CreateTags\",\"ec2:AuthorizeSecurityGroupIngress\",\"ec2:RevokeSecurityGroupIngress\",\"ec2:DeleteSecurityGroup\"],\"Effect\":\"Allow\",\"Resource\":\"*\"}],\"Version\":\"2012-10-17\"}",
            "policy_id": "ANPA445GTSUKV3PZ3RAW2",
            "tags": {},
            "tags_all": {}
          },
          "sensitive_attributes": [],
          "identity_schema_version": 0,
          "private": "bnVsbA==",
          "dependencies": [
            "data.aws_subnets.private",
            "data.aws_subnets.public",
            "data.aws_vpc.existing",
            "module.eks.aws_eks_access_entry.iam_user_admin",
            "module.eks.aws_eks_access_policy_association.iam_user_admin_policy",
            "module.eks.aws_eks_cluster.msa_eks",
            "module.eks.aws_eks_node_group.msa_ng",
            "module.eks.aws_iam_openid_connect_provider.oidc",
            "module.eks.aws_iam_role.msa_eks_role",
            "module.eks.aws_iam_role.msa_nodegroup_role",
            "module.eks.aws_iam_role_policy_attachment.ebs_csi_policy",
            "module.eks.aws_iam_role_policy_attachment.msa-ng-AmazonEC2ContainerRegistryReadOnly",
            "module.eks.aws_iam_role_policy_attachment.msa-ng-AmazonEKSWorkerNodePolicy",
            "module.eks.aws_iam_role_policy_attachment.msa-ng-AmazonEKS_CNI_Policy",
            "module.eks.aws_iam_role_policy_attachment.msa_eks_role_attachment",
            "module.eks.data.aws_caller_identity.current",
            "null_resource.wait_for_cluster"
          ]
        }
      ]
    },
    {
      "module": "module.alb",
      "mode": "managed",
      "type": "aws_iam_role",
      "name": "alb_sa_role",
      "provider": "provider[\"registry.terraform.io/hashicorp/aws\"]",
      "instances": [
        {
          "schema_version": 0,
          "attributes": {
            "arn": "arn:aws:iam::886723286293:role/eks-alb-controller-role-v3",
            "assume_role_policy": "{\"Statement\":[{\"Action\":\"sts:AssumeRoleWithWebIdentity\",\"Condition\":{\"StringEquals\":{\"oidc.eks.ap-northeast-2.amazonaws.com/id/B98A09DD1D678B0EF88A50755D2F468C:sub\":\"system:serviceaccount:kube-system:aws-load-balancer-controller\"}},\"Effect\":\"Allow\",\"Principal\":{\"Federated\":\"arn:aws:iam::886723286293:oidc-provider/oidc.eks.ap-northeast-2.amazonaws.com/id/B98A09DD1D678B0EF88A50755D2F468C\"}}],\"Version\":\"2012-10-17\"}",
            "create_date": "2025-05-28T09:02:53Z",
            "description": "",
            "force_detach_policies": false,
            "id": "eks-alb-controller-role-v3",
            "inline_policy": [],
            "managed_policy_arns": [
              "arn:aws:iam::886723286293:policy/ALBControllerEC2DescribePolicy-v3",
              "arn:aws:iam::886723286293:policy/AWSLoadBalancerControllerIAMPolicy-v3",
              "arn:aws:iam::aws:policy/ElasticLoadBalancingFullAccess"
            ],
            "max_session_duration": 3600,
            "name": "eks-alb-controller-role-v3",
            "name_prefix": "",
            "path": "/",
            "permissions_boundary": "",
            "tags": {},
            "tags_all": {},
            "unique_id": "AROA445GTSUKTSO6RPKZM"
          },
          "sensitive_attributes": [],
          "identity_schema_version": 0,
          "private": "bnVsbA==",
          "dependencies": [
            "data.aws_subnets.private",
            "data.aws_subnets.public",
            "data.aws_vpc.existing",
            "module.alb.data.aws_iam_openid_connect_provider.eks",
            "module.eks.aws_eks_access_entry.iam_user_admin",
            "module.eks.aws_eks_access_policy_association.iam_user_admin_policy",
            "module.eks.aws_eks_cluster.msa_eks",
            "module.eks.aws_eks_node_group.msa_ng",
            "module.eks.aws_iam_openid_connect_provider.oidc",
            "module.eks.aws_iam_role.msa_eks_role",
            "module.eks.aws_iam_role.msa_nodegroup_role",
            "module.eks.aws_iam_role_policy_attachment.ebs_csi_policy",
            "module.eks.aws_iam_role_policy_attachment.msa-ng-AmazonEC2ContainerRegistryReadOnly",
            "module.eks.aws_iam_role_policy_attachment.msa-ng-AmazonEKSWorkerNodePolicy",
            "module.eks.aws_iam_role_policy_attachment.msa-ng-AmazonEKS_CNI_Policy",
            "module.eks.aws_iam_role_policy_attachment.msa_eks_role_attachment",
            "module.eks.data.aws_caller_identity.current",
            "null_resource.wait_for_cluster"
          ]
        }
      ]
    },
    {
      "module": "module.alb",
      "mode": "managed",
      "type": "aws_iam_role_policy_attachment",
      "name": "alb_sa_attach",
      "provider": "provider[\"registry.terraform.io/hashicorp/aws\"]",
      "instances": [
        {
          "schema_version": 0,
          "attributes": {
            "id": "eks-alb-controller-role-v3-20250528090255650800000004",
            "policy_arn": "arn:aws:iam::886723286293:policy/AWSLoadBalancerControllerIAMPolicy-v3",
            "role": "eks-alb-controller-role-v3"
          },
          "sensitive_attributes": [],
          "identity_schema_version": 0,
          "private": "bnVsbA==",
          "dependencies": [
            "data.aws_subnets.private",
            "data.aws_subnets.public",
            "data.aws_vpc.existing",
            "module.alb.aws_iam_policy.alb_controller",
            "module.alb.aws_iam_role.alb_sa_role",
            "module.alb.data.aws_iam_openid_connect_provider.eks",
            "module.alb.data.http.alb_policy",
            "module.eks.aws_eks_access_entry.iam_user_admin",
            "module.eks.aws_eks_access_policy_association.iam_user_admin_policy",
            "module.eks.aws_eks_cluster.msa_eks",
            "module.eks.aws_eks_node_group.msa_ng",
            "module.eks.aws_iam_openid_connect_provider.oidc",
            "module.eks.aws_iam_role.msa_eks_role",
            "module.eks.aws_iam_role.msa_nodegroup_role",
            "module.eks.aws_iam_role_policy_attachment.ebs_csi_policy",
            "module.eks.aws_iam_role_policy_attachment.msa-ng-AmazonEC2ContainerRegistryReadOnly",
            "module.eks.aws_iam_role_policy_attachment.msa-ng-AmazonEKSWorkerNodePolicy",
            "module.eks.aws_iam_role_policy_attachment.msa-ng-AmazonEKS_CNI_Policy",
            "module.eks.aws_iam_role_policy_attachment.msa_eks_role_attachment",
            "module.eks.data.aws_caller_identity.current",
            "null_resource.wait_for_cluster"
          ]
        }
      ]
    },
    {
      "module": "module.alb",
      "mode": "managed",
      "type": "aws_iam_role_policy_attachment",
      "name": "alb_sa_attach_ec2_describe",
      "provider": "provider[\"registry.terraform.io/hashicorp/aws\"]",
      "instances": [
        {
          "schema_version": 0,
          "attributes": {
            "id": "eks-alb-controller-role-v3-20250528090255591900000002",
            "policy_arn": "arn:aws:iam::886723286293:policy/ALBControllerEC2DescribePolicy-v3",
            "role": "eks-alb-controller-role-v3"
          },
          "sensitive_attributes": [],
          "identity_schema_version": 0,
          "private": "bnVsbA==",
          "dependencies": [
            "data.aws_subnets.private",
            "data.aws_subnets.public",
            "data.aws_vpc.existing",
            "module.alb.aws_iam_policy.alb_controller_ec2_describe",
            "module.alb.aws_iam_role.alb_sa_role",
            "module.alb.data.aws_iam_openid_connect_provider.eks",
            "module.eks.aws_eks_access_entry.iam_user_admin",
            "module.eks.aws_eks_access_policy_association.iam_user_admin_policy",
            "module.eks.aws_eks_cluster.msa_eks",
            "module.eks.aws_eks_node_group.msa_ng",
            "module.eks.aws_iam_openid_connect_provider.oidc",
            "module.eks.aws_iam_role.msa_eks_role",
            "module.eks.aws_iam_role.msa_nodegroup_role",
            "module.eks.aws_iam_role_policy_attachment.ebs_csi_policy",
            "module.eks.aws_iam_role_policy_attachment.msa-ng-AmazonEC2ContainerRegistryReadOnly",
            "module.eks.aws_iam_role_policy_attachment.msa-ng-AmazonEKSWorkerNodePolicy",
            "module.eks.aws_iam_role_policy_attachment.msa-ng-AmazonEKS_CNI_Policy",
            "module.eks.aws_iam_role_policy_attachment.msa_eks_role_attachment",
            "module.eks.data.aws_caller_identity.current",
            "null_resource.wait_for_cluster"
          ]
        }
      ]
    },
    {
      "module": "module.alb",
      "mode": "managed",
      "type": "aws_iam_role_policy_attachment",
      "name": "alb_sa_elb_full_access",
      "provider": "provider[\"registry.terraform.io/hashicorp/aws\"]",
      "instances": [
        {
          "schema_version": 0,
          "attributes": {
            "id": "eks-alb-controller-role-v3-20250528090255634200000003",
            "policy_arn": "arn:aws:iam::aws:policy/ElasticLoadBalancingFullAccess",
            "role": "eks-alb-controller-role-v3"
          },
          "sensitive_attributes": [],
          "identity_schema_version": 0,
          "private": "bnVsbA==",
          "dependencies": [
            "data.aws_subnets.private",
            "data.aws_subnets.public",
            "data.aws_vpc.existing",
            "module.alb.aws_iam_role.alb_sa_role",
            "module.alb.data.aws_iam_openid_connect_provider.eks",
            "module.eks.aws_eks_access_entry.iam_user_admin",
            "module.eks.aws_eks_access_policy_association.iam_user_admin_policy",
            "module.eks.aws_eks_cluster.msa_eks",
            "module.eks.aws_eks_node_group.msa_ng",
            "module.eks.aws_iam_openid_connect_provider.oidc",
            "module.eks.aws_iam_role.msa_eks_role",
            "module.eks.aws_iam_role.msa_nodegroup_role",
            "module.eks.aws_iam_role_policy_attachment.ebs_csi_policy",
            "module.eks.aws_iam_role_policy_attachment.msa-ng-AmazonEC2ContainerRegistryReadOnly",
            "module.eks.aws_iam_role_policy_attachment.msa-ng-AmazonEKSWorkerNodePolicy",
            "module.eks.aws_iam_role_policy_attachment.msa-ng-AmazonEKS_CNI_Policy",
            "module.eks.aws_iam_role_policy_attachment.msa_eks_role_attachment",
            "module.eks.data.aws_caller_identity.current",
            "null_resource.wait_for_cluster"
          ]
        }
      ]
    },
    {
      "module": "module.alb",
      "mode": "managed",
      "type": "aws_security_group",
      "name": "alb_sg",
      "provider": "provider[\"registry.terraform.io/hashicorp/aws\"]",
      "instances": [
        {
          "schema_version": 1,
          "attributes": {
            "arn": "arn:aws:ec2:ap-northeast-2:886723286293:security-group/sg-020f7d4234af3036f",
            "description": "Security Group for AWS Load Balancer Controller",
            "egress": [
              {
                "cidr_blocks": [
                  "0.0.0.0/0"
                ],
                "description": "",
                "from_port": 0,
                "ipv6_cidr_blocks": [],
                "prefix_list_ids": [],
                "protocol": "-1",
                "security_groups": [],
                "self": false,
                "to_port": 0
              }
            ],
            "id": "sg-020f7d4234af3036f",
            "ingress": [
              {
                "cidr_blocks": [
                  "0.0.0.0/0"
                ],
                "description": "Allow HTTP",
                "from_port": 80,
                "ipv6_cidr_blocks": [],
                "prefix_list_ids": [],
                "protocol": "tcp",
                "security_groups": [],
                "self": false,
                "to_port": 80
              },
              {
                "cidr_blocks": [
                  "0.0.0.0/0"
                ],
                "description": "Allow HTTPS",
                "from_port": 443,
                "ipv6_cidr_blocks": [],
                "prefix_list_ids": [],
                "protocol": "tcp",
                "security_groups": [],
                "self": false,
                "to_port": 443
              }
            ],
            "name": "alb-controller-sg",
            "name_prefix": "",
            "owner_id": "886723286293",
            "revoke_rules_on_delete": false,
            "tags": {
              "Name": "alb-sg"
            },
            "tags_all": {
              "Name": "alb-sg"
            },
            "timeouts": null,
            "vpc_id": "vpc-0cd8b6ff7b3cf7986"
          },
          "sensitive_attributes": [],
          "identity_schema_version": 0,
          "private": "eyJlMmJmYjczMC1lY2FhLTExZTYtOGY4OC0zNDM2M2JjN2M0YzAiOnsiY3JlYXRlIjo2MDAwMDAwMDAwMDAsImRlbGV0ZSI6OTAwMDAwMDAwMDAwfSwic2NoZW1hX3ZlcnNpb24iOiIxIn0=",
          "dependencies": [
            "data.aws_subnets.private",
            "data.aws_subnets.public",
            "data.aws_vpc.existing",
            "module.eks.aws_eks_access_entry.iam_user_admin",
            "module.eks.aws_eks_access_policy_association.iam_user_admin_policy",
            "module.eks.aws_eks_cluster.msa_eks",
            "module.eks.aws_eks_node_group.msa_ng",
            "module.eks.aws_iam_openid_connect_provider.oidc",
            "module.eks.aws_iam_role.msa_eks_role",
            "module.eks.aws_iam_role.msa_nodegroup_role",
            "module.eks.aws_iam_role_policy_attachment.ebs_csi_policy",
            "module.eks.aws_iam_role_policy_attachment.msa-ng-AmazonEC2ContainerRegistryReadOnly",
            "module.eks.aws_iam_role_policy_attachment.msa-ng-AmazonEKSWorkerNodePolicy",
            "module.eks.aws_iam_role_policy_attachment.msa-ng-AmazonEKS_CNI_Policy",
            "module.eks.aws_iam_role_policy_attachment.msa_eks_role_attachment",
            "module.eks.data.aws_caller_identity.current",
            "null_resource.wait_for_cluster"
          ]
        }
      ]
    },
    {
      "module": "module.alb",
      "mode": "managed",
      "type": "helm_release",
      "name": "alb_controller",
      "provider": "provider[\"registry.terraform.io/hashicorp/helm\"].eks",
      "instances": [
        {
          "schema_version": 1,
          "attributes": {
            "atomic": false,
            "chart": "aws-load-balancer-controller",
            "cleanup_on_fail": false,
            "create_namespace": false,
            "dependency_update": false,
            "description": null,
            "devel": null,
            "disable_crd_hooks": false,
            "disable_openapi_validation": false,
            "disable_webhooks": false,
            "force_update": false,
            "id": "aws-load-balancer-controller",
            "keyring": null,
            "lint": false,
            "manifest": null,
            "max_history": 0,
            "metadata": [
              {
                "app_version": "v2.7.1",
                "chart": "aws-load-balancer-controller",
                "name": "aws-load-balancer-controller",
                "namespace": "kube-system",
                "revision": 1,
                "values": "{\"clusterName\":\"msa-eks\",\"region\":\"ap-northeast-2\",\"serviceAccount\":{\"create\":false,\"name\":\"aws-load-balancer-controller\"},\"vpcId\":\"vpc-0cd8b6ff7b3cf7986\"}",
                "version": "1.7.1"
              }
            ],
            "name": "aws-load-balancer-controller",
            "namespace": "kube-system",
            "pass_credentials": false,
            "postrender": [],
            "recreate_pods": false,
            "render_subchart_notes": true,
            "replace": false,
            "repository": "https://aws.github.io/eks-charts",
            "repository_ca_file": null,
            "repository_cert_file": null,
            "repository_key_file": null,
            "repository_password": null,
            "repository_username": null,
            "reset_values": false,
            "reuse_values": false,
            "set": [
              {
                "name": "clusterName",
                "type": "",
                "value": "msa-eks"
              },
              {
                "name": "region",
                "type": "",
                "value": "ap-northeast-2"
              },
              {
                "name": "serviceAccount.create",
                "type": "",
                "value": "false"
              },
              {
                "name": "serviceAccount.name",
                "type": "",
                "value": "aws-load-balancer-controller"
              },
              {
                "name": "vpcId",
                "type": "",
                "value": "vpc-0cd8b6ff7b3cf7986"
              }
            ],
            "set_list": [],
            "set_sensitive": [],
            "skip_crds": false,
            "status": "deployed",
            "timeout": 300,
            "values": null,
            "verify": false,
            "version": "1.7.1",
            "wait": true,
            "wait_for_jobs": false
          },
          "sensitive_attributes": [
            [
              {
                "type": "get_attr",
                "value": "repository_password"
              }
            ]
          ],
          "identity_schema_version": 0,
          "private": "eyJzY2hlbWFfdmVyc2lvbiI6IjEifQ==",
          "dependencies": [
            "data.aws_eks_cluster_auth.eks",
            "data.aws_subnets.private",
            "data.aws_subnets.public",
            "data.aws_vpc.existing",
            "module.alb.aws_iam_policy.alb_controller",
            "module.alb.aws_iam_policy.alb_controller_ec2_describe",
            "module.alb.aws_iam_role.alb_sa_role",
            "module.alb.aws_iam_role_policy_attachment.alb_sa_attach",
            "module.alb.aws_iam_role_policy_attachment.alb_sa_attach_ec2_describe",
            "module.alb.aws_iam_role_policy_attachment.alb_sa_elb_full_access",
            "module.alb.data.aws_iam_openid_connect_provider.eks",
            "module.alb.data.http.alb_policy",
            "module.alb.kubernetes_service_account.alb_sa",
            "module.eks.aws_eks_access_entry.iam_user_admin",
            "module.eks.aws_eks_access_policy_association.iam_user_admin_policy",
            "module.eks.aws_eks_cluster.msa_eks",
            "module.eks.aws_eks_node_group.msa_ng",
            "module.eks.aws_iam_openid_connect_provider.oidc",
            "module.eks.aws_iam_role.msa_eks_role",
            "module.eks.aws_iam_role.msa_nodegroup_role",
            "module.eks.aws_iam_role_policy_attachment.ebs_csi_policy",
            "module.eks.aws_iam_role_policy_attachment.msa-ng-AmazonEC2ContainerRegistryReadOnly",
            "module.eks.aws_iam_role_policy_attachment.msa-ng-AmazonEKSWorkerNodePolicy",
            "module.eks.aws_iam_role_policy_attachment.msa-ng-AmazonEKS_CNI_Policy",
            "module.eks.aws_iam_role_policy_attachment.msa_eks_role_attachment",
            "module.eks.data.aws_caller_identity.current",
            "null_resource.wait_for_cluster"
          ]
        }
      ]
    },
    {
      "module": "module.alb",
      "mode": "managed",
      "type": "kubernetes_config_map",
      "name": "aws_auth",
      "provider": "provider[\"registry.terraform.io/hashicorp/kubernetes\"].eks",
      "instances": [
        {
          "schema_version": 0,
          "attributes": {
            "binary_data": {},
            "data": {
              "mapRoles": "- \"groups\":\n  - \"system:masters\"\n  \"rolearn\": \"arn:aws:sts::886723286293:assumed-role/AWSReservedSSO_AdministratorAccess_be811d95ad9f0f4a\"\n  \"username\": \"admin\"\n- \"groups\":\n  - \"system:bootstrappers\"\n  - \"system:nodes\"\n  \"rolearn\": \"arn:aws:iam::886723286293:role/msa_nodegroup_role\"\n  \"username\": \"system:node:{{EC2PrivateDNSName}}\"\n"
            },
            "id": "kube-system/aws-auth",
            "immutable": false,
            "metadata": [
              {
                "annotations": {},
                "generate_name": "",
                "generation": 0,
                "labels": {},
                "name": "aws-auth",
                "namespace": "kube-system",
                "resource_version": "64211",
                "uid": "0e608100-88af-4f2a-9734-d3c1a47578c1"
              }
            ]
          },
          "sensitive_attributes": [],
          "identity_schema_version": 0,
          "private": "bnVsbA==",
          "dependencies": [
            "data.aws_eks_cluster_auth.eks",
            "data.aws_subnets.private",
            "data.aws_subnets.public",
            "data.aws_vpc.existing",
            "module.eks.aws_eks_access_entry.iam_user_admin",
            "module.eks.aws_eks_access_policy_association.iam_user_admin_policy",
            "module.eks.aws_eks_cluster.msa_eks",
            "module.eks.aws_eks_node_group.msa_ng",
            "module.eks.aws_iam_openid_connect_provider.oidc",
            "module.eks.aws_iam_role.msa_eks_role",
            "module.eks.aws_iam_role.msa_nodegroup_role",
            "module.eks.aws_iam_role_policy_attachment.ebs_csi_policy",
            "module.eks.aws_iam_role_policy_attachment.msa-ng-AmazonEC2ContainerRegistryReadOnly",
            "module.eks.aws_iam_role_policy_attachment.msa-ng-AmazonEKSWorkerNodePolicy",
            "module.eks.aws_iam_role_policy_attachment.msa-ng-AmazonEKS_CNI_Policy",
            "module.eks.aws_iam_role_policy_attachment.msa_eks_role_attachment",
            "module.eks.data.aws_caller_identity.current",
            "null_resource.wait_for_cluster"
          ]
        }
      ]
    },
    {
      "module": "module.alb",
      "mode": "managed",
      "type": "kubernetes_service_account",
      "name": "alb_sa",
      "provider": "provider[\"registry.terraform.io/hashicorp/kubernetes\"].eks",
      "instances": [
        {
          "schema_version": 0,
          "attributes": {
            "automount_service_account_token": true,
            "default_secret_name": "",
            "id": "kube-system/aws-load-balancer-controller",
            "image_pull_secret": [],
            "metadata": [
              {
                "annotations": {
                  "eks.amazonaws.com/role-arn": "arn:aws:iam::886723286293:role/eks-alb-controller-role-v3"
                },
                "generate_name": "",
                "generation": 0,
                "labels": {},
                "name": "aws-load-balancer-controller",
                "namespace": "kube-system",
                "resource_version": "65701",
                "uid": "b60d1ac6-2ec6-4261-ac27-3c1612f6119c"
              }
            ],
            "secret": [],
            "timeouts": null
          },
          "sensitive_attributes": [],
          "identity_schema_version": 0,
          "private": "eyJlMmJmYjczMC1lY2FhLTExZTYtOGY4OC0zNDM2M2JjN2M0YzAiOnsiY3JlYXRlIjozMDAwMDAwMDAwMH19",
          "dependencies": [
            "data.aws_eks_cluster_auth.eks",
            "data.aws_subnets.private",
            "data.aws_subnets.public",
            "data.aws_vpc.existing",
            "module.alb.aws_iam_policy.alb_controller",
            "module.alb.aws_iam_role.alb_sa_role",
            "module.alb.aws_iam_role_policy_attachment.alb_sa_attach",
            "module.alb.data.aws_iam_openid_connect_provider.eks",
            "module.alb.data.http.alb_policy",
            "module.eks.aws_eks_access_entry.iam_user_admin",
            "module.eks.aws_eks_access_policy_association.iam_user_admin_policy",
            "module.eks.aws_eks_cluster.msa_eks",
            "module.eks.aws_eks_node_group.msa_ng",
            "module.eks.aws_iam_openid_connect_provider.oidc",
            "module.eks.aws_iam_role.msa_eks_role",
            "module.eks.aws_iam_role.msa_nodegroup_role",
            "module.eks.aws_iam_role_policy_attachment.ebs_csi_policy",
            "module.eks.aws_iam_role_policy_attachment.msa-ng-AmazonEC2ContainerRegistryReadOnly",
            "module.eks.aws_iam_role_policy_attachment.msa-ng-AmazonEKSWorkerNodePolicy",
            "module.eks.aws_iam_role_policy_attachment.msa-ng-AmazonEKS_CNI_Policy",
            "module.eks.aws_iam_role_policy_attachment.msa_eks_role_attachment",
            "module.eks.data.aws_caller_identity.current",
            "null_resource.wait_for_cluster"
          ]
        }
      ]
    },
    {
      "module": "module.eks",
      "mode": "data",
      "type": "aws_caller_identity",
      "name": "current",
      "provider": "provider[\"registry.terraform.io/hashicorp/aws\"]",
      "instances": [
        {
          "schema_version": 0,
          "attributes": {
            "account_id": "886723286293",
            "arn": "arn:aws:iam::886723286293:user/user",
            "id": "886723286293",
            "user_id": "AIDA445GTSUKQENRAH2EI"
          },
          "sensitive_attributes": [],
          "identity_schema_version": 0
        }
      ]
    },
    {
      "module": "module.eks",
      "mode": "managed",
      "type": "aws_eks_access_entry",
      "name": "iam_user_admin",
      "provider": "provider[\"registry.terraform.io/hashicorp/aws\"]",
      "instances": [
        {
          "schema_version": 0,
          "attributes": {
            "access_entry_arn": "arn:aws:eks:ap-northeast-2:886723286293:access-entry/msa-eks/user/886723286293/user/78cb8b2d-876c-de03-1bc6-9662417622c7",
            "cluster_name": "msa-eks",
            "created_at": "2025-05-28T10:05:55Z",
            "id": "msa-eks:arn:aws:iam::886723286293:user/user",
            "kubernetes_groups": [],
            "modified_at": "2025-05-28T10:05:55Z",
            "principal_arn": "arn:aws:iam::886723286293:user/user",
            "tags": {},
            "tags_all": {},
            "timeouts": null,
            "type": "STANDARD",
            "user_name": "arn:aws:iam::886723286293:user/user"
          },
          "sensitive_attributes": [],
          "identity_schema_version": 0,
          "private": "eyJlMmJmYjczMC1lY2FhLTExZTYtOGY4OC0zNDM2M2JjN2M0YzAiOnsiY3JlYXRlIjo2MDAwMDAwMDAwMDAsImRlbGV0ZSI6NjAwMDAwMDAwMDAwfX0=",
          "dependencies": [
            "data.aws_subnets.private",
            "data.aws_vpc.existing",
            "module.eks.aws_eks_cluster.msa_eks",
            "module.eks.aws_iam_role.msa_eks_role",
            "module.eks.aws_iam_role_policy_attachment.msa_eks_role_attachment",
            "module.eks.data.aws_caller_identity.current"
          ],
          "create_before_destroy": true
        }
      ]
    },
    {
      "module": "module.eks",
      "mode": "managed",
      "type": "aws_eks_access_policy_association",
      "name": "iam_user_admin_policy",
      "provider": "provider[\"registry.terraform.io/hashicorp/aws\"]",
      "instances": [
        {
          "schema_version": 0,
          "attributes": {
            "access_scope": [
              {
                "namespaces": [],
                "type": "cluster"
              }
            ],
            "associated_at": "2025-05-28 10:05:56.482 +0000 UTC",
            "cluster_name": "msa-eks",
            "id": "msa-eks#arn:aws:iam::886723286293:user/user#arn:aws:eks::aws:cluster-access-policy/AmazonEKSClusterAdminPolicy",
            "modified_at": "2025-05-28 10:05:56.482 +0000 UTC",
            "policy_arn": "arn:aws:eks::aws:cluster-access-policy/AmazonEKSClusterAdminPolicy",
            "principal_arn": "arn:aws:iam::886723286293:user/user",
            "timeouts": null
          },
          "sensitive_attributes": [],
          "identity_schema_version": 0,
          "private": "eyJlMmJmYjczMC1lY2FhLTExZTYtOGY4OC0zNDM2M2JjN2M0YzAiOnsiY3JlYXRlIjo2MDAwMDAwMDAwMDAsImRlbGV0ZSI6NjAwMDAwMDAwMDAwfX0=",
          "dependencies": [
            "data.aws_subnets.private",
            "data.aws_vpc.existing",
            "module.eks.aws_eks_access_entry.iam_user_admin",
            "module.eks.aws_eks_cluster.msa_eks",
            "module.eks.aws_iam_role.msa_eks_role",
            "module.eks.aws_iam_role_policy_attachment.msa_eks_role_attachment",
            "module.eks.data.aws_caller_identity.current"
          ],
          "create_before_destroy": true
        }
      ]
    },
    {
      "module": "module.eks",
      "mode": "managed",
      "type": "aws_eks_cluster",
      "name": "msa_eks",
      "provider": "provider[\"registry.terraform.io/hashicorp/aws\"]",
      "instances": [
        {
          "schema_version": 1,
          "attributes": {
            "access_config": [
              {
                "authentication_mode": "API",
                "bootstrap_cluster_creator_admin_permissions": false
              }
            ],
            "arn": "arn:aws:eks:ap-northeast-2:886723286293:cluster/msa-eks",
            "bootstrap_self_managed_addons": true,
            "certificate_authority": [
              {
                "data": "LS0tLS1CRUdJTiBDRVJUSUZJQ0FURS0tLS0tCk1JSURCVENDQWUyZ0F3SUJBZ0lJQkZLWkgyZ1BJZFF3RFFZSktvWklodmNOQVFFTEJRQXdGVEVUTUJFR0ExVUUKQXhNS2EzVmlaWEp1WlhSbGN6QWVGdzB5TlRBMU1qZ3dNekV4TVRGYUZ3MHpOVEExTWpZd016RTJNVEZhTUJVeApFekFSQmdOVkJBTVRDbXQxWW1WeWJtVjBaWE13Z2dFaU1BMEdDU3FHU0liM0RRRUJBUVVBQTRJQkR3QXdnZ0VLCkFvSUJBUURNcWZKYkRBbmN6cEt2R2M0QnBFaDA3UFg2clVYWmpHVzdwdHRSTUxlV1ZsTGZoZkR2WHVZNEtzVFcKUURQdUVUVU55Q280MHc4ZHpPTXNZb0d1d1hzUnpsclRLZ3NpbHIvRC9IL3BvUjFWV0tBWVlWNloxbGcvQ1h3dgpSbDNIM0MxQWlnMytXS1RDWXdsMnhweU4vSUZsd3NkSXNWa2lHS3lPUS8xVGZZZkUvbTNCcVNTRE5sQVN5UWh1ClRPS01PckFKY01Rakh3bkx6ZlROOThRTGRqZWJhbkV6eWFoSmZYTFBRTFE0R1RiK3liQTFoSlVMM2cwbGJyOGoKR2pzdnhDRHpyWnFyT3VTZzdpdUFRbVE4WDcxSkhKcjRVUytsS3EzT3VtRDluckJIRlEwRStsS0Y4a0xOSFpHdwo0N2pCQkZFbkM1elBCWGZ2MXJMTFZEcWJoNlp4QWdNQkFBR2pXVEJYTUE0R0ExVWREd0VCL3dRRUF3SUNwREFQCkJnTlZIUk1CQWY4RUJUQURBUUgvTUIwR0ExVWREZ1FXQkJTM2xVcUVyRXRYNC81L0hiNTVvRk14a2pHR3FUQVYKQmdOVkhSRUVEakFNZ2dwcmRXSmxjbTVsZEdWek1BMEdDU3FHU0liM0RRRUJDd1VBQTRJQkFRQm40N2JDZXdyNQpaYWFza3BIbE1JQjBqa3piYU4xdHNnOHJmdSs1c1J2V2ZmTmRwVWNaUUVNN2FiNS9GSHZIZkx5WkNtWnd5b2Y4CkJQa3FidmY2WjBPUDNSTndwQXBZWUZiRkNZREVrVVUzNWY1VHRBWG5yNjFPRkU5V0pTZGlMSEUrZGZLQkhjelYKaThvQUlJSDQwTzk5SWQ0emlIQmlIRDZYUXpQSnI1KzE3Qm1MN0tCTFc5UHg5b0hpeGRhd1FSQThqcHR6WlE5bQpiNzhCalFtaWl2TS9kcmF0Q1VpejZkUlRlWCs0WDZrVjV6YjcyREw2SUVFMzlDMTZZMk1sNGRHZ1dUWXhKQjBRClN1aHl6NllTZHdBNjQ4KzE5VlB4R0FwcEZmOHFZOFc4aVVrTHhodDg5M1VFWHhtcEdIT1Z6M1FWYnNVNjk3WTEKQXc4Z3Fzd0FDTG9qCi0tLS0tRU5EIENFUlRJRklDQVRFLS0tLS0K"
              }
            ],
            "cluster_id": null,
            "compute_config": [],
            "created_at": "2025-05-28T03:11:59Z",
            "enabled_cluster_log_types": [],
            "encryption_config": [],
            "endpoint": "https://B98A09DD1D678B0EF88A50755D2F468C.gr7.ap-northeast-2.eks.amazonaws.com",
            "id": "msa-eks",
            "identity": [
              {
                "oidc": [
                  {
                    "issuer": "https://oidc.eks.ap-northeast-2.amazonaws.com/id/B98A09DD1D678B0EF88A50755D2F468C"
                  }
                ]
              }
            ],
            "kubernetes_network_config": [
              {
                "elastic_load_balancing": [
                  {
                    "enabled": false
                  }
                ],
                "ip_family": "ipv4",
                "service_ipv4_cidr": "172.20.0.0/16",
                "service_ipv6_cidr": ""
              }
            ],
            "name": "msa-eks",
            "outpost_config": [],
            "platform_version": "eks.38",
            "remote_network_config": [],
            "role_arn": "arn:aws:iam::886723286293:role/msa_eks_role",
            "status": "ACTIVE",
            "storage_config": [],
            "tags": {},
            "tags_all": {},
            "timeouts": null,
            "upgrade_policy": [
              {
                "support_type": "EXTENDED"
              }
            ],
            "version": "1.29",
            "vpc_config": [
              {
                "cluster_security_group_id": "sg-03eaa1b73d28cc104",
                "endpoint_private_access": false,
                "endpoint_public_access": true,
                "public_access_cidrs": [
                  "0.0.0.0/0"
                ],
                "security_group_ids": [],
                "subnet_ids": [
                  "subnet-00732c9394578d24c",
                  "subnet-021ca031cd9f38c3c",
                  "subnet-026c642c5226eaca7",
                  "subnet-034d4d1c932fbe08b",
                  "subnet-08bd52249deec883f",
                  "subnet-0fabc7156b9d3f0d4"
                ],
                "vpc_id": "vpc-0cd8b6ff7b3cf7986"
              }
            ],
            "zonal_shift_config": []
          },
          "sensitive_attributes": [],
          "identity_schema_version": 0,
          "private": "eyJlMmJmYjczMC1lY2FhLTExZTYtOGY4OC0zNDM2M2JjN2M0YzAiOnsiY3JlYXRlIjoxODAwMDAwMDAwMDAwLCJkZWxldGUiOjkwMDAwMDAwMDAwMCwidXBkYXRlIjozNjAwMDAwMDAwMDAwfSwic2NoZW1hX3ZlcnNpb24iOiIxIn0=",
          "dependencies": [
            "data.aws_subnets.private",
            "data.aws_vpc.existing",
            "module.eks.aws_iam_role.msa_eks_role",
            "module.eks.aws_iam_role_policy_attachment.msa_eks_role_attachment"
          ],
          "create_before_destroy": true
        }
      ]
    },
    {
      "module": "module.eks",
      "mode": "managed",
      "type": "aws_eks_node_group",
      "name": "msa_ng",
      "provider": "provider[\"registry.terraform.io/hashicorp/aws\"]",
      "instances": [
        {
          "schema_version": 0,
          "attributes": {
            "ami_type": "AL2_x86_64",
            "arn": "arn:aws:eks:ap-northeast-2:886723286293:nodegroup/msa-eks/msa-ng/82cb8a72-c844-0c34-78a7-f36e1d77bd2b",
            "capacity_type": "ON_DEMAND",
            "cluster_name": "msa-eks",
            "disk_size": 20,
            "force_update_version": null,
            "id": "msa-eks:msa-ng",
            "instance_types": [
              "t3.small"
            ],
            "labels": {},
            "launch_template": [],
            "node_group_name": "msa-ng",
            "node_group_name_prefix": "",
            "node_repair_config": [],
            "node_role_arn": "arn:aws:iam::886723286293:role/msa_nodegroup_role",
            "release_version": "1.29.15-20250519",
            "remote_access": [],
            "resources": [
              {
                "autoscaling_groups": [
                  {
                    "name": "eks-msa-ng-82cb8a72-c844-0c34-78a7-f36e1d77bd2b"
                  }
                ],
                "remote_access_security_group_id": ""
              }
            ],
            "scaling_config": [
              {
                "desired_size": 3,
                "max_size": 6,
                "min_size": 3
              }
            ],
            "status": "ACTIVE",
            "subnet_ids": [
              "subnet-00732c9394578d24c",
              "subnet-021ca031cd9f38c3c",
              "subnet-026c642c5226eaca7",
              "subnet-034d4d1c932fbe08b",
              "subnet-08bd52249deec883f",
              "subnet-0fabc7156b9d3f0d4"
            ],
            "tags": {},
            "tags_all": {},
            "taint": [],
            "timeouts": null,
            "update_config": [
              {
                "max_unavailable": 1,
                "max_unavailable_percentage": 0
              }
            ],
            "version": "1.29"
          },
          "sensitive_attributes": [],
          "identity_schema_version": 0,
          "private": "eyJlMmJmYjczMC1lY2FhLTExZTYtOGY4OC0zNDM2M2JjN2M0YzAiOnsiY3JlYXRlIjozNjAwMDAwMDAwMDAwLCJkZWxldGUiOjM2MDAwMDAwMDAwMDAsInVwZGF0ZSI6MzYwMDAwMDAwMDAwMH19",
          "dependencies": [
            "data.aws_subnets.private",
            "data.aws_vpc.existing",
            "module.eks.aws_eks_cluster.msa_eks",
            "module.eks.aws_iam_role.msa_eks_role",
            "module.eks.aws_iam_role.msa_nodegroup_role",
            "module.eks.aws_iam_role_policy_attachment.msa-ng-AmazonEC2ContainerRegistryReadOnly",
            "module.eks.aws_iam_role_policy_attachment.msa-ng-AmazonEKSWorkerNodePolicy",
            "module.eks.aws_iam_role_policy_attachment.msa-ng-AmazonEKS_CNI_Policy",
            "module.eks.aws_iam_role_policy_attachment.msa_eks_role_attachment"
          ],
          "create_before_destroy": true
        }
      ]
    },
    {
      "module": "module.eks",
      "mode": "managed",
      "type": "aws_iam_openid_connect_provider",
      "name": "oidc",
      "provider": "provider[\"registry.terraform.io/hashicorp/aws\"]",
      "instances": [
        {
          "schema_version": 0,
          "attributes": {
            "arn": "arn:aws:iam::886723286293:oidc-provider/oidc.eks.ap-northeast-2.amazonaws.com/id/B98A09DD1D678B0EF88A50755D2F468C",
            "client_id_list": [
              "sts.amazonaws.com"
            ],
            "id": "arn:aws:iam::886723286293:oidc-provider/oidc.eks.ap-northeast-2.amazonaws.com/id/B98A09DD1D678B0EF88A50755D2F468C",
            "tags": {},
            "tags_all": {},
            "thumbprint_list": [
              "9e99a48a9960b14926bb7f3b02e22da0ecd2e0f4"
            ],
            "url": "oidc.eks.ap-northeast-2.amazonaws.com/id/B98A09DD1D678B0EF88A50755D2F468C"
          },
          "sensitive_attributes": [],
          "identity_schema_version": 0,
          "private": "bnVsbA==",
          "dependencies": [
            "data.aws_subnets.private",
            "data.aws_vpc.existing",
            "module.eks.aws_eks_cluster.msa_eks",
            "module.eks.aws_iam_role.msa_eks_role",
            "module.eks.aws_iam_role_policy_attachment.msa_eks_role_attachment"
          ],
          "create_before_destroy": true
        }
      ]
    },
    {
      "module": "module.eks",
      "mode": "managed",
      "type": "aws_iam_role",
      "name": "msa_eks_role",
      "provider": "provider[\"registry.terraform.io/hashicorp/aws\"]",
      "instances": [
        {
          "schema_version": 0,
          "attributes": {
            "arn": "arn:aws:iam::886723286293:role/msa_eks_role",
            "assume_role_policy": "{\"Statement\":[{\"Action\":[\"sts:AssumeRole\",\"sts:TagSession\"],\"Effect\":\"Allow\",\"Principal\":{\"Service\":\"eks.amazonaws.com\"}}],\"Version\":\"2012-10-17\"}",
            "create_date": "2025-05-28T03:11:54Z",
            "description": "",
            "force_detach_policies": false,
            "id": "msa_eks_role",
            "inline_policy": [],
            "managed_policy_arns": [
              "arn:aws:iam::aws:policy/AmazonEKSClusterPolicy"
            ],
            "max_session_duration": 3600,
            "name": "msa_eks_role",
            "name_prefix": "",
            "path": "/",
            "permissions_boundary": "",
            "tags": {},
            "tags_all": {},
            "unique_id": "AROA445GTSUK6WAT2DU5U"
          },
          "sensitive_attributes": [],
          "identity_schema_version": 0,
          "private": "bnVsbA==",
          "create_before_destroy": true
        }
      ]
    },
    {
      "module": "module.eks",
      "mode": "managed",
      "type": "aws_iam_role",
      "name": "msa_nodegroup_role",
      "provider": "provider[\"registry.terraform.io/hashicorp/aws\"]",
      "instances": [
        {
          "schema_version": 0,
          "attributes": {
            "arn": "arn:aws:iam::886723286293:role/msa_nodegroup_role",
            "assume_role_policy": "{\"Statement\":[{\"Action\":\"sts:AssumeRole\",\"Effect\":\"Allow\",\"Principal\":{\"Service\":\"ec2.amazonaws.com\"}}],\"Version\":\"2012-10-17\"}",
            "create_date": "2025-05-28T03:11:54Z",
            "description": "",
            "force_detach_policies": false,
            "id": "msa_nodegroup_role",
            "inline_policy": [],
            "managed_policy_arns": [
              "arn:aws:iam::aws:policy/AmazonEC2ContainerRegistryReadOnly",
              "arn:aws:iam::aws:policy/AmazonEKSWorkerNodePolicy",
              "arn:aws:iam::aws:policy/AmazonEKS_CNI_Policy",
              "arn:aws:iam::aws:policy/service-role/AmazonEBSCSIDriverPolicy"
            ],
            "max_session_duration": 3600,
            "name": "msa_nodegroup_role",
            "name_prefix": "",
            "path": "/",
            "permissions_boundary": "",
            "tags": {},
            "tags_all": {},
            "unique_id": "AROA445GTSUKUYVELBJHB"
          },
          "sensitive_attributes": [],
          "identity_schema_version": 0,
          "private": "bnVsbA==",
          "create_before_destroy": true
        }
      ]
    },
    {
      "module": "module.eks",
      "mode": "managed",
      "type": "aws_iam_role_policy_attachment",
      "name": "ebs_csi_policy",
      "provider": "provider[\"registry.terraform.io/hashicorp/aws\"]",
      "instances": [
        {
          "schema_version": 0,
          "attributes": {
            "id": "msa_nodegroup_role-20250528031156229000000001",
            "policy_arn": "arn:aws:iam::aws:policy/service-role/AmazonEBSCSIDriverPolicy",
            "role": "msa_nodegroup_role"
          },
          "sensitive_attributes": [],
          "identity_schema_version": 0,
          "private": "bnVsbA==",
          "dependencies": [
            "module.eks.aws_iam_role.msa_nodegroup_role"
          ],
          "create_before_destroy": true
        }
      ]
    },
    {
      "module": "module.eks",
      "mode": "managed",
      "type": "aws_iam_role_policy_attachment",
      "name": "msa-ng-AmazonEC2ContainerRegistryReadOnly",
      "provider": "provider[\"registry.terraform.io/hashicorp/aws\"]",
      "instances": [
        {
          "schema_version": 0,
          "attributes": {
            "id": "msa_nodegroup_role-20250528031156661700000003",
            "policy_arn": "arn:aws:iam::aws:policy/AmazonEC2ContainerRegistryReadOnly",
            "role": "msa_nodegroup_role"
          },
          "sensitive_attributes": [],
          "identity_schema_version": 0,
          "private": "bnVsbA==",
          "dependencies": [
            "module.eks.aws_iam_role.msa_nodegroup_role"
          ],
          "create_before_destroy": true
        }
      ]
    },
    {
      "module": "module.eks",
      "mode": "managed",
      "type": "aws_iam_role_policy_attachment",
      "name": "msa-ng-AmazonEKSWorkerNodePolicy",
      "provider": "provider[\"registry.terraform.io/hashicorp/aws\"]",
      "instances": [
        {
          "schema_version": 0,
          "attributes": {
            "id": "msa_nodegroup_role-20250528031156239800000002",
            "policy_arn": "arn:aws:iam::aws:policy/AmazonEKSWorkerNodePolicy",
            "role": "msa_nodegroup_role"
          },
          "sensitive_attributes": [],
          "identity_schema_version": 0,
          "private": "bnVsbA==",
          "dependencies": [
            "module.eks.aws_iam_role.msa_nodegroup_role"
          ],
          "create_before_destroy": true
        }
      ]
    },
    {
      "module": "module.eks",
      "mode": "managed",
      "type": "aws_iam_role_policy_attachment",
      "name": "msa-ng-AmazonEKS_CNI_Policy",
      "provider": "provider[\"registry.terraform.io/hashicorp/aws\"]",
      "instances": [
        {
          "schema_version": 0,
          "attributes": {
            "id": "msa_nodegroup_role-20250528031156680400000004",
            "policy_arn": "arn:aws:iam::aws:policy/AmazonEKS_CNI_Policy",
            "role": "msa_nodegroup_role"
          },
          "sensitive_attributes": [],
          "identity_schema_version": 0,
          "private": "bnVsbA==",
          "dependencies": [
            "module.eks.aws_iam_role.msa_nodegroup_role"
          ],
          "create_before_destroy": true
        }
      ]
    },
    {
      "module": "module.eks",
      "mode": "managed",
      "type": "aws_iam_role_policy_attachment",
      "name": "msa_eks_role_attachment",
      "provider": "provider[\"registry.terraform.io/hashicorp/aws\"]",
      "instances": [
        {
          "schema_version": 0,
          "attributes": {
            "id": "msa_eks_role-20250528031157101900000005",
            "policy_arn": "arn:aws:iam::aws:policy/AmazonEKSClusterPolicy",
            "role": "msa_eks_role"
          },
          "sensitive_attributes": [],
          "identity_schema_version": 0,
          "private": "bnVsbA==",
          "dependencies": [
            "module.eks.aws_iam_role.msa_eks_role"
          ],
          "create_before_destroy": true
        }
      ]
    },
    {
      "module": "module.k8s",
      "mode": "managed",
      "type": "kubernetes_deployment_v1",
      "name": "cert_deploy",
      "provider": "provider[\"registry.terraform.io/hashicorp/kubernetes\"].eks",
      "instances": [
        {
          "schema_version": 1,
          "attributes": {
            "id": "default/cert-deploy",
            "metadata": [
              {
                "annotations": {},
                "generate_name": "",
                "generation": 1,
                "labels": {
                  "app": "cert"
                },
                "name": "cert-deploy",
                "namespace": "default",
                "resource_version": "60035",
                "uid": "be08f434-ec41-43bf-9b53-76dfc7d12920"
              }
            ],
            "spec": [
              {
                "min_ready_seconds": 0,
                "paused": false,
                "progress_deadline_seconds": 600,
                "replicas": "2",
                "revision_history_limit": 10,
                "selector": [
                  {
                    "match_expressions": [],
                    "match_labels": {
                      "app": "cert"
                    }
                  }
                ],
                "strategy": [
                  {
                    "rolling_update": [
                      {
                        "max_surge": "25%",
                        "max_unavailable": "25%"
                      }
                    ],
                    "type": "RollingUpdate"
                  }
                ],
                "template": [
                  {
                    "metadata": [
                      {
                        "annotations": {},
                        "generate_name": "",
                        "generation": 0,
                        "labels": {
                          "app": "cert"
                        },
                        "name": "",
                        "namespace": "",
                        "resource_version": "",
                        "uid": ""
                      }
                    ],
                    "spec": [
                      {
                        "active_deadline_seconds": 0,
                        "affinity": [],
                        "automount_service_account_token": true,
                        "container": [
                          {
                            "args": [],
                            "command": [],
                            "env": [],
                            "env_from": [],
                            "image": "jinsse/univ-nginx:1.0",
                            "image_pull_policy": "IfNotPresent",
                            "lifecycle": [],
                            "liveness_probe": [],
                            "name": "cert-ctn",
                            "port": [
                              {
                                "container_port": 80,
                                "host_ip": "",
                                "host_port": 0,
                                "name": "",
                                "protocol": "TCP"
                              }
                            ],
                            "readiness_probe": [],
                            "resources": [
                              {
                                "limits": {
                                  "cpu": "250m",
                                  "memory": "32Mi"
                                },
                                "requests": {
                                  "cpu": "250m",
                                  "memory": "32Mi"
                                }
                              }
                            ],
                            "security_context": [],
                            "startup_probe": [],
                            "stdin": false,
                            "stdin_once": false,
                            "termination_message_path": "/dev/termination-log",
                            "termination_message_policy": "File",
                            "tty": false,
                            "volume_mount": [],
                            "working_dir": ""
                          }
                        ],
                        "dns_config": [],
                        "dns_policy": "ClusterFirst",
                        "enable_service_links": true,
                        "host_aliases": [],
                        "host_ipc": false,
                        "host_network": false,
                        "host_pid": false,
                        "hostname": "",
                        "image_pull_secrets": [],
                        "init_container": [],
                        "node_name": "",
                        "node_selector": {},
                        "os": [],
                        "priority_class_name": "",
                        "readiness_gate": [],
                        "restart_policy": "Always",
                        "runtime_class_name": "",
                        "scheduler_name": "default-scheduler",
                        "security_context": [],
                        "service_account_name": "",
                        "share_process_namespace": false,
                        "subdomain": "",
                        "termination_grace_period_seconds": 30,
                        "toleration": [],
                        "topology_spread_constraint": [],
                        "volume": []
                      }
                    ]
                  }
                ]
              }
            ],
            "timeouts": null,
            "wait_for_rollout": true
          },
          "sensitive_attributes": [],
          "identity_schema_version": 0,
          "private": "eyJlMmJmYjczMC1lY2FhLTExZTYtOGY4OC0zNDM2M2JjN2M0YzAiOnsiY3JlYXRlIjo2MDAwMDAwMDAwMDAsImRlbGV0ZSI6NjAwMDAwMDAwMDAwLCJ1cGRhdGUiOjYwMDAwMDAwMDAwMH0sInNjaGVtYV92ZXJzaW9uIjoiMSJ9",
          "dependencies": [
            "data.aws_eks_cluster_auth.eks",
            "data.aws_subnets.private",
            "data.aws_vpc.existing",
            "module.eks.aws_eks_cluster.msa_eks",
            "module.eks.aws_iam_role.msa_eks_role",
            "module.eks.aws_iam_role_policy_attachment.msa_eks_role_attachment"
          ]
        }
      ]
    },
    {
      "module": "module.k8s",
      "mode": "managed",
      "type": "kubernetes_deployment_v1",
      "name": "class_deploy",
      "provider": "provider[\"registry.terraform.io/hashicorp/kubernetes\"].eks",
      "instances": [
        {
          "schema_version": 1,
          "attributes": {
            "id": "default/class-deploy",
            "metadata": [
              {
                "annotations": {},
                "generate_name": "",
                "generation": 1,
                "labels": {
                  "app": "class"
                },
                "name": "class-deploy",
                "namespace": "default",
                "resource_version": "60046",
                "uid": "466bbda5-31fd-42d9-93cc-e62da5ee923d"
              }
            ],
            "spec": [
              {
                "min_ready_seconds": 0,
                "paused": false,
                "progress_deadline_seconds": 600,
                "replicas": "2",
                "revision_history_limit": 10,
                "selector": [
                  {
                    "match_expressions": [],
                    "match_labels": {
                      "app": "class"
                    }
                  }
                ],
                "strategy": [
                  {
                    "rolling_update": [
                      {
                        "max_surge": "25%",
                        "max_unavailable": "25%"
                      }
                    ],
                    "type": "RollingUpdate"
                  }
                ],
                "template": [
                  {
                    "metadata": [
                      {
                        "annotations": {},
                        "generate_name": "",
                        "generation": 0,
                        "labels": {
                          "app": "class"
                        },
                        "name": "",
                        "namespace": "",
                        "resource_version": "",
                        "uid": ""
                      }
                    ],
                    "spec": [
                      {
                        "active_deadline_seconds": 0,
                        "affinity": [],
                        "automount_service_account_token": true,
                        "container": [
                          {
                            "args": [],
                            "command": [],
                            "env": [],
                            "env_from": [],
                            "image": "jinsse/univ-nginx:1.0",
                            "image_pull_policy": "IfNotPresent",
                            "lifecycle": [],
                            "liveness_probe": [],
                            "name": "class-ctn",
                            "port": [
                              {
                                "container_port": 80,
                                "host_ip": "",
                                "host_port": 0,
                                "name": "",
                                "protocol": "TCP"
                              }
                            ],
                            "readiness_probe": [],
                            "resources": [
                              {
                                "limits": {
                                  "cpu": "250m",
                                  "memory": "32Mi"
                                },
                                "requests": {
                                  "cpu": "250m",
                                  "memory": "32Mi"
                                }
                              }
                            ],
                            "security_context": [],
                            "startup_probe": [],
                            "stdin": false,
                            "stdin_once": false,
                            "termination_message_path": "/dev/termination-log",
                            "termination_message_policy": "File",
                            "tty": false,
                            "volume_mount": [],
                            "working_dir": ""
                          }
                        ],
                        "dns_config": [],
                        "dns_policy": "ClusterFirst",
                        "enable_service_links": true,
                        "host_aliases": [],
                        "host_ipc": false,
                        "host_network": false,
                        "host_pid": false,
                        "hostname": "",
                        "image_pull_secrets": [],
                        "init_container": [],
                        "node_name": "",
                        "node_selector": {},
                        "os": [],
                        "priority_class_name": "",
                        "readiness_gate": [],
                        "restart_policy": "Always",
                        "runtime_class_name": "",
                        "scheduler_name": "default-scheduler",
                        "security_context": [],
                        "service_account_name": "",
                        "share_process_namespace": false,
                        "subdomain": "",
                        "termination_grace_period_seconds": 30,
                        "toleration": [],
                        "topology_spread_constraint": [],
                        "volume": []
                      }
                    ]
                  }
                ]
              }
            ],
            "timeouts": null,
            "wait_for_rollout": true
          },
          "sensitive_attributes": [],
          "identity_schema_version": 0,
          "private": "eyJlMmJmYjczMC1lY2FhLTExZTYtOGY4OC0zNDM2M2JjN2M0YzAiOnsiY3JlYXRlIjo2MDAwMDAwMDAwMDAsImRlbGV0ZSI6NjAwMDAwMDAwMDAwLCJ1cGRhdGUiOjYwMDAwMDAwMDAwMH0sInNjaGVtYV92ZXJzaW9uIjoiMSJ9",
          "dependencies": [
            "data.aws_eks_cluster_auth.eks",
            "data.aws_subnets.private",
            "data.aws_vpc.existing",
            "module.eks.aws_eks_cluster.msa_eks",
            "module.eks.aws_iam_role.msa_eks_role",
            "module.eks.aws_iam_role_policy_attachment.msa_eks_role_attachment"
          ]
        }
      ]
    },
    {
      "module": "module.k8s",
      "mode": "managed",
      "type": "kubernetes_deployment_v1",
      "name": "home_deploy",
      "provider": "provider[\"registry.terraform.io/hashicorp/kubernetes\"].eks",
      "instances": [
        {
          "schema_version": 1,
          "attributes": {
            "id": "default/home-deploy",
            "metadata": [
              {
                "annotations": {},
                "generate_name": "",
                "generation": 1,
                "labels": {
                  "app": "home"
                },
                "name": "home-deploy",
                "namespace": "default",
                "resource_version": "60045",
                "uid": "20aae1cc-ad25-4477-9964-e1cd5cc04e70"
              }
            ],
            "spec": [
              {
                "min_ready_seconds": 0,
                "paused": false,
                "progress_deadline_seconds": 600,
                "replicas": "2",
                "revision_history_limit": 10,
                "selector": [
                  {
                    "match_expressions": [],
                    "match_labels": {
                      "app": "home"
                    }
                  }
                ],
                "strategy": [
                  {
                    "rolling_update": [
                      {
                        "max_surge": "25%",
                        "max_unavailable": "25%"
                      }
                    ],
                    "type": "RollingUpdate"
                  }
                ],
                "template": [
                  {
                    "metadata": [
                      {
                        "annotations": {},
                        "generate_name": "",
                        "generation": 0,
                        "labels": {
                          "app": "home"
                        },
                        "name": "",
                        "namespace": "",
                        "resource_version": "",
                        "uid": ""
                      }
                    ],
                    "spec": [
                      {
                        "active_deadline_seconds": 0,
                        "affinity": [],
                        "automount_service_account_token": true,
                        "container": [
                          {
                            "args": [],
                            "command": [],
                            "env": [],
                            "env_from": [],
                            "image": "jinsse/univ-nginx:1.0",
                            "image_pull_policy": "IfNotPresent",
                            "lifecycle": [],
                            "liveness_probe": [],
                            "name": "home-ctn",
                            "port": [
                              {
                                "container_port": 80,
                                "host_ip": "",
                                "host_port": 0,
                                "name": "",
                                "protocol": "TCP"
                              }
                            ],
                            "readiness_probe": [],
                            "resources": [
                              {
                                "limits": {
                                  "cpu": "250m",
                                  "memory": "32Mi"
                                },
                                "requests": {
                                  "cpu": "250m",
                                  "memory": "32Mi"
                                }
                              }
                            ],
                            "security_context": [],
                            "startup_probe": [],
                            "stdin": false,
                            "stdin_once": false,
                            "termination_message_path": "/dev/termination-log",
                            "termination_message_policy": "File",
                            "tty": false,
                            "volume_mount": [],
                            "working_dir": ""
                          }
                        ],
                        "dns_config": [],
                        "dns_policy": "ClusterFirst",
                        "enable_service_links": true,
                        "host_aliases": [],
                        "host_ipc": false,
                        "host_network": false,
                        "host_pid": false,
                        "hostname": "",
                        "image_pull_secrets": [],
                        "init_container": [],
                        "node_name": "",
                        "node_selector": {},
                        "os": [],
                        "priority_class_name": "",
                        "readiness_gate": [],
                        "restart_policy": "Always",
                        "runtime_class_name": "",
                        "scheduler_name": "default-scheduler",
                        "security_context": [],
                        "service_account_name": "",
                        "share_process_namespace": false,
                        "subdomain": "",
                        "termination_grace_period_seconds": 30,
                        "toleration": [],
                        "topology_spread_constraint": [],
                        "volume": []
                      }
                    ]
                  }
                ]
              }
            ],
            "timeouts": null,
            "wait_for_rollout": true
          },
          "sensitive_attributes": [],
          "identity_schema_version": 0,
          "private": "eyJlMmJmYjczMC1lY2FhLTExZTYtOGY4OC0zNDM2M2JjN2M0YzAiOnsiY3JlYXRlIjo2MDAwMDAwMDAwMDAsImRlbGV0ZSI6NjAwMDAwMDAwMDAwLCJ1cGRhdGUiOjYwMDAwMDAwMDAwMH0sInNjaGVtYV92ZXJzaW9uIjoiMSJ9",
          "dependencies": [
            "data.aws_eks_cluster_auth.eks",
            "data.aws_subnets.private",
            "data.aws_vpc.existing",
            "module.eks.aws_eks_cluster.msa_eks",
            "module.eks.aws_iam_role.msa_eks_role",
            "module.eks.aws_iam_role_policy_attachment.msa_eks_role_attachment"
          ]
        }
      ]
    },
    {
      "module": "module.k8s",
      "mode": "managed",
      "type": "kubernetes_ingress_v1",
      "name": "univ_ingress_new",
      "provider": "provider[\"registry.terraform.io/hashicorp/kubernetes\"].eks",
      "instances": [
        {
          "schema_version": 0,
          "attributes": {
            "id": "default/univ-ingress",
            "metadata": [
              {
                "annotations": {
                  "alb.ingress.kubernetes.io/listen-ports": "[{\"HTTP\":80}]",
                  "alb.ingress.kubernetes.io/scheme": "internet-facing",
                  "alb.ingress.kubernetes.io/target-type": "ip"
                },
                "generate_name": "",
                "generation": 1,
                "labels": {},
                "name": "univ-ingress",
                "namespace": "default",
                "resource_version": "65967",
                "uid": "ea5bd7d3-3de0-48ae-a36f-2dc9b20e16a7"
              }
            ],
            "spec": [
              {
                "default_backend": [],
                "ingress_class_name": "alb",
                "rule": [
                  {
                    "host": "",
                    "http": [
                      {
                        "path": [
                          {
                            "backend": [
                              {
                                "resource": [],
                                "service": [
                                  {
                                    "name": "cert-service",
                                    "port": [
                                      {
                                        "name": "",
                                        "number": 80
                                      }
                                    ]
                                  }
                                ]
                              }
                            ],
                            "path": "/cert",
                            "path_type": "Prefix"
                          },
                          {
                            "backend": [
                              {
                                "resource": [],
                                "service": [
                                  {
                                    "name": "class-service",
                                    "port": [
                                      {
                                        "name": "",
                                        "number": 80
                                      }
                                    ]
                                  }
                                ]
                              }
                            ],
                            "path": "/class",
                            "path_type": "Prefix"
                          },
                          {
                            "backend": [
                              {
                                "resource": [],
                                "service": [
                                  {
                                    "name": "home-service",
                                    "port": [
                                      {
                                        "name": "",
                                        "number": 80
                                      }
                                    ]
                                  }
                                ]
                              }
                            ],
                            "path": "/home",
                            "path_type": "Prefix"
                          }
                        ]
                      }
                    ]
                  }
                ],
                "tls": []
              }
            ],
            "status": [
              {
                "load_balancer": [
                  {
                    "ingress": [
                      {
                        "hostname": "k8s-default-univingr-f31266f93d-196367165.ap-northeast-2.elb.amazonaws.com",
                        "ip": ""
                      }
                    ]
                  }
                ]
              }
            ],
            "timeouts": null,
            "wait_for_load_balancer": null
          },
          "sensitive_attributes": [],
          "identity_schema_version": 0,
          "private": "eyJlMmJmYjczMC1lY2FhLTExZTYtOGY4OC0zNDM2M2JjN2M0YzAiOnsiY3JlYXRlIjoxMjAwMDAwMDAwMDAwLCJkZWxldGUiOjEyMDAwMDAwMDAwMDB9fQ==",
          "dependencies": [
            "data.aws_eks_cluster_auth.eks",
            "data.aws_subnets.private",
            "data.aws_vpc.existing",
            "module.eks.aws_eks_cluster.msa_eks",
            "module.eks.aws_iam_role.msa_eks_role",
            "module.eks.aws_iam_role_policy_attachment.msa_eks_role_attachment"
          ]
        }
      ]
    },
    {
      "module": "module.k8s",
      "mode": "managed",
      "type": "kubernetes_service_v1",
      "name": "cert_service",
      "provider": "provider[\"registry.terraform.io/hashicorp/kubernetes\"].eks",
      "instances": [
        {
          "schema_version": 1,
          "attributes": {
            "id": "default/cert-service",
            "metadata": [
              {
                "annotations": {},
                "generate_name": "",
                "generation": 0,
                "labels": {},
                "name": "cert-service",
                "namespace": "default",
                "resource_version": "59901",
                "uid": "17366f03-5fb0-4521-8557-25de68e1e42f"
              }
            ],
            "spec": [
              {
                "allocate_load_balancer_node_ports": true,
                "cluster_ip": "172.20.71.203",
                "cluster_ips": [
                  "172.20.71.203"
                ],
                "external_ips": [],
                "external_name": "",
                "external_traffic_policy": "",
                "health_check_node_port": 0,
                "internal_traffic_policy": "Cluster",
                "ip_families": [
                  "IPv4"
                ],
                "ip_family_policy": "SingleStack",
                "load_balancer_class": "",
                "load_balancer_ip": "",
                "load_balancer_source_ranges": [],
                "port": [
                  {
                    "app_protocol": "",
                    "name": "",
                    "node_port": 0,
                    "port": 80,
                    "protocol": "TCP",
                    "target_port": "80"
                  }
                ],
                "publish_not_ready_addresses": false,
                "selector": {
                  "app": "cert"
                },
                "session_affinity": "None",
                "session_affinity_config": [],
                "type": "ClusterIP"
              }
            ],
            "status": [
              {
                "load_balancer": [
                  {
                    "ingress": []
                  }
                ]
              }
            ],
            "timeouts": null,
            "wait_for_load_balancer": true
          },
          "sensitive_attributes": [],
          "identity_schema_version": 0,
          "private": "eyJlMmJmYjczMC1lY2FhLTExZTYtOGY4OC0zNDM2M2JjN2M0YzAiOnsiY3JlYXRlIjo2MDAwMDAwMDAwMDB9LCJzY2hlbWFfdmVyc2lvbiI6IjEifQ==",
          "dependencies": [
            "data.aws_eks_cluster_auth.eks",
            "data.aws_subnets.private",
            "data.aws_vpc.existing",
            "module.eks.aws_eks_cluster.msa_eks",
            "module.eks.aws_iam_role.msa_eks_role",
            "module.eks.aws_iam_role_policy_attachment.msa_eks_role_attachment"
          ]
        }
      ]
    },
    {
      "module": "module.k8s",
      "mode": "managed",
      "type": "kubernetes_service_v1",
      "name": "class_service",
      "provider": "provider[\"registry.terraform.io/hashicorp/kubernetes\"].eks",
      "instances": [
        {
          "schema_version": 1,
          "attributes": {
            "id": "default/class-service",
            "metadata": [
              {
                "annotations": {},
                "generate_name": "",
                "generation": 0,
                "labels": {},
                "name": "class-service",
                "namespace": "default",
                "resource_version": "59904",
                "uid": "a11dfac1-b216-46b5-bff1-8033321f3b0b"
              }
            ],
            "spec": [
              {
                "allocate_load_balancer_node_ports": true,
                "cluster_ip": "172.20.249.202",
                "cluster_ips": [
                  "172.20.249.202"
                ],
                "external_ips": [],
                "external_name": "",
                "external_traffic_policy": "",
                "health_check_node_port": 0,
                "internal_traffic_policy": "Cluster",
                "ip_families": [
                  "IPv4"
                ],
                "ip_family_policy": "SingleStack",
                "load_balancer_class": "",
                "load_balancer_ip": "",
                "load_balancer_source_ranges": [],
                "port": [
                  {
                    "app_protocol": "",
                    "name": "",
                    "node_port": 0,
                    "port": 80,
                    "protocol": "TCP",
                    "target_port": "80"
                  }
                ],
                "publish_not_ready_addresses": false,
                "selector": {
                  "app": "class"
                },
                "session_affinity": "None",
                "session_affinity_config": [],
                "type": "ClusterIP"
              }
            ],
            "status": [
              {
                "load_balancer": [
                  {
                    "ingress": []
                  }
                ]
              }
            ],
            "timeouts": null,
            "wait_for_load_balancer": true
          },
          "sensitive_attributes": [],
          "identity_schema_version": 0,
          "private": "eyJlMmJmYjczMC1lY2FhLTExZTYtOGY4OC0zNDM2M2JjN2M0YzAiOnsiY3JlYXRlIjo2MDAwMDAwMDAwMDB9LCJzY2hlbWFfdmVyc2lvbiI6IjEifQ==",
          "dependencies": [
            "data.aws_eks_cluster_auth.eks",
            "data.aws_subnets.private",
            "data.aws_vpc.existing",
            "module.eks.aws_eks_cluster.msa_eks",
            "module.eks.aws_iam_role.msa_eks_role",
            "module.eks.aws_iam_role_policy_attachment.msa_eks_role_attachment"
          ]
        }
      ]
    },
    {
      "module": "module.k8s",
      "mode": "managed",
      "type": "kubernetes_service_v1",
      "name": "home_service",
      "provider": "provider[\"registry.terraform.io/hashicorp/kubernetes\"].eks",
      "instances": [
        {
          "schema_version": 1,
          "attributes": {
            "id": "default/home-service",
            "metadata": [
              {
                "annotations": {},
                "generate_name": "",
                "generation": 0,
                "labels": {},
                "name": "home-service",
                "namespace": "default",
                "resource_version": "59899",
                "uid": "0d86a06b-f4b6-4b8d-85bc-4fa08b5b0209"
              }
            ],
            "spec": [
              {
                "allocate_load_balancer_node_ports": true,
                "cluster_ip": "172.20.11.147",
                "cluster_ips": [
                  "172.20.11.147"
                ],
                "external_ips": [],
                "external_name": "",
                "external_traffic_policy": "",
                "health_check_node_port": 0,
                "internal_traffic_policy": "Cluster",
                "ip_families": [
                  "IPv4"
                ],
                "ip_family_policy": "SingleStack",
                "load_balancer_class": "",
                "load_balancer_ip": "",
                "load_balancer_source_ranges": [],
                "port": [
                  {
                    "app_protocol": "",
                    "name": "",
                    "node_port": 0,
                    "port": 80,
                    "protocol": "TCP",
                    "target_port": "80"
                  }
                ],
                "publish_not_ready_addresses": false,
                "selector": {
                  "app": "home"
                },
                "session_affinity": "None",
                "session_affinity_config": [],
                "type": "ClusterIP"
              }
            ],
            "status": [
              {
                "load_balancer": [
                  {
                    "ingress": []
                  }
                ]
              }
            ],
            "timeouts": null,
            "wait_for_load_balancer": true
          },
          "sensitive_attributes": [],
          "identity_schema_version": 0,
          "private": "eyJlMmJmYjczMC1lY2FhLTExZTYtOGY4OC0zNDM2M2JjN2M0YzAiOnsiY3JlYXRlIjo2MDAwMDAwMDAwMDB9LCJzY2hlbWFfdmVyc2lvbiI6IjEifQ==",
          "dependencies": [
            "data.aws_eks_cluster_auth.eks",
            "data.aws_subnets.private",
            "data.aws_vpc.existing",
            "module.eks.aws_eks_cluster.msa_eks",
            "module.eks.aws_iam_role.msa_eks_role",
            "module.eks.aws_iam_role_policy_attachment.msa_eks_role_attachment"
          ]
        }
      ]
    },
    {
      "module": "module.karpenter",
      "mode": "data",
      "type": "aws_eks_cluster",
      "name": "eks",
      "provider": "provider[\"registry.terraform.io/hashicorp/aws\"]",
      "instances": [
        {
          "schema_version": 0,
          "attributes": {
            "access_config": [
              {
                "authentication_mode": "API",
                "bootstrap_cluster_creator_admin_permissions": true
              }
            ],
            "arn": "arn:aws:eks:ap-northeast-2:886723286293:cluster/msa-eks",
            "certificate_authority": [
              {
                "data": "LS0tLS1CRUdJTiBDRVJUSUZJQ0FURS0tLS0tCk1JSURCVENDQWUyZ0F3SUJBZ0lJQkZLWkgyZ1BJZFF3RFFZSktvWklodmNOQVFFTEJRQXdGVEVUTUJFR0ExVUUKQXhNS2EzVmlaWEp1WlhSbGN6QWVGdzB5TlRBMU1qZ3dNekV4TVRGYUZ3MHpOVEExTWpZd016RTJNVEZhTUJVeApFekFSQmdOVkJBTVRDbXQxWW1WeWJtVjBaWE13Z2dFaU1BMEdDU3FHU0liM0RRRUJBUVVBQTRJQkR3QXdnZ0VLCkFvSUJBUURNcWZKYkRBbmN6cEt2R2M0QnBFaDA3UFg2clVYWmpHVzdwdHRSTUxlV1ZsTGZoZkR2WHVZNEtzVFcKUURQdUVUVU55Q280MHc4ZHpPTXNZb0d1d1hzUnpsclRLZ3NpbHIvRC9IL3BvUjFWV0tBWVlWNloxbGcvQ1h3dgpSbDNIM0MxQWlnMytXS1RDWXdsMnhweU4vSUZsd3NkSXNWa2lHS3lPUS8xVGZZZkUvbTNCcVNTRE5sQVN5UWh1ClRPS01PckFKY01Rakh3bkx6ZlROOThRTGRqZWJhbkV6eWFoSmZYTFBRTFE0R1RiK3liQTFoSlVMM2cwbGJyOGoKR2pzdnhDRHpyWnFyT3VTZzdpdUFRbVE4WDcxSkhKcjRVUytsS3EzT3VtRDluckJIRlEwRStsS0Y4a0xOSFpHdwo0N2pCQkZFbkM1elBCWGZ2MXJMTFZEcWJoNlp4QWdNQkFBR2pXVEJYTUE0R0ExVWREd0VCL3dRRUF3SUNwREFQCkJnTlZIUk1CQWY4RUJUQURBUUgvTUIwR0ExVWREZ1FXQkJTM2xVcUVyRXRYNC81L0hiNTVvRk14a2pHR3FUQVYKQmdOVkhSRUVEakFNZ2dwcmRXSmxjbTVsZEdWek1BMEdDU3FHU0liM0RRRUJDd1VBQTRJQkFRQm40N2JDZXdyNQpaYWFza3BIbE1JQjBqa3piYU4xdHNnOHJmdSs1c1J2V2ZmTmRwVWNaUUVNN2FiNS9GSHZIZkx5WkNtWnd5b2Y4CkJQa3FidmY2WjBPUDNSTndwQXBZWUZiRkNZREVrVVUzNWY1VHRBWG5yNjFPRkU5V0pTZGlMSEUrZGZLQkhjelYKaThvQUlJSDQwTzk5SWQ0emlIQmlIRDZYUXpQSnI1KzE3Qm1MN0tCTFc5UHg5b0hpeGRhd1FSQThqcHR6WlE5bQpiNzhCalFtaWl2TS9kcmF0Q1VpejZkUlRlWCs0WDZrVjV6YjcyREw2SUVFMzlDMTZZMk1sNGRHZ1dUWXhKQjBRClN1aHl6NllTZHdBNjQ4KzE5VlB4R0FwcEZmOHFZOFc4aVVrTHhodDg5M1VFWHhtcEdIT1Z6M1FWYnNVNjk3WTEKQXc4Z3Fzd0FDTG9qCi0tLS0tRU5EIENFUlRJRklDQVRFLS0tLS0K"
              }
            ],
            "cluster_id": null,
            "compute_config": [],
            "created_at": "2025-05-28T03:11:59Z",
            "enabled_cluster_log_types": [],
            "endpoint": "https://B98A09DD1D678B0EF88A50755D2F468C.gr7.ap-northeast-2.eks.amazonaws.com",
            "id": "msa-eks",
            "identity": [
              {
                "oidc": [
                  {
                    "issuer": "https://oidc.eks.ap-northeast-2.amazonaws.com/id/B98A09DD1D678B0EF88A50755D2F468C"
                  }
                ]
              }
            ],
            "kubernetes_network_config": [
              {
                "elastic_load_balancing": [
                  {
                    "enabled": false
                  }
                ],
                "ip_family": "ipv4",
                "service_ipv4_cidr": "172.20.0.0/16",
                "service_ipv6_cidr": ""
              }
            ],
            "name": "msa-eks",
            "outpost_config": [],
            "platform_version": "eks.38",
            "remote_network_config": [],
            "role_arn": "arn:aws:iam::886723286293:role/msa_eks_role",
            "status": "ACTIVE",
            "storage_config": [],
            "tags": {},
            "upgrade_policy": [
              {
                "support_type": "EXTENDED"
              }
            ],
            "version": "1.29",
            "vpc_config": [
              {
                "cluster_security_group_id": "sg-03eaa1b73d28cc104",
                "endpoint_private_access": false,
                "endpoint_public_access": true,
                "public_access_cidrs": [
                  "0.0.0.0/0"
                ],
                "security_group_ids": [],
                "subnet_ids": [
                  "subnet-00732c9394578d24c",
                  "subnet-021ca031cd9f38c3c",
                  "subnet-026c642c5226eaca7",
                  "subnet-034d4d1c932fbe08b",
                  "subnet-08bd52249deec883f",
                  "subnet-0fabc7156b9d3f0d4"
                ],
                "vpc_id": "vpc-0cd8b6ff7b3cf7986"
              }
            ],
            "zonal_shift_config": []
          },
          "sensitive_attributes": [],
          "identity_schema_version": 0
        }
      ]
    },
    {
      "module": "module.karpenter",
      "mode": "data",
      "type": "aws_eks_cluster_auth",
      "name": "eks",
      "provider": "provider[\"registry.terraform.io/hashicorp/aws\"]",
      "instances": [
        {
          "schema_version": 0,
          "attributes": {
            "id": "msa-eks",
            "name": "msa-eks",
            "token": "k8s-aws-v1.aHR0cHM6Ly9zdHMuYXAtbm9ydGhlYXN0LTIuYW1hem9uYXdzLmNvbS8_QWN0aW9uPUdldENhbGxlcklkZW50aXR5JlZlcnNpb249MjAxMS0wNi0xNSZYLUFtei1BbGdvcml0aG09QVdTNC1ITUFDLVNIQTI1NiZYLUFtei1DcmVkZW50aWFsPUFLSUE0NDVHVFNVS1dNVFpYMk5TJTJGMjAyNTA1MjglMkZhcC1ub3J0aGVhc3QtMiUyRnN0cyUyRmF3czRfcmVxdWVzdCZYLUFtei1EYXRlPTIwMjUwNTI4VDEwMTQ1OVomWC1BbXotRXhwaXJlcz0wJlgtQW16LVNpZ25lZEhlYWRlcnM9aG9zdCUzQngtazhzLWF3cy1pZCZYLUFtei1TaWduYXR1cmU9NGFhMjZjNzcyMmMzZTk1OWQ1ZGEwOGM0MWY0NDc2OTAyMzIyZmQ1NzJmNDViN2U5N2QzNTBmYWU2NDM2ZThjNg"
          },
          "sensitive_attributes": [
            [
              {
                "type": "get_attr",
                "value": "token"
              }
            ]
          ],
          "identity_schema_version": 0
        }
      ]
    },
    {
      "module": "module.karpenter",
      "mode": "data",
      "type": "aws_iam_openid_connect_provider",
      "name": "eks",
      "provider": "provider[\"registry.terraform.io/hashicorp/aws\"]",
      "instances": [
        {
          "schema_version": 0,
          "attributes": {
            "arn": "arn:aws:iam::886723286293:oidc-provider/oidc.eks.ap-northeast-2.amazonaws.com/id/B98A09DD1D678B0EF88A50755D2F468C",
            "client_id_list": [
              "sts.amazonaws.com"
            ],
            "id": "arn:aws:iam::886723286293:oidc-provider/oidc.eks.ap-northeast-2.amazonaws.com/id/B98A09DD1D678B0EF88A50755D2F468C",
            "tags": {},
            "thumbprint_list": [
              "9e99a48a9960b14926bb7f3b02e22da0ecd2e0f4"
            ],
            "url": "oidc.eks.ap-northeast-2.amazonaws.com/id/B98A09DD1D678B0EF88A50755D2F468C"
          },
          "sensitive_attributes": [],
          "identity_schema_version": 0
        }
      ]
    },
    {
      "module": "module.karpenter",
      "mode": "data",
      "type": "aws_iam_policy_document",
      "name": "kapen-msa-assume-role",
      "provider": "provider[\"registry.terraform.io/hashicorp/aws\"]",
      "instances": [
        {
          "schema_version": 0,
          "attributes": {
            "id": "2787721882",
            "json": "{\n  \"Version\": \"2012-10-17\",\n  \"Statement\": [\n    {\n      \"Effect\": \"Allow\",\n      \"Action\": \"sts:AssumeRoleWithWebIdentity\",\n      \"Principal\": {\n        \"Federated\": \"arn:aws:iam::886723286293:oidc-provider/oidc.eks.ap-northeast-2.amazonaws.com/id/B98A09DD1D678B0EF88A50755D2F468C\"\n      },\n      \"Condition\": {\n        \"StringEquals\": {\n          \"oidc.eks.ap-northeast-2.amazonaws.com/id/B98A09DD1D678B0EF88A50755D2F468C:sub\": \"system:serviceaccount:karpenter:karpenter\"\n        }\n      }\n    }\n  ]\n}",
            "minified_json": "{\"Version\":\"2012-10-17\",\"Statement\":[{\"Effect\":\"Allow\",\"Action\":\"sts:AssumeRoleWithWebIdentity\",\"Principal\":{\"Federated\":\"arn:aws:iam::886723286293:oidc-provider/oidc.eks.ap-northeast-2.amazonaws.com/id/B98A09DD1D678B0EF88A50755D2F468C\"},\"Condition\":{\"StringEquals\":{\"oidc.eks.ap-northeast-2.amazonaws.com/id/B98A09DD1D678B0EF88A50755D2F468C:sub\":\"system:serviceaccount:karpenter:karpenter\"}}}]}",
            "override_json": null,
            "override_policy_documents": null,
            "policy_id": null,
            "source_json": null,
            "source_policy_documents": null,
            "statement": [
              {
                "actions": [
                  "sts:AssumeRoleWithWebIdentity"
                ],
                "condition": [
                  {
                    "test": "StringEquals",
                    "values": [
                      "system:serviceaccount:karpenter:karpenter"
                    ],
                    "variable": "oidc.eks.ap-northeast-2.amazonaws.com/id/B98A09DD1D678B0EF88A50755D2F468C:sub"
                  }
                ],
                "effect": "Allow",
                "not_actions": [],
                "not_principals": [],
                "not_resources": [],
                "principals": [
                  {
                    "identifiers": [
                      "arn:aws:iam::886723286293:oidc-provider/oidc.eks.ap-northeast-2.amazonaws.com/id/B98A09DD1D678B0EF88A50755D2F468C"
                    ],
                    "type": "Federated"
                  }
                ],
                "resources": [],
                "sid": ""
              }
            ],
            "version": "2012-10-17"
          },
          "sensitive_attributes": [],
          "identity_schema_version": 0
        }
      ]
    },
    {
      "module": "module.karpenter",
      "mode": "data",
      "type": "aws_iam_policy_document",
      "name": "kapen-msa-controller-policy",
      "provider": "provider[\"registry.terraform.io/hashicorp/aws\"]",
      "instances": [
        {
          "schema_version": 0,
          "attributes": {
            "id": "1371029932",
            "json": "{\n  \"Version\": \"2012-10-17\",\n  \"Statement\": [\n    {\n      \"Effect\": \"Allow\",\n      \"Action\": [\n        \"ssm:GetParameter\",\n        \"pricing:GetProducts\",\n        \"iam:PassRole\",\n        \"elasticloadbalancing:*\",\n        \"eks:DescribeCluster\",\n        \"ec2:TerminateInstances\",\n        \"ec2:RunInstances\",\n        \"ec2:ModifyInstanceAttribute\",\n        \"ec2:GetLaunchTemplateData\",\n        \"ec2:DescribeVolumes\",\n        \"ec2:DescribeSubnets\",\n        \"ec2:DescribeSpotPriceHistory\",\n        \"ec2:DescribeSecurityGroups\",\n        \"ec2:DescribePlacementGroups\",\n        \"ec2:DescribeLaunchTemplates\",\n        \"ec2:DescribeInstances\",\n        \"ec2:DescribeInstanceTypes\",\n        \"ec2:DescribeInstanceTypeOfferings\",\n        \"ec2:DescribeImages\",\n        \"ec2:DescribeAvailabilityZones\",\n        \"ec2:Describe*\",\n        \"ec2:DeleteLaunchTemplate\",\n        \"ec2:CreateTags\",\n        \"ec2:CreateLaunchTemplateVersion\",\n        \"ec2:CreateLaunchTemplate\",\n        \"ec2:CreateFleet\",\n        \"ec2:AttachVolume\"\n      ],\n      \"Resource\": \"*\"\n    }\n  ]\n}",
            "minified_json": "{\"Version\":\"2012-10-17\",\"Statement\":[{\"Effect\":\"Allow\",\"Action\":[\"ssm:GetParameter\",\"pricing:GetProducts\",\"iam:PassRole\",\"elasticloadbalancing:*\",\"eks:DescribeCluster\",\"ec2:TerminateInstances\",\"ec2:RunInstances\",\"ec2:ModifyInstanceAttribute\",\"ec2:GetLaunchTemplateData\",\"ec2:DescribeVolumes\",\"ec2:DescribeSubnets\",\"ec2:DescribeSpotPriceHistory\",\"ec2:DescribeSecurityGroups\",\"ec2:DescribePlacementGroups\",\"ec2:DescribeLaunchTemplates\",\"ec2:DescribeInstances\",\"ec2:DescribeInstanceTypes\",\"ec2:DescribeInstanceTypeOfferings\",\"ec2:DescribeImages\",\"ec2:DescribeAvailabilityZones\",\"ec2:Describe*\",\"ec2:DeleteLaunchTemplate\",\"ec2:CreateTags\",\"ec2:CreateLaunchTemplateVersion\",\"ec2:CreateLaunchTemplate\",\"ec2:CreateFleet\",\"ec2:AttachVolume\"],\"Resource\":\"*\"}]}",
            "override_json": null,
            "override_policy_documents": null,
            "policy_id": null,
            "source_json": null,
            "source_policy_documents": null,
            "statement": [
              {
                "actions": [
                  "ec2:AttachVolume",
                  "ec2:CreateFleet",
                  "ec2:CreateLaunchTemplate",
                  "ec2:CreateLaunchTemplateVersion",
                  "ec2:CreateTags",
                  "ec2:DeleteLaunchTemplate",
                  "ec2:Describe*",
                  "ec2:DescribeAvailabilityZones",
                  "ec2:DescribeImages",
                  "ec2:DescribeInstanceTypeOfferings",
                  "ec2:DescribeInstanceTypes",
                  "ec2:DescribeInstances",
                  "ec2:DescribeLaunchTemplates",
                  "ec2:DescribePlacementGroups",
                  "ec2:DescribeSecurityGroups",
                  "ec2:DescribeSpotPriceHistory",
                  "ec2:DescribeSubnets",
                  "ec2:DescribeVolumes",
                  "ec2:GetLaunchTemplateData",
                  "ec2:ModifyInstanceAttribute",
                  "ec2:RunInstances",
                  "ec2:TerminateInstances",
                  "eks:DescribeCluster",
                  "elasticloadbalancing:*",
                  "iam:PassRole",
                  "pricing:GetProducts",
                  "ssm:GetParameter"
                ],
                "condition": [],
                "effect": "Allow",
                "not_actions": [],
                "not_principals": [],
                "not_resources": [],
                "principals": [],
                "resources": [
                  "*"
                ],
                "sid": ""
              }
            ],
            "version": "2012-10-17"
          },
          "sensitive_attributes": [],
          "identity_schema_version": 0
        }
      ]
    },
    {
      "module": "module.karpenter",
      "mode": "data",
      "type": "aws_iam_policy_document",
      "name": "kapen-msa-node-assume-role",
      "provider": "provider[\"registry.terraform.io/hashicorp/aws\"]",
      "instances": [
        {
          "schema_version": 0,
          "attributes": {
            "id": "2851119427",
            "json": "{\n  \"Version\": \"2012-10-17\",\n  \"Statement\": [\n    {\n      \"Effect\": \"Allow\",\n      \"Action\": \"sts:AssumeRole\",\n      \"Principal\": {\n        \"Service\": \"ec2.amazonaws.com\"\n      }\n    }\n  ]\n}",
            "minified_json": "{\"Version\":\"2012-10-17\",\"Statement\":[{\"Effect\":\"Allow\",\"Action\":\"sts:AssumeRole\",\"Principal\":{\"Service\":\"ec2.amazonaws.com\"}}]}",
            "override_json": null,
            "override_policy_documents": null,
            "policy_id": null,
            "source_json": null,
            "source_policy_documents": null,
            "statement": [
              {
                "actions": [
                  "sts:AssumeRole"
                ],
                "condition": [],
                "effect": "Allow",
                "not_actions": [],
                "not_principals": [],
                "not_resources": [],
                "principals": [
                  {
                    "identifiers": [
                      "ec2.amazonaws.com"
                    ],
                    "type": "Service"
                  }
                ],
                "resources": [],
                "sid": ""
              }
            ],
            "version": "2012-10-17"
          },
          "sensitive_attributes": [],
          "identity_schema_version": 0
        }
      ]
    },
    {
      "module": "module.karpenter",
      "mode": "managed",
      "type": "aws_iam_instance_profile",
      "name": "kapen-msa-node",
      "provider": "provider[\"registry.terraform.io/hashicorp/aws\"]",
      "instances": [
        {
          "schema_version": 0,
          "attributes": {
            "arn": "arn:aws:iam::886723286293:instance-profile/kapen-msa-node",
            "create_date": "2025-05-28T07:11:49Z",
            "id": "kapen-msa-node",
            "name": "kapen-msa-node",
            "name_prefix": "",
            "path": "/",
            "role": "kapen-msa-node",
            "tags": {},
            "tags_all": {},
            "unique_id": "AIPA445GTSUK3YCCEHTGC"
          },
          "sensitive_attributes": [],
          "identity_schema_version": 0,
          "private": "bnVsbA==",
          "dependencies": [
            "data.aws_subnets.private",
            "data.aws_subnets.public",
            "data.aws_vpc.existing",
            "module.eks.aws_eks_access_entry.iam_user_admin",
            "module.eks.aws_eks_access_policy_association.iam_user_admin_policy",
            "module.eks.aws_eks_cluster.msa_eks",
            "module.eks.aws_eks_node_group.msa_ng",
            "module.eks.aws_iam_openid_connect_provider.oidc",
            "module.eks.aws_iam_role.msa_eks_role",
            "module.eks.aws_iam_role.msa_nodegroup_role",
            "module.eks.aws_iam_role_policy_attachment.ebs_csi_policy",
            "module.eks.aws_iam_role_policy_attachment.msa-ng-AmazonEC2ContainerRegistryReadOnly",
            "module.eks.aws_iam_role_policy_attachment.msa-ng-AmazonEKSWorkerNodePolicy",
            "module.eks.aws_iam_role_policy_attachment.msa-ng-AmazonEKS_CNI_Policy",
            "module.eks.aws_iam_role_policy_attachment.msa_eks_role_attachment",
            "module.eks.data.aws_caller_identity.current",
            "module.karpenter.aws_iam_role.kapen-msa-node",
            "module.karpenter.data.aws_iam_policy_document.kapen-msa-node-assume-role",
            "null_resource.wait_for_cluster"
          ]
        }
      ]
    },
    {
      "module": "module.karpenter",
      "mode": "managed",
      "type": "aws_iam_policy",
      "name": "kapen-msa-controller",
      "provider": "provider[\"registry.terraform.io/hashicorp/aws\"]",
      "instances": [
        {
          "schema_version": 0,
          "attributes": {
            "arn": "arn:aws:iam::886723286293:policy/KarpenterControllerPolicy",
            "attachment_count": 2,
            "description": "",
            "id": "arn:aws:iam::886723286293:policy/KarpenterControllerPolicy",
            "name": "KarpenterControllerPolicy",
            "name_prefix": "",
            "path": "/",
            "policy": "{\"Statement\":[{\"Action\":[\"ssm:GetParameter\",\"pricing:GetProducts\",\"iam:PassRole\",\"elasticloadbalancing:*\",\"eks:DescribeCluster\",\"ec2:TerminateInstances\",\"ec2:RunInstances\",\"ec2:ModifyInstanceAttribute\",\"ec2:GetLaunchTemplateData\",\"ec2:DescribeVolumes\",\"ec2:DescribeSubnets\",\"ec2:DescribeSpotPriceHistory\",\"ec2:DescribeSecurityGroups\",\"ec2:DescribePlacementGroups\",\"ec2:DescribeLaunchTemplates\",\"ec2:DescribeInstances\",\"ec2:DescribeInstanceTypes\",\"ec2:DescribeInstanceTypeOfferings\",\"ec2:DescribeImages\",\"ec2:DescribeAvailabilityZones\",\"ec2:Describe*\",\"ec2:DeleteLaunchTemplate\",\"ec2:CreateTags\",\"ec2:CreateLaunchTemplateVersion\",\"ec2:CreateLaunchTemplate\",\"ec2:CreateFleet\",\"ec2:AttachVolume\"],\"Effect\":\"Allow\",\"Resource\":\"*\"}],\"Version\":\"2012-10-17\"}",
            "policy_id": "ANPA445GTSUKTA64PNJLX",
            "tags": {},
            "tags_all": {}
          },
          "sensitive_attributes": [],
          "identity_schema_version": 0,
          "private": "bnVsbA==",
          "dependencies": [
            "data.aws_subnets.private",
            "data.aws_subnets.public",
            "data.aws_vpc.existing",
            "module.eks.aws_eks_access_entry.iam_user_admin",
            "module.eks.aws_eks_access_policy_association.iam_user_admin_policy",
            "module.eks.aws_eks_cluster.msa_eks",
            "module.eks.aws_eks_node_group.msa_ng",
            "module.eks.aws_iam_openid_connect_provider.oidc",
            "module.eks.aws_iam_role.msa_eks_role",
            "module.eks.aws_iam_role.msa_nodegroup_role",
            "module.eks.aws_iam_role_policy_attachment.ebs_csi_policy",
            "module.eks.aws_iam_role_policy_attachment.msa-ng-AmazonEC2ContainerRegistryReadOnly",
            "module.eks.aws_iam_role_policy_attachment.msa-ng-AmazonEKSWorkerNodePolicy",
            "module.eks.aws_iam_role_policy_attachment.msa-ng-AmazonEKS_CNI_Policy",
            "module.eks.aws_iam_role_policy_attachment.msa_eks_role_attachment",
            "module.eks.data.aws_caller_identity.current",
            "module.karpenter.data.aws_iam_policy_document.kapen-msa-controller-policy",
            "null_resource.wait_for_cluster"
          ],
          "create_before_destroy": true
        }
      ]
    },
    {
      "module": "module.karpenter",
      "mode": "managed",
      "type": "aws_iam_role",
      "name": "kapen-msa-controller",
      "provider": "provider[\"registry.terraform.io/hashicorp/aws\"]",
      "instances": [
        {
          "schema_version": 0,
          "attributes": {
            "arn": "arn:aws:iam::886723286293:role/kapen-msa-controller",
            "assume_role_policy": "{\"Statement\":[{\"Action\":\"sts:AssumeRoleWithWebIdentity\",\"Condition\":{\"StringEquals\":{\"oidc.eks.ap-northeast-2.amazonaws.com/id/B98A09DD1D678B0EF88A50755D2F468C:sub\":\"system:serviceaccount:karpenter:karpenter\"}},\"Effect\":\"Allow\",\"Principal\":{\"Federated\":\"arn:aws:iam::886723286293:oidc-provider/oidc.eks.ap-northeast-2.amazonaws.com/id/B98A09DD1D678B0EF88A50755D2F468C\"}}],\"Version\":\"2012-10-17\"}",
            "create_date": "2025-05-28T07:11:47Z",
            "description": "",
            "force_detach_policies": false,
            "id": "kapen-msa-controller",
            "inline_policy": [],
            "managed_policy_arns": [
              "arn:aws:iam::886723286293:policy/KarpenterControllerPolicy"
            ],
            "max_session_duration": 3600,
            "name": "kapen-msa-controller",
            "name_prefix": "",
            "path": "/",
            "permissions_boundary": "",
            "tags": {},
            "tags_all": {},
            "unique_id": "AROA445GTSUK7IZP7YZOX"
          },
          "sensitive_attributes": [],
          "identity_schema_version": 0,
          "private": "bnVsbA==",
          "dependencies": [
            "data.aws_subnets.private",
            "data.aws_subnets.public",
            "data.aws_vpc.existing",
            "module.eks.aws_eks_access_entry.iam_user_admin",
            "module.eks.aws_eks_access_policy_association.iam_user_admin_policy",
            "module.eks.aws_eks_cluster.msa_eks",
            "module.eks.aws_eks_node_group.msa_ng",
            "module.eks.aws_iam_openid_connect_provider.oidc",
            "module.eks.aws_iam_role.msa_eks_role",
            "module.eks.aws_iam_role.msa_nodegroup_role",
            "module.eks.aws_iam_role_policy_attachment.ebs_csi_policy",
            "module.eks.aws_iam_role_policy_attachment.msa-ng-AmazonEC2ContainerRegistryReadOnly",
            "module.eks.aws_iam_role_policy_attachment.msa-ng-AmazonEKSWorkerNodePolicy",
            "module.eks.aws_iam_role_policy_attachment.msa-ng-AmazonEKS_CNI_Policy",
            "module.eks.aws_iam_role_policy_attachment.msa_eks_role_attachment",
            "module.eks.data.aws_caller_identity.current",
            "module.karpenter.data.aws_eks_cluster.eks",
            "module.karpenter.data.aws_iam_openid_connect_provider.eks",
            "module.karpenter.data.aws_iam_policy_document.kapen-msa-assume-role",
            "null_resource.wait_for_cluster"
          ]
        }
      ]
    },
    {
      "module": "module.karpenter",
      "mode": "managed",
      "type": "aws_iam_role",
      "name": "kapen-msa-node",
      "provider": "provider[\"registry.terraform.io/hashicorp/aws\"]",
      "instances": [
        {
          "schema_version": 0,
          "attributes": {
            "arn": "arn:aws:iam::886723286293:role/kapen-msa-node",
            "assume_role_policy": "{\"Statement\":[{\"Action\":\"sts:AssumeRole\",\"Effect\":\"Allow\",\"Principal\":{\"Service\":\"ec2.amazonaws.com\"}}],\"Version\":\"2012-10-17\"}",
            "create_date": "2025-05-28T07:11:47Z",
            "description": "",
            "force_detach_policies": false,
            "id": "kapen-msa-node",
            "inline_policy": [],
            "managed_policy_arns": [
              "arn:aws:iam::aws:policy/AmazonEC2ContainerRegistryReadOnly",
              "arn:aws:iam::aws:policy/AmazonEKSWorkerNodePolicy",
              "arn:aws:iam::aws:policy/AmazonEKS_CNI_Policy",
              "arn:aws:iam::aws:policy/AmazonSSMManagedInstanceCore"
            ],
            "max_session_duration": 3600,
            "name": "kapen-msa-node",
            "name_prefix": "",
            "path": "/",
            "permissions_boundary": "",
            "tags": {},
            "tags_all": {},
            "unique_id": "AROA445GTSUKXZ4GBCG43"
          },
          "sensitive_attributes": [],
          "identity_schema_version": 0,
          "private": "bnVsbA==",
          "dependencies": [
            "data.aws_subnets.private",
            "data.aws_subnets.public",
            "data.aws_vpc.existing",
            "module.eks.aws_eks_access_entry.iam_user_admin",
            "module.eks.aws_eks_access_policy_association.iam_user_admin_policy",
            "module.eks.aws_eks_cluster.msa_eks",
            "module.eks.aws_eks_node_group.msa_ng",
            "module.eks.aws_iam_openid_connect_provider.oidc",
            "module.eks.aws_iam_role.msa_eks_role",
            "module.eks.aws_iam_role.msa_nodegroup_role",
            "module.eks.aws_iam_role_policy_attachment.ebs_csi_policy",
            "module.eks.aws_iam_role_policy_attachment.msa-ng-AmazonEC2ContainerRegistryReadOnly",
            "module.eks.aws_iam_role_policy_attachment.msa-ng-AmazonEKSWorkerNodePolicy",
            "module.eks.aws_iam_role_policy_attachment.msa-ng-AmazonEKS_CNI_Policy",
            "module.eks.aws_iam_role_policy_attachment.msa_eks_role_attachment",
            "module.eks.data.aws_caller_identity.current",
            "module.karpenter.data.aws_iam_policy_document.kapen-msa-node-assume-role",
            "null_resource.wait_for_cluster"
          ]
        }
      ]
    },
    {
      "module": "module.karpenter",
      "mode": "managed",
      "type": "aws_iam_role_policy_attachment",
      "name": "kapen-msa-controller",
      "provider": "provider[\"registry.terraform.io/hashicorp/aws\"]",
      "instances": [
        {
          "schema_version": 0,
          "attributes": {
            "id": "kapen-msa-controller-20250528090255232500000001",
            "policy_arn": "arn:aws:iam::886723286293:policy/KarpenterControllerPolicy",
            "role": "kapen-msa-controller"
          },
          "sensitive_attributes": [],
          "identity_schema_version": 0,
          "private": "bnVsbA==",
          "dependencies": [
            "data.aws_subnets.private",
            "data.aws_subnets.public",
            "data.aws_vpc.existing",
            "module.eks.aws_eks_access_entry.iam_user_admin",
            "module.eks.aws_eks_access_policy_association.iam_user_admin_policy",
            "module.eks.aws_eks_cluster.msa_eks",
            "module.eks.aws_eks_node_group.msa_ng",
            "module.eks.aws_iam_openid_connect_provider.oidc",
            "module.eks.aws_iam_role.msa_eks_role",
            "module.eks.aws_iam_role.msa_nodegroup_role",
            "module.eks.aws_iam_role_policy_attachment.ebs_csi_policy",
            "module.eks.aws_iam_role_policy_attachment.msa-ng-AmazonEC2ContainerRegistryReadOnly",
            "module.eks.aws_iam_role_policy_attachment.msa-ng-AmazonEKSWorkerNodePolicy",
            "module.eks.aws_iam_role_policy_attachment.msa-ng-AmazonEKS_CNI_Policy",
            "module.eks.aws_iam_role_policy_attachment.msa_eks_role_attachment",
            "module.eks.data.aws_caller_identity.current",
            "module.karpenter.aws_iam_policy.kapen-msa-controller",
            "module.karpenter.aws_iam_role.kapen-msa-controller",
            "module.karpenter.data.aws_eks_cluster.eks",
            "module.karpenter.data.aws_iam_openid_connect_provider.eks",
            "module.karpenter.data.aws_iam_policy_document.kapen-msa-assume-role",
            "module.karpenter.data.aws_iam_policy_document.kapen-msa-controller-policy",
            "null_resource.wait_for_cluster"
          ]
        }
      ]
    },
    {
      "module": "module.karpenter",
      "mode": "managed",
      "type": "aws_iam_role_policy_attachment",
      "name": "kapen-msa-node_cni",
      "provider": "provider[\"registry.terraform.io/hashicorp/aws\"]",
      "instances": [
        {
          "schema_version": 0,
          "attributes": {
            "id": "kapen-msa-node-20250528071318729600000001",
            "policy_arn": "arn:aws:iam::aws:policy/AmazonEKS_CNI_Policy",
            "role": "kapen-msa-node"
          },
          "sensitive_attributes": [],
          "identity_schema_version": 0,
          "private": "bnVsbA==",
          "dependencies": [
            "data.aws_subnets.private",
            "data.aws_subnets.public",
            "data.aws_vpc.existing",
            "module.eks.aws_eks_access_entry.iam_user_admin",
            "module.eks.aws_eks_access_policy_association.iam_user_admin_policy",
            "module.eks.aws_eks_cluster.msa_eks",
            "module.eks.aws_eks_node_group.msa_ng",
            "module.eks.aws_iam_openid_connect_provider.oidc",
            "module.eks.aws_iam_role.msa_eks_role",
            "module.eks.aws_iam_role.msa_nodegroup_role",
            "module.eks.aws_iam_role_policy_attachment.ebs_csi_policy",
            "module.eks.aws_iam_role_policy_attachment.msa-ng-AmazonEC2ContainerRegistryReadOnly",
            "module.eks.aws_iam_role_policy_attachment.msa-ng-AmazonEKSWorkerNodePolicy",
            "module.eks.aws_iam_role_policy_attachment.msa-ng-AmazonEKS_CNI_Policy",
            "module.eks.aws_iam_role_policy_attachment.msa_eks_role_attachment",
            "module.eks.data.aws_caller_identity.current",
            "module.karpenter.aws_iam_role.kapen-msa-node",
            "module.karpenter.data.aws_iam_policy_document.kapen-msa-node-assume-role",
            "null_resource.wait_for_cluster"
          ]
        }
      ]
    },
    {
      "module": "module.karpenter",
      "mode": "managed",
      "type": "aws_iam_role_policy_attachment",
      "name": "kapen-msa-node_ecr",
      "provider": "provider[\"registry.terraform.io/hashicorp/aws\"]",
      "instances": [
        {
          "schema_version": 0,
          "attributes": {
            "id": "kapen-msa-node-20250528071318842300000003",
            "policy_arn": "arn:aws:iam::aws:policy/AmazonEC2ContainerRegistryReadOnly",
            "role": "kapen-msa-node"
          },
          "sensitive_attributes": [],
          "identity_schema_version": 0,
          "private": "bnVsbA==",
          "dependencies": [
            "data.aws_subnets.private",
            "data.aws_subnets.public",
            "data.aws_vpc.existing",
            "module.eks.aws_eks_access_entry.iam_user_admin",
            "module.eks.aws_eks_access_policy_association.iam_user_admin_policy",
            "module.eks.aws_eks_cluster.msa_eks",
            "module.eks.aws_eks_node_group.msa_ng",
            "module.eks.aws_iam_openid_connect_provider.oidc",
            "module.eks.aws_iam_role.msa_eks_role",
            "module.eks.aws_iam_role.msa_nodegroup_role",
            "module.eks.aws_iam_role_policy_attachment.ebs_csi_policy",
            "module.eks.aws_iam_role_policy_attachment.msa-ng-AmazonEC2ContainerRegistryReadOnly",
            "module.eks.aws_iam_role_policy_attachment.msa-ng-AmazonEKSWorkerNodePolicy",
            "module.eks.aws_iam_role_policy_attachment.msa-ng-AmazonEKS_CNI_Policy",
            "module.eks.aws_iam_role_policy_attachment.msa_eks_role_attachment",
            "module.eks.data.aws_caller_identity.current",
            "module.karpenter.aws_iam_role.kapen-msa-node",
            "module.karpenter.data.aws_iam_policy_document.kapen-msa-node-assume-role",
            "null_resource.wait_for_cluster"
          ]
        }
      ]
    },
    {
      "module": "module.karpenter",
      "mode": "managed",
      "type": "aws_iam_role_policy_attachment",
      "name": "kapen-msa-node_ssm",
      "provider": "provider[\"registry.terraform.io/hashicorp/aws\"]",
      "instances": [
        {
          "schema_version": 0,
          "attributes": {
            "id": "kapen-msa-node-20250528071318898100000004",
            "policy_arn": "arn:aws:iam::aws:policy/AmazonSSMManagedInstanceCore",
            "role": "kapen-msa-node"
          },
          "sensitive_attributes": [],
          "identity_schema_version": 0,
          "private": "bnVsbA==",
          "dependencies": [
            "data.aws_subnets.private",
            "data.aws_subnets.public",
            "data.aws_vpc.existing",
            "module.eks.aws_eks_access_entry.iam_user_admin",
            "module.eks.aws_eks_access_policy_association.iam_user_admin_policy",
            "module.eks.aws_eks_cluster.msa_eks",
            "module.eks.aws_eks_node_group.msa_ng",
            "module.eks.aws_iam_openid_connect_provider.oidc",
            "module.eks.aws_iam_role.msa_eks_role",
            "module.eks.aws_iam_role.msa_nodegroup_role",
            "module.eks.aws_iam_role_policy_attachment.ebs_csi_policy",
            "module.eks.aws_iam_role_policy_attachment.msa-ng-AmazonEC2ContainerRegistryReadOnly",
            "module.eks.aws_iam_role_policy_attachment.msa-ng-AmazonEKSWorkerNodePolicy",
            "module.eks.aws_iam_role_policy_attachment.msa-ng-AmazonEKS_CNI_Policy",
            "module.eks.aws_iam_role_policy_attachment.msa_eks_role_attachment",
            "module.eks.data.aws_caller_identity.current",
            "module.karpenter.aws_iam_role.kapen-msa-node",
            "module.karpenter.data.aws_iam_policy_document.kapen-msa-node-assume-role",
            "null_resource.wait_for_cluster"
          ]
        }
      ]
    },
    {
      "module": "module.karpenter",
      "mode": "managed",
      "type": "aws_iam_role_policy_attachment",
      "name": "kapen-msa-node_worker",
      "provider": "provider[\"registry.terraform.io/hashicorp/aws\"]",
      "instances": [
        {
          "schema_version": 0,
          "attributes": {
            "id": "kapen-msa-node-20250528071318765000000002",
            "policy_arn": "arn:aws:iam::aws:policy/AmazonEKSWorkerNodePolicy",
            "role": "kapen-msa-node"
          },
          "sensitive_attributes": [],
          "identity_schema_version": 0,
          "private": "bnVsbA==",
          "dependencies": [
            "data.aws_subnets.private",
            "data.aws_subnets.public",
            "data.aws_vpc.existing",
            "module.eks.aws_eks_access_entry.iam_user_admin",
            "module.eks.aws_eks_access_policy_association.iam_user_admin_policy",
            "module.eks.aws_eks_cluster.msa_eks",
            "module.eks.aws_eks_node_group.msa_ng",
            "module.eks.aws_iam_openid_connect_provider.oidc",
            "module.eks.aws_iam_role.msa_eks_role",
            "module.eks.aws_iam_role.msa_nodegroup_role",
            "module.eks.aws_iam_role_policy_attachment.ebs_csi_policy",
            "module.eks.aws_iam_role_policy_attachment.msa-ng-AmazonEC2ContainerRegistryReadOnly",
            "module.eks.aws_iam_role_policy_attachment.msa-ng-AmazonEKSWorkerNodePolicy",
            "module.eks.aws_iam_role_policy_attachment.msa-ng-AmazonEKS_CNI_Policy",
            "module.eks.aws_iam_role_policy_attachment.msa_eks_role_attachment",
            "module.eks.data.aws_caller_identity.current",
            "module.karpenter.aws_iam_role.kapen-msa-node",
            "module.karpenter.data.aws_iam_policy_document.kapen-msa-node-assume-role",
            "null_resource.wait_for_cluster"
          ]
        }
      ]
    },
    {
      "module": "module.karpenter",
      "mode": "managed",
      "type": "helm_release",
      "name": "karpenter",
      "provider": "provider[\"registry.terraform.io/hashicorp/helm\"].eks",
      "instances": [
        {
          "schema_version": 1,
          "attributes": {
            "atomic": false,
            "chart": "karpenter",
            "cleanup_on_fail": false,
            "create_namespace": true,
            "dependency_update": false,
            "description": null,
            "devel": null,
            "disable_crd_hooks": false,
            "disable_openapi_validation": false,
            "disable_webhooks": false,
            "force_update": false,
            "id": "karpenter",
            "keyring": null,
            "lint": false,
            "manifest": null,
            "max_history": 0,
            "metadata": [
              {
                "app_version": "0.16.3",
                "chart": "karpenter",
                "name": "karpenter",
                "namespace": "karpenter",
                "revision": 1,
                "values": "{\"controller\":{\"env\":[{\"name\":\"CLUSTER_NAME\",\"value\":\"msa-eks\"},{\"name\":\"CLUSTER_ENDPOINT\",\"value\":\"https://B98A09DD1D678B0EF88A50755D2F468C.gr7.ap-northeast-2.eks.amazonaws.com\"}]},\"serviceAccount\":{\"annotations\":{\"eks.amazonaws.com/role-arn\":\"arn:aws:iam::886723286293:role/kapen-msa-controller\"},\"name\":\"karpenter\"},\"settings\":{\"aws\":{\"defaultInstanceProfile\":\"kapen-msa-node\"}}}",
                "version": "0.16.3"
              }
            ],
            "name": "karpenter",
            "namespace": "karpenter",
            "pass_credentials": false,
            "postrender": [],
            "recreate_pods": false,
            "render_subchart_notes": true,
            "replace": false,
            "repository": "https://charts.karpenter.sh",
            "repository_ca_file": null,
            "repository_cert_file": null,
            "repository_key_file": null,
            "repository_password": null,
            "repository_username": null,
            "reset_values": false,
            "reuse_values": false,
            "set": [
              {
                "name": "controller.env[0].name",
                "type": "",
                "value": "CLUSTER_NAME"
              },
              {
                "name": "controller.env[0].value",
                "type": "",
                "value": "msa-eks"
              },
              {
                "name": "controller.env[1].name",
                "type": "",
                "value": "CLUSTER_ENDPOINT"
              },
              {
                "name": "controller.env[1].value",
                "type": "",
                "value": "https://B98A09DD1D678B0EF88A50755D2F468C.gr7.ap-northeast-2.eks.amazonaws.com"
              },
              {
                "name": "serviceAccount.annotations.eks\\.amazonaws\\.com/role-arn",
                "type": "",
                "value": "arn:aws:iam::886723286293:role/kapen-msa-controller"
              },
              {
                "name": "serviceAccount.name",
                "type": "",
                "value": "karpenter"
              },
              {
                "name": "settings.aws.defaultInstanceProfile",
                "type": "",
                "value": "kapen-msa-node"
              }
            ],
            "set_list": [],
            "set_sensitive": [],
            "skip_crds": false,
            "status": "deployed",
            "timeout": 300,
            "values": null,
            "verify": false,
            "version": "0.16.3",
            "wait": true,
            "wait_for_jobs": false
          },
          "sensitive_attributes": [
            [
              {
                "type": "get_attr",
                "value": "repository_password"
              }
            ]
          ],
          "identity_schema_version": 0,
          "private": "eyJzY2hlbWFfdmVyc2lvbiI6IjEifQ==",
          "dependencies": [
            "data.aws_eks_cluster_auth.eks",
            "data.aws_subnets.private",
            "data.aws_subnets.public",
            "data.aws_vpc.existing",
            "module.eks.aws_eks_access_entry.iam_user_admin",
            "module.eks.aws_eks_access_policy_association.iam_user_admin_policy",
            "module.eks.aws_eks_cluster.msa_eks",
            "module.eks.aws_eks_node_group.msa_ng",
            "module.eks.aws_iam_openid_connect_provider.oidc",
            "module.eks.aws_iam_role.msa_eks_role",
            "module.eks.aws_iam_role.msa_nodegroup_role",
            "module.eks.aws_iam_role_policy_attachment.ebs_csi_policy",
            "module.eks.aws_iam_role_policy_attachment.msa-ng-AmazonEC2ContainerRegistryReadOnly",
            "module.eks.aws_iam_role_policy_attachment.msa-ng-AmazonEKSWorkerNodePolicy",
            "module.eks.aws_iam_role_policy_attachment.msa-ng-AmazonEKS_CNI_Policy",
            "module.eks.aws_iam_role_policy_attachment.msa_eks_role_attachment",
            "module.eks.data.aws_caller_identity.current",
            "module.karpenter.aws_iam_instance_profile.kapen-msa-node",
            "module.karpenter.aws_iam_role.kapen-msa-controller",
            "module.karpenter.aws_iam_role.kapen-msa-node",
            "module.karpenter.data.aws_eks_cluster.eks",
            "module.karpenter.data.aws_iam_openid_connect_provider.eks",
            "module.karpenter.data.aws_iam_policy_document.kapen-msa-assume-role",
            "module.karpenter.data.aws_iam_policy_document.kapen-msa-node-assume-role",
            "null_resource.wait_for_cluster"
          ]
        }
      ]
    }
  ],
  "check_results": null
}
